
Microsoft Visual Studio Solution File, Format Version 12.00
# Visual Studio 14
VisualStudioVersion = 14.0.25420.1
MinimumVisualStudioVersion = 10.0.40219.1
Project("{FAE04EC0-301F-11D3-BF4B-00C04F79EFBC}") = "AcikAkademiV2Ders2", "AcikAkademiV2Ders2\AcikAkademiV2Ders2\AcikAkademiV2Ders2.csproj", "{21D317E8-7268-449A-ABA8-11A8B74050AC}"
EndProject
Project("{FAE04EC0-301F-11D3-BF4B-00C04F79EFBC}") = "AcikAkademiV2Ders2.Droid", "AcikAkademiV2Ders2\AcikAkademiV2Ders2.Droid\AcikAkademiV2Ders2.Droid.csproj", "{AC295B00-8657-4696-998D-2AFCB75E77D6}"
EndProject
Project("{FAE04EC0-301F-11D3-BF4B-00C04F79EFBC}") = "AcikAkademiV2Ders2.iOS", "AcikAkademiV2Ders2\AcikAkademiV2Ders2.iOS\AcikAkademiV2Ders2.iOS.csproj", "{085FDDF1-373B-48A3-BEE7-2A2C86AD2002}"
EndProject
Project("{FAE04EC0-301F-11D3-BF4B-00C04F79EFBC}") = "AcikAkademiV2Ders2.WinPhone", "AcikAkademiV2Ders2\AcikAkademiV2Ders2.WinPhone\AcikAkademiV2Ders2.WinPhone.csproj", "{35D9FADA-72DE-4537-B5B3-083FAF8A32DB}"
EndProject
Project("{FAE04EC0-301F-11D3-BF4B-00C04F79EFBC}") = "AcikAkademiV2Ders2.Windows", "AcikAkademiV2Ders2\AcikAkademiV2Ders2.Windows\AcikAkademiV2Ders2.Windows.csproj", "{68BF6BB5-9723-4F64-99C8-5DFE2D255D93}"
EndProject
Global
	GlobalSection(SolutionConfigurationPlatforms) = preSolution
		Ad-Hoc|Any CPU = Ad-Hoc|Any CPU
		Ad-Hoc|ARM = Ad-Hoc|ARM
		Ad-Hoc|iPhone = Ad-Hoc|iPhone
		Ad-Hoc|iPhoneSimulator = Ad-Hoc|iPhoneSimulator
		Ad-Hoc|x64 = Ad-Hoc|x64
		Ad-Hoc|x86 = Ad-Hoc|x86
		AppStore|Any CPU = AppStore|Any CPU
		AppStore|ARM = AppStore|ARM
		AppStore|iPhone = AppStore|iPhone
		AppStore|iPhoneSimulator = AppStore|iPhoneSimulator
		AppStore|x64 = AppStore|x64
		AppStore|x86 = AppStore|x86
		Debug|Any CPU = Debug|Any CPU
		Debug|ARM = Debug|ARM
		Debug|iPhone = Debug|iPhone
		Debug|iPhoneSimulator = Debug|iPhoneSimulator
		Debug|x64 = Debug|x64
		Debug|x86 = Debug|x86
		Release|Any CPU = Release|Any CPU
		Release|ARM = Release|ARM
		Release|iPhone = Release|iPhone
		Release|iPhoneSimulator = Release|iPhoneSimulator
		Release|x64 = Release|x64
		Release|x86 = Release|x86
	EndGlobalSection
	GlobalSection(ProjectConfigurationPlatforms) = postSolution
		{21D317E8-7268-449A-ABA8-11A8B74050AC}.Ad-Hoc|Any CPU.ActiveCfg = Release|Any CPU
		{21D317E8-7268-449A-ABA8-11A8B74050AC}.Ad-Hoc|Any CPU.Build.0 = Release|Any CPU
		{21D317E8-7268-449A-ABA8-11A8B74050AC}.Ad-Hoc|ARM.ActiveCfg = Release|Any CPU
		{21D317E8-7268-449A-ABA8-11A8B74050AC}.Ad-Hoc|ARM.Build.0 = Release|Any CPU
		{21D317E8-7268-449A-ABA8-11A8B74050AC}.Ad-Hoc|iPhone.ActiveCfg = Release|Any CPU
		{21D317E8-7268-449A-ABA8-11A8B74050AC}.Ad-Hoc|iPhone.Build.0 = Release|Any CPU
		{21D317E8-7268-449A-ABA8-11A8B74050AC}.Ad-Hoc|iPhoneSimulator.ActiveCfg = Release|Any CPU
		{21D317E8-7268-449A-ABA8-11A8B74050AC}.Ad-Hoc|iPhoneSimulator.Build.0 = Release|Any CPU
		{21D317E8-7268-449A-ABA8-11A8B74050AC}.Ad-Hoc|x64.ActiveCfg = Release|Any CPU
		{21D317E8-7268-449A-ABA8-11A8B74050AC}.Ad-Hoc|x64.Build.0 = Release|Any CPU
		{21D317E8-7268-449A-ABA8-11A8B74050AC}.Ad-Hoc|x86.ActiveCfg = Release|Any CPU
		{21D317E8-7268-449A-ABA8-11A8B74050AC}.Ad-Hoc|x86.Build.0 = Release|Any CPU
		{21D317E8-7268-449A-ABA8-11A8B74050AC}.AppStore|Any CPU.ActiveCfg = Release|Any CPU
		{21D317E8-7268-449A-ABA8-11A8B74050AC}.AppStore|Any CPU.Build.0 = Release|Any CPU
		{21D317E8-7268-449A-ABA8-11A8B74050AC}.AppStore|ARM.ActiveCfg = Release|Any CPU
		{21D317E8-7268-449A-ABA8-11A8B74050AC}.AppStore|ARM.Build.0 = Release|Any CPU
		{21D317E8-7268-449A-ABA8-11A8B74050AC}.AppStore|iPhone.ActiveCfg = Release|Any CPU
		{21D317E8-7268-449A-ABA8-11A8B74050AC}.AppStore|iPhone.Build.0 = Release|Any CPU
		{21D317E8-7268-449A-ABA8-11A8B74050AC}.AppStore|iPhoneSimulator.ActiveCfg = Release|Any CPU
		{21D317E8-7268-449A-ABA8-11A8B74050AC}.AppStore|iPhoneSimulator.Build.0 = Release|Any CPU
		{21D317E8-7268-449A-ABA8-11A8B74050AC}.AppStore|x64.ActiveCfg = Release|Any CPU
		{21D317E8-7268-449A-ABA8-11A8B74050AC}.AppStore|x64.Build.0 = Release|Any CPU
		{21D317E8-7268-449A-ABA8-11A8B74050AC}.AppStore|x86.ActiveCfg = Release|Any CPU
		{21D317E8-7268-449A-ABA8-11A8B74050AC}.AppStore|x86.Build.0 = Release|Any CPU
		{21D317E8-7268-449A-ABA8-11A8B74050AC}.Debug|Any CPU.ActiveCfg = Debug|Any CPU
		{21D317E8-7268-449A-ABA8-11A8B74050AC}.Debug|Any CPU.Build.0 = Debug|Any CPU
		{21D317E8-7268-449A-ABA8-11A8B74050AC}.Debug|ARM.ActiveCfg = Debug|Any CPU
		{21D317E8-7268-449A-ABA8-11A8B74050AC}.Debug|ARM.Build.0 = Debug|Any CPU
		{21D317E8-7268-449A-ABA8-11A8B74050AC}.Debug|iPhone.ActiveCfg = Debug|Any CPU
		{21D317E8-7268-449A-ABA8-11A8B74050AC}.Debug|iPhone.Build.0 = Debug|Any CPU
		{21D317E8-7268-449A-ABA8-11A8B74050AC}.Debug|iPhoneSimulator.ActiveCfg = Debug|Any CPU
		{21D317E8-7268-449A-ABA8-11A8B74050AC}.Debug|iPhoneSimulator.Build.0 = Debug|Any CPU
		{21D317E8-7268-449A-ABA8-11A8B74050AC}.Debug|x64.ActiveCfg = Debug|Any CPU
		{21D317E8-7268-449A-ABA8-11A8B74050AC}.Debug|x64.Build.0 = Debug|Any CPU
		{21D317E8-7268-449A-ABA8-11A8B74050AC}.Debug|x86.ActiveCfg = Debug|Any CPU
		{21D317E8-7268-449A-ABA8-11A8B74050AC}.Debug|x86.Build.0 = Debug|Any CPU
		{21D317E8-7268-449A-ABA8-11A8B74050AC}.Release|Any CPU.ActiveCfg = Release|Any CPU
		{21D317E8-7268-449A-ABA8-11A8B74050AC}.Release|Any CPU.Build.0 = Release|Any CPU
		{21D317E8-7268-449A-ABA8-11A8B74050AC}.Release|ARM.ActiveCfg = Release|Any CPU
		{21D317E8-7268-449A-ABA8-11A8B74050AC}.Release|ARM.Build.0 = Release|Any CPU
		{21D317E8-7268-449A-ABA8-11A8B74050AC}.Release|iPhone.ActiveCfg = Release|Any CPU
		{21D317E8-7268-449A-ABA8-11A8B74050AC}.Release|iPhone.Build.0 = Release|Any CPU
		{21D317E8-7268-449A-ABA8-11A8B74050AC}.Release|iPhoneSimulator.ActiveCfg = Release|Any CPU
		{21D317E8-7268-449A-ABA8-11A8B74050AC}.Release|iPhoneSimulator.Build.0 = Release|Any CPU
		{21D317E8-7268-449A-ABA8-11A8B74050AC}.Release|x64.ActiveCfg = Release|Any CPU
		{21D317E8-7268-449A-ABA8-11A8B74050AC}.Release|x64.Build.0 = Release|Any CPU
		{21D317E8-7268-449A-ABA8-11A8B74050AC}.Release|x86.ActiveCfg = Release|Any CPU
		{21D317E8-7268-449A-ABA8-11A8B74050AC}.Release|x86.Build.0 = Release|Any CPU
		{AC295B00-8657-4696-998D-2AFCB75E77D6}.Ad-Hoc|Any CPU.ActiveCfg = Release|Any CPU
		{AC295B00-8657-4696-998D-2AFCB75E77D6}.Ad-Hoc|Any CPU.Build.0 = Release|Any CPU
		{AC295B00-8657-4696-998D-2AFCB75E77D6}.Ad-Hoc|Any CPU.Deploy.0 = Release|Any CPU
		{AC295B00-8657-4696-998D-2AFCB75E77D6}.Ad-Hoc|ARM.ActiveCfg = Release|Any CPU
		{AC295B00-8657-4696-998D-2AFCB75E77D6}.Ad-Hoc|ARM.Build.0 = Release|Any CPU
		{AC295B00-8657-4696-998D-2AFCB75E77D6}.Ad-Hoc|ARM.Deploy.0 = Release|Any CPU
		{AC295B00-8657-4696-998D-2AFCB75E77D6}.Ad-Hoc|iPhone.ActiveCfg = Release|Any CPU
		{AC295B00-8657-4696-998D-2AFCB75E77D6}.Ad-Hoc|iPhone.Build.0 = Release|Any CPU
		{AC295B00-8657-4696-998D-2AFCB75E77D6}.Ad-Hoc|iPhone.Deploy.0 = Release|Any CPU
		{AC295B00-8657-4696-998D-2AFCB75E77D6}.Ad-Hoc|iPhoneSimulator.ActiveCfg = Release|Any CPU
		{AC295B00-8657-4696-998D-2AFCB75E77D6}.Ad-Hoc|iPhoneSimulator.Build.0 = Release|Any CPU
		{AC295B00-8657-4696-998D-2AFCB75E77D6}.Ad-Hoc|iPhoneSimulator.Deploy.0 = Release|Any CPU
		{AC295B00-8657-4696-998D-2AFCB75E77D6}.Ad-Hoc|x64.ActiveCfg = Release|Any CPU
		{AC295B00-8657-4696-998D-2AFCB75E77D6}.Ad-Hoc|x64.Build.0 = Release|Any CPU
		{AC295B00-8657-4696-998D-2AFCB75E77D6}.Ad-Hoc|x64.Deploy.0 = Release|Any CPU
		{AC295B00-8657-4696-998D-2AFCB75E77D6}.Ad-Hoc|x86.ActiveCfg = Release|Any CPU
		{AC295B00-8657-4696-998D-2AFCB75E77D6}.Ad-Hoc|x86.Build.0 = Release|Any CPU
		{AC295B00-8657-4696-998D-2AFCB75E77D6}.Ad-Hoc|x86.Deploy.0 = Release|Any CPU
		{AC295B00-8657-4696-998D-2AFCB75E77D6}.AppStore|Any CPU.ActiveCfg = Release|Any CPU
		{AC295B00-8657-4696-998D-2AFCB75E77D6}.AppStore|Any CPU.Build.0 = Release|Any CPU
		{AC295B00-8657-4696-998D-2AFCB75E77D6}.AppStore|Any CPU.Deploy.0 = Release|Any CPU
		{AC295B00-8657-4696-998D-2AFCB75E77D6}.AppStore|ARM.ActiveCfg = Release|Any CPU
		{AC295B00-8657-4696-998D-2AFCB75E77D6}.AppStore|ARM.Build.0 = Release|Any CPU
		{AC295B00-8657-4696-998D-2AFCB75E77D6}.AppStore|ARM.Deploy.0 = Release|Any CPU
		{AC295B00-8657-4696-998D-2AFCB75E77D6}.AppStore|iPhone.ActiveCfg = Release|Any CPU
		{AC295B00-8657-4696-998D-2AFCB75E77D6}.AppStore|iPhone.Build.0 = Release|Any CPU
		{AC295B00-8657-4696-998D-2AFCB75E77D6}.AppStore|iPhone.Deploy.0 = Release|Any CPU
		{AC295B00-8657-4696-998D-2AFCB75E77D6}.AppStore|iPhoneSimulator.ActiveCfg = Release|Any CPU
		{AC295B00-8657-4696-998D-2AFCB75E77D6}.AppStore|iPhoneSimulator.Build.0 = Release|Any CPU
		{AC295B00-8657-4696-998D-2AFCB75E77D6}.AppStore|iPhoneSimulator.Deploy.0 = Release|Any CPU
		{AC295B00-8657-4696-998D-2AFCB75E77D6}.AppStore|x64.ActiveCfg = Release|Any CPU
		{AC295B00-8657-4696-998D-2AFCB75E77D6}.AppStore|x64.Build.0 = Release|Any CPU
		{AC295B00-8657-4696-998D-2AFCB75E77D6}.AppStore|x64.Deploy.0 = Release|Any CPU
		{AC295B00-8657-4696-998D-2AFCB75E77D6}.AppStore|x86.ActiveCfg = Release|Any CPU
		{AC295B00-8657-4696-998D-2AFCB75E77D6}.AppStore|x86.Build.0 = Release|Any CPU
		{AC295B00-8657-4696-998D-2AFCB75E77D6}.AppStore|x86.Deploy.0 = Release|Any CPU
		{AC295B00-8657-4696-998D-2AFCB75E77D6}.Debug|Any CPU.ActiveCfg = Debug|Any CPU
		{AC295B00-8657-4696-998D-2AFCB75E77D6}.Debug|Any CPU.Build.0 = Debug|Any CPU
		{AC295B00-8657-4696-998D-2AFCB75E77D6}.Debug|Any CPU.Deploy.0 = Debug|Any CPU
		{AC295B00-8657-4696-998D-2AFCB75E77D6}.Debug|ARM.ActiveCfg = Debug|Any CPU
		{AC295B00-8657-4696-998D-2AFCB75E77D6}.Debug|ARM.Build.0 = Debug|Any CPU
		{AC295B00-8657-4696-998D-2AFCB75E77D6}.Debug|ARM.Deploy.0 = Debug|Any CPU
		{AC295B00-8657-4696-998D-2AFCB75E77D6}.Debug|iPhone.ActiveCfg = Debug|Any CPU
		{AC295B00-8657-4696-998D-2AFCB75E77D6}.Debug|iPhone.Build.0 = Debug|Any CPU
		{AC295B00-8657-4696-998D-2AFCB75E77D6}.Debug|iPhone.Deploy.0 = Debug|Any CPU
		{AC295B00-8657-4696-998D-2AFCB75E77D6}.Debug|iPhoneSimulator.ActiveCfg = Debug|Any CPU
		{AC295B00-8657-4696-998D-2AFCB75E77D6}.Debug|iPhoneSimulator.Build.0 = Debug|Any CPU
		{AC295B00-8657-4696-998D-2AFCB75E77D6}.Debug|iPhoneSimulator.Deploy.0 = Debug|Any CPU
		{AC295B00-8657-4696-998D-2AFCB75E77D6}.Debug|x64.ActiveCfg = Debug|Any CPU
		{AC295B00-8657-4696-998D-2AFCB75E77D6}.Debug|x64.Build.0 = Debug|Any CPU
		{AC295B00-8657-4696-998D-2AFCB75E77D6}.Debug|x64.Deploy.0 = Debug|Any CPU
		{AC295B00-8657-4696-998D-2AFCB75E77D6}.Debug|x86.ActiveCfg = Debug|Any CPU
		{AC295B00-8657-4696-998D-2AFCB75E77D6}.Debug|x86.Build.0 = Debug|Any CPU
		{AC295B00-8657-4696-998D-2AFCB75E77D6}.Debug|x86.Deploy.0 = Debug|Any CPU
		{AC295B00-8657-4696-998D-2AFCB75E77D6}.Release|Any CPU.ActiveCfg = Release|Any CPU
		{AC295B00-8657-4696-998D-2AFCB75E77D6}.Release|Any CPU.Build.0 = Release|Any CPU
		{AC295B00-8657-4696-998D-2AFCB75E77D6}.Release|Any CPU.Deploy.0 = Release|Any CPU
		{AC295B00-8657-4696-998D-2AFCB75E77D6}.Release|ARM.ActiveCfg = Release|Any CPU
		{AC295B00-8657-4696-998D-2AFCB75E77D6}.Release|ARM.Build.0 = Release|Any CPU
		{AC295B00-8657-4696-998D-2AFCB75E77D6}.Release|ARM.Deploy.0 = Release|Any CPU
		{AC295B00-8657-4696-998D-2AFCB75E77D6}.Release|iPhone.ActiveCfg = Release|Any CPU
		{AC295B00-8657-4696-998D-2AFCB75E77D6}.Release|iPhone.Build.0 = Release|Any CPU
		{AC295B00-8657-4696-998D-2AFCB75E77D6}.Release|iPhone.Deploy.0 = Release|Any CPU
		{AC295B00-8657-4696-998D-2AFCB75E77D6}.Release|iPhoneSimulator.ActiveCfg = Release|Any CPU
		{AC295B00-8657-4696-998D-2AFCB75E77D6}.Release|iPhoneSimulator.Build.0 = Release|Any CPU
		{AC295B00-8657-4696-998D-2AFCB75E77D6}.Release|iPhoneSimulator.Deploy.0 = Release|Any CPU
		{AC295B00-8657-4696-998D-2AFCB75E77D6}.Release|x64.ActiveCfg = Release|Any CPU
		{AC295B00-8657-4696-998D-2AFCB75E77D6}.Release|x64.Build.0 = Release|Any CPU
		{AC295B00-8657-4696-998D-2AFCB75E77D6}.Release|x64.Deploy.0 = Release|Any CPU
		{AC295B00-8657-4696-998D-2AFCB75E77D6}.Release|x86.ActiveCfg = Release|Any CPU
		{AC295B00-8657-4696-998D-2AFCB75E77D6}.Release|x86.Build.0 = Release|Any CPU
		{AC295B00-8657-4696-998D-2AFCB75E77D6}.Release|x86.Deploy.0 = Release|Any CPU
		{085FDDF1-373B-48A3-BEE7-2A2C86AD2002}.Ad-Hoc|Any CPU.ActiveCfg = Ad-Hoc|iPhone
		{085FDDF1-373B-48A3-BEE7-2A2C86AD2002}.Ad-Hoc|ARM.ActiveCfg = Ad-Hoc|iPhone
		{085FDDF1-373B-48A3-BEE7-2A2C86AD2002}.Ad-Hoc|iPhone.ActiveCfg = Ad-Hoc|iPhone
		{085FDDF1-373B-48A3-BEE7-2A2C86AD2002}.Ad-Hoc|iPhone.Build.0 = Ad-Hoc|iPhone
		{085FDDF1-373B-48A3-BEE7-2A2C86AD2002}.Ad-Hoc|iPhoneSimulator.ActiveCfg = Ad-Hoc|iPhoneSimulator
		{085FDDF1-373B-48A3-BEE7-2A2C86AD2002}.Ad-Hoc|iPhoneSimulator.Build.0 = Ad-Hoc|iPhoneSimulator
		{085FDDF1-373B-48A3-BEE7-2A2C86AD2002}.Ad-Hoc|x64.ActiveCfg = Ad-Hoc|iPhone
		{085FDDF1-373B-48A3-BEE7-2A2C86AD2002}.Ad-Hoc|x86.ActiveCfg = Ad-Hoc|iPhone
		{085FDDF1-373B-48A3-BEE7-2A2C86AD2002}.AppStore|Any CPU.ActiveCfg = AppStore|iPhone
		{085FDDF1-373B-48A3-BEE7-2A2C86AD2002}.AppStore|ARM.ActiveCfg = AppStore|iPhone
		{085FDDF1-373B-48A3-BEE7-2A2C86AD2002}.AppStore|iPhone.ActiveCfg = AppStore|iPhone
		{085FDDF1-373B-48A3-BEE7-2A2C86AD2002}.AppStore|iPhone.Build.0 = AppStore|iPhone
		{085FDDF1-373B-48A3-BEE7-2A2C86AD2002}.AppStore|iPhoneSimulator.ActiveCfg = AppStore|iPhoneSimulator
		{085FDDF1-373B-48A3-BEE7-2A2C86AD2002}.AppStore|iPhoneSimulator.Build.0 = AppStore|iPhoneSimulator
		{085FDDF1-373B-48A3-BEE7-2A2C86AD2002}.AppStore|x64.ActiveCfg = AppStore|iPhone
		{085FDDF1-373B-48A3-BEE7-2A2C86AD2002}.AppStore|x86.ActiveCfg = AppStore|iPhone
		{085FDDF1-373B-48A3-BEE7-2A2C86AD2002}.Debug|Any CPU.ActiveCfg = Debug|iPhone
		{085FDDF1-373B-48A3-BEE7-2A2C86AD2002}.Debug|ARM.ActiveCfg = Debug|iPhone
		{085FDDF1-373B-48A3-BEE7-2A2C86AD2002}.Debug|iPhone.ActiveCfg = Debug|iPhone
		{085FDDF1-373B-48A3-BEE7-2A2C86AD2002}.Debug|iPhone.Build.0 = Debug|iPhone
		{085FDDF1-373B-48A3-BEE7-2A2C86AD2002}.Debug|iPhoneSimulator.ActiveCfg = Debug|iPhoneSimulator
		{085FDDF1-373B-48A3-BEE7-2A2C86AD2002}.Debug|iPhoneSimulator.Build.0 = Debug|iPhoneSimulator
		{085FDDF1-373B-48A3-BEE7-2A2C86AD2002}.Debug|x64.ActiveCfg = Debug|iPhone
		{085FDDF1-373B-48A3-BEE7-2A2C86AD2002}.Debug|x86.ActiveCfg = Debug|iPhone
		{085FDDF1-373B-48A3-BEE7-2A2C86AD2002}.Release|Any CPU.ActiveCfg = Release|iPhone
		{085FDDF1-373B-48A3-BEE7-2A2C86AD2002}.Release|ARM.ActiveCfg = Release|iPhone
		{085FDDF1-373B-48A3-BEE7-2A2C86AD2002}.Release|iPhone.ActiveCfg = Release|iPhone
		{085FDDF1-373B-48A3-BEE7-2A2C86AD2002}.Release|iPhone.Build.0 = Release|iPhone
		{085FDDF1-373B-48A3-BEE7-2A2C86AD2002}.Release|iPhoneSimulator.ActiveCfg = Release|iPhoneSimulator
		{085FDDF1-373B-48A3-BEE7-2A2C86AD2002}.Release|iPhoneSimulator.Build.0 = Release|iPhoneSimulator
		{085FDDF1-373B-48A3-BEE7-2A2C86AD2002}.Release|x64.ActiveCfg = Release|iPhone
		{085FDDF1-373B-48A3-BEE7-2A2C86AD2002}.Release|x86.ActiveCfg = Release|iPhone
		{35D9FADA-72DE-4537-B5B3-083FAF8A32DB}.Ad-Hoc|Any CPU.ActiveCfg = Release|Any CPU
		{35D9FADA-72DE-4537-B5B3-083FAF8A32DB}.Ad-Hoc|Any CPU.Build.0 = Release|Any CPU
		{35D9FADA-72DE-4537-B5B3-083FAF8A32DB}.Ad-Hoc|Any CPU.Deploy.0 = Release|Any CPU
		{35D9FADA-72DE-4537-B5B3-083FAF8A32DB}.Ad-Hoc|ARM.ActiveCfg = Release|ARM
		{35D9FADA-72DE-4537-B5B3-083FAF8A32DB}.Ad-Hoc|ARM.Build.0 = Release|ARM
		{35D9FADA-72DE-4537-B5B3-083FAF8A32DB}.Ad-Hoc|ARM.Deploy.0 = Release|ARM
		{35D9FADA-72DE-4537-B5B3-083FAF8A32DB}.Ad-Hoc|iPhone.ActiveCfg = Release|Any CPU
		{35D9FADA-72DE-4537-B5B3-083FAF8A32DB}.Ad-Hoc|iPhone.Build.0 = Release|Any CPU
		{35D9FADA-72DE-4537-B5B3-083FAF8A32DB}.Ad-Hoc|iPhone.Deploy.0 = Release|Any CPU
		{35D9FADA-72DE-4537-B5B3-083FAF8A32DB}.Ad-Hoc|iPhoneSimulator.ActiveCfg = Release|Any CPU
		{35D9FADA-72DE-4537-B5B3-083FAF8A32DB}.Ad-Hoc|iPhoneSimulator.Build.0 = Release|Any CPU
		{35D9FADA-72DE-4537-B5B3-083FAF8A32DB}.Ad-Hoc|iPhoneSimulator.Deploy.0 = Release|Any CPU
		{35D9FADA-72DE-4537-B5B3-083FAF8A32DB}.Ad-Hoc|x64.ActiveCfg = Release|Any CPU
		{35D9FADA-72DE-4537-B5B3-083FAF8A32DB}.Ad-Hoc|x64.Build.0 = Release|Any CPU
		{35D9FADA-72DE-4537-B5B3-083FAF8A32DB}.Ad-Hoc|x64.Deploy.0 = Release|Any CPU
		{35D9FADA-72DE-4537-B5B3-083FAF8A32DB}.Ad-Hoc|x86.ActiveCfg = Release|x86
		{35D9FADA-72DE-4537-B5B3-083FAF8A32DB}.Ad-Hoc|x86.Build.0 = Release|x86
		{35D9FADA-72DE-4537-B5B3-083FAF8A32DB}.Ad-Hoc|x86.Deploy.0 = Release|x86
		{35D9FADA-72DE-4537-B5B3-083FAF8A32DB}.AppStore|Any CPU.ActiveCfg = Release|Any CPU
		{35D9FADA-72DE-4537-B5B3-083FAF8A32DB}.AppStore|Any CPU.Build.0 = Release|Any CPU
		{35D9FADA-72DE-4537-B5B3-083FAF8A32DB}.AppStore|Any CPU.Deploy.0 = Release|Any CPU
		{35D9FADA-72DE-4537-B5B3-083FAF8A32DB}.AppStore|ARM.ActiveCfg = Release|ARM
		{35D9FADA-72DE-4537-B5B3-083FAF8A32DB}.AppStore|ARM.Build.0 = Release|ARM
		{35D9FADA-72DE-4537-B5B3-083FAF8A32DB}.AppStore|ARM.Deploy.0 = Release|ARM
		{35D9FADA-72DE-4537-B5B3-083FAF8A32DB}.AppStore|iPhone.ActiveCfg = Release|Any CPU
		{35D9FADA-72DE-4537-B5B3-083FAF8A32DB}.AppStore|iPhone.Build.0 = Release|Any CPU
		{35D9FADA-72DE-4537-B5B3-083FAF8A32DB}.AppStore|iPhone.Deploy.0 = Release|Any CPU
		{35D9FADA-72DE-4537-B5B3-083FAF8A32DB}.AppStore|iPhoneSimulator.ActiveCfg = Release|Any CPU
		{35D9FADA-72DE-4537-B5B3-083FAF8A32DB}.AppStore|iPhoneSimulator.Build.0 = Release|Any CPU
		{35D9FADA-72DE-4537-B5B3-083FAF8A32DB}.AppStore|iPhoneSimulator.Deploy.0 = Release|Any CPU
		{35D9FADA-72DE-4537-B5B3-083FAF8A32DB}.AppStore|x64.ActiveCfg = Release|Any CPU
		{35D9FADA-72DE-4537-B5B3-083FAF8A32DB}.AppStore|x64.Build.0 = Release|Any CPU
		{35D9FADA-72DE-4537-B5B3-083FAF8A32DB}.AppStore|x64.Deploy.0 = Release|Any CPU
		{35D9FADA-72DE-4537-B5B3-083FAF8A32DB}.AppStore|x86.ActiveCfg = Release|x86
		{35D9FADA-72DE-4537-B5B3-083FAF8A32DB}.AppStore|x86.Build.0 = Release|x86
		{35D9FADA-72DE-4537-B5B3-083FAF8A32DB}.AppStore|x86.Deploy.0 = Release|x86
		{35D9FADA-72DE-4537-B5B3-083FAF8A32DB}.Debug|Any CPU.ActiveCfg = Debug|Any CPU
		{35D9FADA-72DE-4537-B5B3-083FAF8A32DB}.Debug|Any CPU.Build.0 = Debug|Any CPU
		{35D9FADA-72DE-4537-B5B3-083FAF8A32DB}.Debug|Any CPU.Deploy.0 = Debug|Any CPU
		{35D9FADA-72DE-4537-B5B3-083FAF8A32DB}.Debug|ARM.ActiveCfg = Debug|ARM
		{35D9FADA-72DE-4537-B5B3-083FAF8A32DB}.Debug|ARM.Build.0 = Debug|ARM
		{35D9FADA-72DE-4537-B5B3-083FAF8A32DB}.Debug|ARM.Deploy.0 = Debug|ARM
		{35D9FADA-72DE-4537-B5B3-083FAF8A32DB}.Debug|iPhone.ActiveCfg = Debug|Any CPU
		{35D9FADA-72DE-4537-B5B3-083FAF8A32DB}.Debug|iPhone.Build.0 = Debug|Any CPU
		{35D9FADA-72DE-4537-B5B3-083FAF8A32DB}.Debug|iPhone.Deploy.0 = Debug|Any CPU
		{35D9FADA-72DE-4537-B5B3-083FAF8A32DB}.Debug|iPhoneSimulator.ActiveCfg = Debug|Any CPU
		{35D9FADA-72DE-4537-B5B3-083FAF8A32DB}.Debug|iPhoneSimulator.Build.0 = Debug|Any CPU
		{35D9FADA-72DE-4537-B5B3-083FAF8A32DB}.Debug|iPhoneSimulator.Deploy.0 = Debug|Any CPU
		{35D9FADA-72DE-4537-B5B3-083FAF8A32DB}.Debug|x64.ActiveCfg = Debug|Any CPU
		{35D9FADA-72DE-4537-B5B3-083FAF8A32DB}.Debug|x64.Build.0 = Debug|Any CPU
		{35D9FADA-72DE-4537-B5B3-083FAF8A32DB}.Debug|x64.Deploy.0 = Debug|Any CPU
		{35D9FADA-72DE-4537-B5B3-083FAF8A32DB}.Debug|x86.ActiveCfg = Debug|x86
		{35D9FADA-72DE-4537-B5B3-083FAF8A32DB}.Debug|x86.Build.0 = Debug|x86
		{35D9FADA-72DE-4537-B5B3-083FAF8A32DB}.Debug|x86.Deploy.0 = Debug|x86
		{35D9FADA-72DE-4537-B5B3-083FAF8A32DB}.Release|Any CPU.ActiveCfg = Release|Any CPU
		{35D9FADA-72DE-4537-B5B3-083FAF8A32DB}.Release|Any CPU.Build.0 = Release|Any CPU
		{35D9FADA-72DE-4537-B5B3-083FAF8A32DB}.Release|Any CPU.Deploy.0 = Release|Any CPU
		{35D9FADA-72DE-4537-B5B3-083FAF8A32DB}.Release|ARM.ActiveCfg = Release|ARM
		{35D9FADA-72DE-4537-B5B3-083FAF8A32DB}.Release|ARM.Build.0 = Release|ARM
		{35D9FADA-72DE-4537-B5B3-083FAF8A32DB}.Release|ARM.Deploy.0 = Release|ARM
		{35D9FADA-72DE-4537-B5B3-083FAF8A32DB}.Release|iPhone.ActiveCfg = Release|Any CPU
		{35D9FADA-72DE-4537-B5B3-083FAF8A32DB}.Release|iPhone.Build.0 = Release|Any CPU
		{35D9FADA-72DE-4537-B5B3-083FAF8A32DB}.Release|iPhone.Deploy.0 = Release|Any CPU
		{35D9FADA-72DE-4537-B5B3-083FAF8A32DB}.Release|iPhoneSimulator.ActiveCfg = Release|Any CPU
		{35D9FADA-72DE-4537-B5B3-083FAF8A32DB}.Release|iPhoneSimulator.Build.0 = Release|Any CPU
		{35D9FADA-72DE-4537-B5B3-083FAF8A32DB}.Release|iPhoneSimulator.Deploy.0 = Release|Any CPU
		{35D9FADA-72DE-4537-B5B3-083FAF8A32DB}.Release|x64.ActiveCfg = Release|Any CPU
		{35D9FADA-72DE-4537-B5B3-083FAF8A32DB}.Release|x64.Build.0 = Release|Any CPU
		{35D9FADA-72DE-4537-B5B3-083FAF8A32DB}.Release|x64.Deploy.0 = Release|Any CPU
		{35D9FADA-72DE-4537-B5B3-083FAF8A32DB}.Release|x86.ActiveCfg = Release|x86
		{35D9FADA-72DE-4537-B5B3-083FAF8A32DB}.Release|x86.Build.0 = Release|x86
		{35D9FADA-72DE-4537-B5B3-083FAF8A32DB}.Release|x86.Deploy.0 = Release|x86
		{68BF6BB5-9723-4F64-99C8-5DFE2D255D93}.Ad-Hoc|Any CPU.ActiveCfg = Release|Any CPU
		{68BF6BB5-9723-4F64-99C8-5DFE2D255D93}.Ad-Hoc|Any CPU.Build.0 = Release|Any CPU
		{68BF6BB5-9723-4F64-99C8-5DFE2D255D93}.Ad-Hoc|Any CPU.Deploy.0 = Release|Any CPU
		{68BF6BB5-9723-4F64-99C8-5DFE2D255D93}.Ad-Hoc|ARM.ActiveCfg = Release|ARM
		{68BF6BB5-9723-4F64-99C8-5DFE2D255D93}.Ad-Hoc|ARM.Build.0 = Release|ARM
		{68BF6BB5-9723-4F64-99C8-5DFE2D255D93}.Ad-Hoc|ARM.Deploy.0 = Release|ARM
		{68BF6BB5-9723-4F64-99C8-5DFE2D255D93}.Ad-Hoc|iPhone.ActiveCfg = Release|Any CPU
		{68BF6BB5-9723-4F64-99C8-5DFE2D255D93}.Ad-Hoc|iPhone.Build.0 = Release|Any CPU
		{68BF6BB5-9723-4F64-99C8-5DFE2D255D93}.Ad-Hoc|iPhone.Deploy.0 = Release|Any CPU
		{68BF6BB5-9723-4F64-99C8-5DFE2D255D93}.Ad-Hoc|iPhoneSimulator.ActiveCfg = Release|Any CPU
		{68BF6BB5-9723-4F64-99C8-5DFE2D255D93}.Ad-Hoc|iPhoneSimulator.Build.0 = Release|Any CPU
		{68BF6BB5-9723-4F64-99C8-5DFE2D255D93}.Ad-Hoc|iPhoneSimulator.Deploy.0 = Release|Any CPU
		{68BF6BB5-9723-4F64-99C8-5DFE2D255D93}.Ad-Hoc|x64.ActiveCfg = Release|x64
		{68BF6BB5-9723-4F64-99C8-5DFE2D255D93}.Ad-Hoc|x64.Build.0 = Release|x64
		{68BF6BB5-9723-4F64-99C8-5DFE2D255D93}.Ad-Hoc|x64.Deploy.0 = Release|x64
		{68BF6BB5-9723-4F64-99C8-5DFE2D255D93}.Ad-Hoc|x86.ActiveCfg = Release|x86
		{68BF6BB5-9723-4F64-99C8-5DFE2D255D93}.Ad-Hoc|x86.Build.0 = Release|x86
		{68BF6BB5-9723-4F64-99C8-5DFE2D255D93}.Ad-Hoc|x86.Deploy.0 = Release|x86
		{68BF6BB5-9723-4F64-99C8-5DFE2D255D93}.AppStore|Any CPU.ActiveCfg = Release|Any CPU
		{68BF6BB5-9723-4F64-99C8-5DFE2D255D93}.AppStore|Any CPU.Build.0 = Release|Any CPU
		{68BF6BB5-9723-4F64-99C8-5DFE2D255D93}.AppStore|Any CPU.Deploy.0 = Release|Any CPU
		{68BF6BB5-9723-4F64-99C8-5DFE2D255D93}.AppStore|ARM.ActiveCfg = Release|ARM
		{68BF6BB5-9723-4F64-99C8-5DFE2D255D93}.AppStore|ARM.Build.0 = Release|ARM
		{68BF6BB5-9723-4F64-99C8-5DFE2D255D93}.AppStore|ARM.Deploy.0 = Release|ARM
		{68BF6BB5-9723-4F64-99C8-5DFE2D255D93}.AppStore|iPhone.ActiveCfg = Release|Any CPU
		{68BF6BB5-9723-4F64-99C8-5DFE2D255D93}.AppStore|iPhone.Build.0 = Release|Any CPU
		{68BF6BB5-9723-4F64-99C8-5DFE2D255D93}.AppStore|iPhone.Deploy.0 = Release|Any CPU
		{68BF6BB5-9723-4F64-99C8-5DFE2D255D93}.AppStore|iPhoneSimulator.ActiveCfg = Release|Any CPU
		{68BF6BB5-9723-4F64-99C8-5DFE2D255D93}.AppStore|iPhoneSimulator.Build.0 = Release|Any CPU
		{68BF6BB5-9723-4F64-99C8-5DFE2D255D93}.AppStore|iPhoneSimulator.Deploy.0 = Release|Any CPU
		{68BF6BB5-9723-4F64-99C8-5DFE2D255D93}.AppStore|x64.ActiveCfg = Release|x64
		{68BF6BB5-9723-4F64-99C8-5DFE2D255D93}.AppStore|x64.Build.0 = Release|x64
		{68BF6BB5-9723-4F64-99C8-5DFE2D255D93}.AppStore|x64.Deploy.0 = Release|x64
		{68BF6BB5-9723-4F64-99C8-5DFE2D255D93}.AppStore|x86.ActiveCfg = Release|x86
		{68BF6BB5-9723-4F64-99C8-5DFE2D255D93}.AppStore|x86.Build.0 = Release|x86
		{68BF6BB5-9723-4F64-99C8-5DFE2D255D93}.AppStore|x86.Deploy.0 = Release|x86
		{68BF6BB5-9723-4F64-99C8-5DFE2D255D93}.Debug|Any CPU.ActiveCfg = Debug|Any CPU
		{68BF6BB5-9723-4F64-99C8-5DFE2D255D93}.Debug|Any CPU.Build.0 = Debug|Any CPU
		{68BF6BB5-9723-4F64-99C8-5DFE2D255D93}.Debug|Any CPU.Deploy.0 = Debug|Any CPU
		{68BF6BB5-9723-4F64-99C8-5DFE2D255D93}.Debug|ARM.ActiveCfg = Debug|ARM
		{68BF6BB5-9723-4F64-99C8-5DFE2D255D93}.Debug|ARM.Build.0 = Debug|ARM
		{68BF6BB5-9723-4F64-99C8-5DFE2D255D93}.Debug|ARM.Deploy.0 = Debug|ARM
		{68BF6BB5-9723-4F64-99C8-5DFE2D255D93}.Debug|iPhone.ActiveCfg = Debug|Any CPU
		{68BF6BB5-9723-4F64-99C8-5DFE2D255D93}.Debug|iPhone.Build.0 = Debug|Any CPU
		{68BF6BB5-9723-4F64-99C8-5DFE2D255D93}.Debug|iPhone.Deploy.0 = Debug|Any CPU
		{68BF6BB5-9723-4F64-99C8-5DFE2D255D93}.Debug|iPhoneSimulator.ActiveCfg = Debug|Any CPU
		{68BF6BB5-9723-4F64-99C8-5DFE2D255D93}.Debug|iPhoneSimulator.Build.0 = Debug|Any CPU
		{68BF6BB5-9723-4F64-99C8-5DFE2D255D93}.Debug|iPhoneSimulator.Deploy.0 = Debug|Any CPU
		{68BF6BB5-9723-4F64-99C8-5DFE2D255D93}.Debug|x64.ActiveCfg = Debug|x64
		{68BF6BB5-9723-4F64-99C8-5DFE2D255D93}.Debug|x64.Build.0 = Debug|x64
		{68BF6BB5-9723-4F64-99C8-5DFE2D255D93}.Debug|x64.Deploy.0 = Debug|x64
		{68BF6BB5-9723-4F64-99C8-5DFE2D255D93}.Debug|x86.ActiveCfg = Debug|x86
		{68BF6BB5-9723-4F64-99C8-5DFE2D255D93}.Debug|x86.Build.0 = Debug|x86
		{68BF6BB5-9723-4F64-99C8-5DFE2D255D93}.Debug|x86.Deploy.0 = Debug|x86
		{68BF6BB5-9723-4F64-99C8-5DFE2D255D93}.Release|Any CPU.ActiveCfg = Release|Any CPU
		{68BF6BB5-9723-4F64-99C8-5DFE2D255D93}.Release|Any CPU.Build.0 = Release|Any CPU
		{68BF6BB5-9723-4F64-99C8-5DFE2D255D93}.Release|Any CPU.Deploy.0 = Release|Any CPU
		{68BF6BB5-9723-4F64-99C8-5DFE2D255D93}.Release|ARM.ActiveCfg = Release|ARM
		{68BF6BB5-9723-4F64-99C8-5DFE2D255D93}.Release|ARM.Build.0 = Release|ARM
		{68BF6BB5-9723-4F64-99C8-5DFE2D255D93}.Release|ARM.Deploy.0 = Release|ARM
		{68BF6BB5-9723-4F64-99C8-5DFE2D255D93}.Release|iPhone.ActiveCfg = Release|Any CPU
		{68BF6BB5-9723-4F64-99C8-5DFE2D255D93}.Release|iPhone.Build.0 = Release|Any CPU
		{68BF6BB5-9723-4F64-99C8-5DFE2D255D93}.Release|iPhone.Deploy.0 = Release|Any CPU
		{68BF6BB5-9723-4F64-99C8-5DFE2D255D93}.Release|iPhoneSimulator.ActiveCfg = Release|Any CPU
		{68BF6BB5-9723-4F64-99C8-5DFE2D255D93}.Release|iPhoneSimulator.Build.0 = Release|Any CPU
		{68BF6BB5-9723-4F64-99C8-5DFE2D255D93}.Release|iPhoneSimulator.Deploy.0 = Release|Any CPU
		{68BF6BB5-9723-4F64-99C8-5DFE2D255D93}.Release|x64.ActiveCfg = Release|x64
		{68BF6BB5-9723-4F64-99C8-5DFE2D255D93}.Release|x64.Build.0 = Release|x64
		{68BF6BB5-9723-4F64-99C8-5DFE2D255D93}.Release|x64.Deploy.0 = Release|x64
		{68BF6BB5-9723-4F64-99C8-5DFE2D255D93}.Release|x86.ActiveCfg = Release|x86
		{68BF6BB5-9723-4F64-99C8-5DFE2D255D93}.Release|x86.Build.0 = Release|x86
		{68BF6BB5-9723-4F64-99C8-5DFE2D255D93}.Release|x86.Deploy.0 = Release|x86
	EndGlobalSection
	GlobalSection(SolutionProperties) = preSolution
		HideSolutionNode = FALSE
	EndGlobalSection
EndGlobal
