
Microsoft Visual Studio Solution File, Format Version 12.00
# Visual Studio 14
VisualStudioVersion = 14.0.25420.1
MinimumVisualStudioVersion = 10.0.40219.1
Project("{FAE04EC0-301F-11D3-BF4B-00C04F79EFBC}") = "AcikAkademiV2Ders6", "AcikAkademiV2Ders6\AcikAkademiV2Ders6\AcikAkademiV2Ders6.csproj", "{A533ED11-78B9-410B-852C-ABC55F9F7C4E}"
EndProject
Project("{FAE04EC0-301F-11D3-BF4B-00C04F79EFBC}") = "AcikAkademiV2Ders6.Droid", "AcikAkademiV2Ders6\AcikAkademiV2Ders6.Droid\AcikAkademiV2Ders6.Droid.csproj", "{7DED554A-A7FD-4420-9384-8CD2A6F81D73}"
EndProject
Project("{FAE04EC0-301F-11D3-BF4B-00C04F79EFBC}") = "AcikAkademiV2Ders6.iOS", "AcikAkademiV2Ders6\AcikAkademiV2Ders6.iOS\AcikAkademiV2Ders6.iOS.csproj", "{18C0F887-056A-4268-89A1-D30290044013}"
EndProject
Project("{FAE04EC0-301F-11D3-BF4B-00C04F79EFBC}") = "AcikAkademiV2Ders6.WinPhone", "AcikAkademiV2Ders6\AcikAkademiV2Ders6.WinPhone\AcikAkademiV2Ders6.WinPhone.csproj", "{FFED5947-D936-48C5-85B3-C21E27E18314}"
EndProject
Project("{FAE04EC0-301F-11D3-BF4B-00C04F79EFBC}") = "AcikAkademiV2Ders6.Windows", "AcikAkademiV2Ders6\AcikAkademiV2Ders6.Windows\AcikAkademiV2Ders6.Windows.csproj", "{E25BA4BC-FBB0-4561-A63A-9CF9014EE69C}"
EndProject
Global
	GlobalSection(SolutionConfigurationPlatforms) = preSolution
		Ad-Hoc|Any CPU = Ad-Hoc|Any CPU
		Ad-Hoc|ARM = Ad-Hoc|ARM
		Ad-Hoc|iPhone = Ad-Hoc|iPhone
		Ad-Hoc|iPhoneSimulator = Ad-Hoc|iPhoneSimulator
		Ad-Hoc|x64 = Ad-Hoc|x64
		Ad-Hoc|x86 = Ad-Hoc|x86
		AppStore|Any CPU = AppStore|Any CPU
		AppStore|ARM = AppStore|ARM
		AppStore|iPhone = AppStore|iPhone
		AppStore|iPhoneSimulator = AppStore|iPhoneSimulator
		AppStore|x64 = AppStore|x64
		AppStore|x86 = AppStore|x86
		Debug|Any CPU = Debug|Any CPU
		Debug|ARM = Debug|ARM
		Debug|iPhone = Debug|iPhone
		Debug|iPhoneSimulator = Debug|iPhoneSimulator
		Debug|x64 = Debug|x64
		Debug|x86 = Debug|x86
		Release|Any CPU = Release|Any CPU
		Release|ARM = Release|ARM
		Release|iPhone = Release|iPhone
		Release|iPhoneSimulator = Release|iPhoneSimulator
		Release|x64 = Release|x64
		Release|x86 = Release|x86
	EndGlobalSection
	GlobalSection(ProjectConfigurationPlatforms) = postSolution
		{A533ED11-78B9-410B-852C-ABC55F9F7C4E}.Ad-Hoc|Any CPU.ActiveCfg = Release|Any CPU
		{A533ED11-78B9-410B-852C-ABC55F9F7C4E}.Ad-Hoc|Any CPU.Build.0 = Release|Any CPU
		{A533ED11-78B9-410B-852C-ABC55F9F7C4E}.Ad-Hoc|ARM.ActiveCfg = Release|Any CPU
		{A533ED11-78B9-410B-852C-ABC55F9F7C4E}.Ad-Hoc|ARM.Build.0 = Release|Any CPU
		{A533ED11-78B9-410B-852C-ABC55F9F7C4E}.Ad-Hoc|iPhone.ActiveCfg = Release|Any CPU
		{A533ED11-78B9-410B-852C-ABC55F9F7C4E}.Ad-Hoc|iPhone.Build.0 = Release|Any CPU
		{A533ED11-78B9-410B-852C-ABC55F9F7C4E}.Ad-Hoc|iPhoneSimulator.ActiveCfg = Release|Any CPU
		{A533ED11-78B9-410B-852C-ABC55F9F7C4E}.Ad-Hoc|iPhoneSimulator.Build.0 = Release|Any CPU
		{A533ED11-78B9-410B-852C-ABC55F9F7C4E}.Ad-Hoc|x64.ActiveCfg = Release|Any CPU
		{A533ED11-78B9-410B-852C-ABC55F9F7C4E}.Ad-Hoc|x64.Build.0 = Release|Any CPU
		{A533ED11-78B9-410B-852C-ABC55F9F7C4E}.Ad-Hoc|x86.ActiveCfg = Release|Any CPU
		{A533ED11-78B9-410B-852C-ABC55F9F7C4E}.Ad-Hoc|x86.Build.0 = Release|Any CPU
		{A533ED11-78B9-410B-852C-ABC55F9F7C4E}.AppStore|Any CPU.ActiveCfg = Release|Any CPU
		{A533ED11-78B9-410B-852C-ABC55F9F7C4E}.AppStore|Any CPU.Build.0 = Release|Any CPU
		{A533ED11-78B9-410B-852C-ABC55F9F7C4E}.AppStore|ARM.ActiveCfg = Release|Any CPU
		{A533ED11-78B9-410B-852C-ABC55F9F7C4E}.AppStore|ARM.Build.0 = Release|Any CPU
		{A533ED11-78B9-410B-852C-ABC55F9F7C4E}.AppStore|iPhone.ActiveCfg = Release|Any CPU
		{A533ED11-78B9-410B-852C-ABC55F9F7C4E}.AppStore|iPhone.Build.0 = Release|Any CPU
		{A533ED11-78B9-410B-852C-ABC55F9F7C4E}.AppStore|iPhoneSimulator.ActiveCfg = Release|Any CPU
		{A533ED11-78B9-410B-852C-ABC55F9F7C4E}.AppStore|iPhoneSimulator.Build.0 = Release|Any CPU
		{A533ED11-78B9-410B-852C-ABC55F9F7C4E}.AppStore|x64.ActiveCfg = Release|Any CPU
		{A533ED11-78B9-410B-852C-ABC55F9F7C4E}.AppStore|x64.Build.0 = Release|Any CPU
		{A533ED11-78B9-410B-852C-ABC55F9F7C4E}.AppStore|x86.ActiveCfg = Release|Any CPU
		{A533ED11-78B9-410B-852C-ABC55F9F7C4E}.AppStore|x86.Build.0 = Release|Any CPU
		{A533ED11-78B9-410B-852C-ABC55F9F7C4E}.Debug|Any CPU.ActiveCfg = Debug|Any CPU
		{A533ED11-78B9-410B-852C-ABC55F9F7C4E}.Debug|Any CPU.Build.0 = Debug|Any CPU
		{A533ED11-78B9-410B-852C-ABC55F9F7C4E}.Debug|ARM.ActiveCfg = Debug|Any CPU
		{A533ED11-78B9-410B-852C-ABC55F9F7C4E}.Debug|ARM.Build.0 = Debug|Any CPU
		{A533ED11-78B9-410B-852C-ABC55F9F7C4E}.Debug|iPhone.ActiveCfg = Debug|Any CPU
		{A533ED11-78B9-410B-852C-ABC55F9F7C4E}.Debug|iPhone.Build.0 = Debug|Any CPU
		{A533ED11-78B9-410B-852C-ABC55F9F7C4E}.Debug|iPhoneSimulator.ActiveCfg = Debug|Any CPU
		{A533ED11-78B9-410B-852C-ABC55F9F7C4E}.Debug|iPhoneSimulator.Build.0 = Debug|Any CPU
		{A533ED11-78B9-410B-852C-ABC55F9F7C4E}.Debug|x64.ActiveCfg = Debug|Any CPU
		{A533ED11-78B9-410B-852C-ABC55F9F7C4E}.Debug|x64.Build.0 = Debug|Any CPU
		{A533ED11-78B9-410B-852C-ABC55F9F7C4E}.Debug|x86.ActiveCfg = Debug|Any CPU
		{A533ED11-78B9-410B-852C-ABC55F9F7C4E}.Debug|x86.Build.0 = Debug|Any CPU
		{A533ED11-78B9-410B-852C-ABC55F9F7C4E}.Release|Any CPU.ActiveCfg = Release|Any CPU
		{A533ED11-78B9-410B-852C-ABC55F9F7C4E}.Release|Any CPU.Build.0 = Release|Any CPU
		{A533ED11-78B9-410B-852C-ABC55F9F7C4E}.Release|ARM.ActiveCfg = Release|Any CPU
		{A533ED11-78B9-410B-852C-ABC55F9F7C4E}.Release|ARM.Build.0 = Release|Any CPU
		{A533ED11-78B9-410B-852C-ABC55F9F7C4E}.Release|iPhone.ActiveCfg = Release|Any CPU
		{A533ED11-78B9-410B-852C-ABC55F9F7C4E}.Release|iPhone.Build.0 = Release|Any CPU
		{A533ED11-78B9-410B-852C-ABC55F9F7C4E}.Release|iPhoneSimulator.ActiveCfg = Release|Any CPU
		{A533ED11-78B9-410B-852C-ABC55F9F7C4E}.Release|iPhoneSimulator.Build.0 = Release|Any CPU
		{A533ED11-78B9-410B-852C-ABC55F9F7C4E}.Release|x64.ActiveCfg = Release|Any CPU
		{A533ED11-78B9-410B-852C-ABC55F9F7C4E}.Release|x64.Build.0 = Release|Any CPU
		{A533ED11-78B9-410B-852C-ABC55F9F7C4E}.Release|x86.ActiveCfg = Release|Any CPU
		{A533ED11-78B9-410B-852C-ABC55F9F7C4E}.Release|x86.Build.0 = Release|Any CPU
		{7DED554A-A7FD-4420-9384-8CD2A6F81D73}.Ad-Hoc|Any CPU.ActiveCfg = Release|Any CPU
		{7DED554A-A7FD-4420-9384-8CD2A6F81D73}.Ad-Hoc|Any CPU.Build.0 = Release|Any CPU
		{7DED554A-A7FD-4420-9384-8CD2A6F81D73}.Ad-Hoc|Any CPU.Deploy.0 = Release|Any CPU
		{7DED554A-A7FD-4420-9384-8CD2A6F81D73}.Ad-Hoc|ARM.ActiveCfg = Release|Any CPU
		{7DED554A-A7FD-4420-9384-8CD2A6F81D73}.Ad-Hoc|ARM.Build.0 = Release|Any CPU
		{7DED554A-A7FD-4420-9384-8CD2A6F81D73}.Ad-Hoc|ARM.Deploy.0 = Release|Any CPU
		{7DED554A-A7FD-4420-9384-8CD2A6F81D73}.Ad-Hoc|iPhone.ActiveCfg = Release|Any CPU
		{7DED554A-A7FD-4420-9384-8CD2A6F81D73}.Ad-Hoc|iPhone.Build.0 = Release|Any CPU
		{7DED554A-A7FD-4420-9384-8CD2A6F81D73}.Ad-Hoc|iPhone.Deploy.0 = Release|Any CPU
		{7DED554A-A7FD-4420-9384-8CD2A6F81D73}.Ad-Hoc|iPhoneSimulator.ActiveCfg = Release|Any CPU
		{7DED554A-A7FD-4420-9384-8CD2A6F81D73}.Ad-Hoc|iPhoneSimulator.Build.0 = Release|Any CPU
		{7DED554A-A7FD-4420-9384-8CD2A6F81D73}.Ad-Hoc|iPhoneSimulator.Deploy.0 = Release|Any CPU
		{7DED554A-A7FD-4420-9384-8CD2A6F81D73}.Ad-Hoc|x64.ActiveCfg = Release|Any CPU
		{7DED554A-A7FD-4420-9384-8CD2A6F81D73}.Ad-Hoc|x64.Build.0 = Release|Any CPU
		{7DED554A-A7FD-4420-9384-8CD2A6F81D73}.Ad-Hoc|x64.Deploy.0 = Release|Any CPU
		{7DED554A-A7FD-4420-9384-8CD2A6F81D73}.Ad-Hoc|x86.ActiveCfg = Release|Any CPU
		{7DED554A-A7FD-4420-9384-8CD2A6F81D73}.Ad-Hoc|x86.Build.0 = Release|Any CPU
		{7DED554A-A7FD-4420-9384-8CD2A6F81D73}.Ad-Hoc|x86.Deploy.0 = Release|Any CPU
		{7DED554A-A7FD-4420-9384-8CD2A6F81D73}.AppStore|Any CPU.ActiveCfg = Release|Any CPU
		{7DED554A-A7FD-4420-9384-8CD2A6F81D73}.AppStore|Any CPU.Build.0 = Release|Any CPU
		{7DED554A-A7FD-4420-9384-8CD2A6F81D73}.AppStore|Any CPU.Deploy.0 = Release|Any CPU
		{7DED554A-A7FD-4420-9384-8CD2A6F81D73}.AppStore|ARM.ActiveCfg = Release|Any CPU
		{7DED554A-A7FD-4420-9384-8CD2A6F81D73}.AppStore|ARM.Build.0 = Release|Any CPU
		{7DED554A-A7FD-4420-9384-8CD2A6F81D73}.AppStore|ARM.Deploy.0 = Release|Any CPU
		{7DED554A-A7FD-4420-9384-8CD2A6F81D73}.AppStore|iPhone.ActiveCfg = Release|Any CPU
		{7DED554A-A7FD-4420-9384-8CD2A6F81D73}.AppStore|iPhone.Build.0 = Release|Any CPU
		{7DED554A-A7FD-4420-9384-8CD2A6F81D73}.AppStore|iPhone.Deploy.0 = Release|Any CPU
		{7DED554A-A7FD-4420-9384-8CD2A6F81D73}.AppStore|iPhoneSimulator.ActiveCfg = Release|Any CPU
		{7DED554A-A7FD-4420-9384-8CD2A6F81D73}.AppStore|iPhoneSimulator.Build.0 = Release|Any CPU
		{7DED554A-A7FD-4420-9384-8CD2A6F81D73}.AppStore|iPhoneSimulator.Deploy.0 = Release|Any CPU
		{7DED554A-A7FD-4420-9384-8CD2A6F81D73}.AppStore|x64.ActiveCfg = Release|Any CPU
		{7DED554A-A7FD-4420-9384-8CD2A6F81D73}.AppStore|x64.Build.0 = Release|Any CPU
		{7DED554A-A7FD-4420-9384-8CD2A6F81D73}.AppStore|x64.Deploy.0 = Release|Any CPU
		{7DED554A-A7FD-4420-9384-8CD2A6F81D73}.AppStore|x86.ActiveCfg = Release|Any CPU
		{7DED554A-A7FD-4420-9384-8CD2A6F81D73}.AppStore|x86.Build.0 = Release|Any CPU
		{7DED554A-A7FD-4420-9384-8CD2A6F81D73}.AppStore|x86.Deploy.0 = Release|Any CPU
		{7DED554A-A7FD-4420-9384-8CD2A6F81D73}.Debug|Any CPU.ActiveCfg = Debug|Any CPU
		{7DED554A-A7FD-4420-9384-8CD2A6F81D73}.Debug|Any CPU.Build.0 = Debug|Any CPU
		{7DED554A-A7FD-4420-9384-8CD2A6F81D73}.Debug|Any CPU.Deploy.0 = Debug|Any CPU
		{7DED554A-A7FD-4420-9384-8CD2A6F81D73}.Debug|ARM.ActiveCfg = Debug|Any CPU
		{7DED554A-A7FD-4420-9384-8CD2A6F81D73}.Debug|ARM.Build.0 = Debug|Any CPU
		{7DED554A-A7FD-4420-9384-8CD2A6F81D73}.Debug|ARM.Deploy.0 = Debug|Any CPU
		{7DED554A-A7FD-4420-9384-8CD2A6F81D73}.Debug|iPhone.ActiveCfg = Debug|Any CPU
		{7DED554A-A7FD-4420-9384-8CD2A6F81D73}.Debug|iPhone.Build.0 = Debug|Any CPU
		{7DED554A-A7FD-4420-9384-8CD2A6F81D73}.Debug|iPhone.Deploy.0 = Debug|Any CPU
		{7DED554A-A7FD-4420-9384-8CD2A6F81D73}.Debug|iPhoneSimulator.ActiveCfg = Debug|Any CPU
		{7DED554A-A7FD-4420-9384-8CD2A6F81D73}.Debug|iPhoneSimulator.Build.0 = Debug|Any CPU
		{7DED554A-A7FD-4420-9384-8CD2A6F81D73}.Debug|iPhoneSimulator.Deploy.0 = Debug|Any CPU
		{7DED554A-A7FD-4420-9384-8CD2A6F81D73}.Debug|x64.ActiveCfg = Debug|Any CPU
		{7DED554A-A7FD-4420-9384-8CD2A6F81D73}.Debug|x64.Build.0 = Debug|Any CPU
		{7DED554A-A7FD-4420-9384-8CD2A6F81D73}.Debug|x64.Deploy.0 = Debug|Any CPU
		{7DED554A-A7FD-4420-9384-8CD2A6F81D73}.Debug|x86.ActiveCfg = Debug|Any CPU
		{7DED554A-A7FD-4420-9384-8CD2A6F81D73}.Debug|x86.Build.0 = Debug|Any CPU
		{7DED554A-A7FD-4420-9384-8CD2A6F81D73}.Debug|x86.Deploy.0 = Debug|Any CPU
		{7DED554A-A7FD-4420-9384-8CD2A6F81D73}.Release|Any CPU.ActiveCfg = Release|Any CPU
		{7DED554A-A7FD-4420-9384-8CD2A6F81D73}.Release|Any CPU.Build.0 = Release|Any CPU
		{7DED554A-A7FD-4420-9384-8CD2A6F81D73}.Release|Any CPU.Deploy.0 = Release|Any CPU
		{7DED554A-A7FD-4420-9384-8CD2A6F81D73}.Release|ARM.ActiveCfg = Release|Any CPU
		{7DED554A-A7FD-4420-9384-8CD2A6F81D73}.Release|ARM.Build.0 = Release|Any CPU
		{7DED554A-A7FD-4420-9384-8CD2A6F81D73}.Release|ARM.Deploy.0 = Release|Any CPU
		{7DED554A-A7FD-4420-9384-8CD2A6F81D73}.Release|iPhone.ActiveCfg = Release|Any CPU
		{7DED554A-A7FD-4420-9384-8CD2A6F81D73}.Release|iPhone.Build.0 = Release|Any CPU
		{7DED554A-A7FD-4420-9384-8CD2A6F81D73}.Release|iPhone.Deploy.0 = Release|Any CPU
		{7DED554A-A7FD-4420-9384-8CD2A6F81D73}.Release|iPhoneSimulator.ActiveCfg = Release|Any CPU
		{7DED554A-A7FD-4420-9384-8CD2A6F81D73}.Release|iPhoneSimulator.Build.0 = Release|Any CPU
		{7DED554A-A7FD-4420-9384-8CD2A6F81D73}.Release|iPhoneSimulator.Deploy.0 = Release|Any CPU
		{7DED554A-A7FD-4420-9384-8CD2A6F81D73}.Release|x64.ActiveCfg = Release|Any CPU
		{7DED554A-A7FD-4420-9384-8CD2A6F81D73}.Release|x64.Build.0 = Release|Any CPU
		{7DED554A-A7FD-4420-9384-8CD2A6F81D73}.Release|x64.Deploy.0 = Release|Any CPU
		{7DED554A-A7FD-4420-9384-8CD2A6F81D73}.Release|x86.ActiveCfg = Release|Any CPU
		{7DED554A-A7FD-4420-9384-8CD2A6F81D73}.Release|x86.Build.0 = Release|Any CPU
		{7DED554A-A7FD-4420-9384-8CD2A6F81D73}.Release|x86.Deploy.0 = Release|Any CPU
		{18C0F887-056A-4268-89A1-D30290044013}.Ad-Hoc|Any CPU.ActiveCfg = Ad-Hoc|iPhone
		{18C0F887-056A-4268-89A1-D30290044013}.Ad-Hoc|ARM.ActiveCfg = Ad-Hoc|iPhone
		{18C0F887-056A-4268-89A1-D30290044013}.Ad-Hoc|iPhone.ActiveCfg = Ad-Hoc|iPhone
		{18C0F887-056A-4268-89A1-D30290044013}.Ad-Hoc|iPhone.Build.0 = Ad-Hoc|iPhone
		{18C0F887-056A-4268-89A1-D30290044013}.Ad-Hoc|iPhoneSimulator.ActiveCfg = Ad-Hoc|iPhoneSimulator
		{18C0F887-056A-4268-89A1-D30290044013}.Ad-Hoc|iPhoneSimulator.Build.0 = Ad-Hoc|iPhoneSimulator
		{18C0F887-056A-4268-89A1-D30290044013}.Ad-Hoc|x64.ActiveCfg = Ad-Hoc|iPhone
		{18C0F887-056A-4268-89A1-D30290044013}.Ad-Hoc|x86.ActiveCfg = Ad-Hoc|iPhone
		{18C0F887-056A-4268-89A1-D30290044013}.AppStore|Any CPU.ActiveCfg = AppStore|iPhone
		{18C0F887-056A-4268-89A1-D30290044013}.AppStore|ARM.ActiveCfg = AppStore|iPhone
		{18C0F887-056A-4268-89A1-D30290044013}.AppStore|iPhone.ActiveCfg = AppStore|iPhone
		{18C0F887-056A-4268-89A1-D30290044013}.AppStore|iPhone.Build.0 = AppStore|iPhone
		{18C0F887-056A-4268-89A1-D30290044013}.AppStore|iPhoneSimulator.ActiveCfg = AppStore|iPhoneSimulator
		{18C0F887-056A-4268-89A1-D30290044013}.AppStore|iPhoneSimulator.Build.0 = AppStore|iPhoneSimulator
		{18C0F887-056A-4268-89A1-D30290044013}.AppStore|x64.ActiveCfg = AppStore|iPhone
		{18C0F887-056A-4268-89A1-D30290044013}.AppStore|x86.ActiveCfg = AppStore|iPhone
		{18C0F887-056A-4268-89A1-D30290044013}.Debug|Any CPU.ActiveCfg = Debug|iPhone
		{18C0F887-056A-4268-89A1-D30290044013}.Debug|ARM.ActiveCfg = Debug|iPhone
		{18C0F887-056A-4268-89A1-D30290044013}.Debug|iPhone.ActiveCfg = Debug|iPhone
		{18C0F887-056A-4268-89A1-D30290044013}.Debug|iPhone.Build.0 = Debug|iPhone
		{18C0F887-056A-4268-89A1-D30290044013}.Debug|iPhoneSimulator.ActiveCfg = Debug|iPhoneSimulator
		{18C0F887-056A-4268-89A1-D30290044013}.Debug|iPhoneSimulator.Build.0 = Debug|iPhoneSimulator
		{18C0F887-056A-4268-89A1-D30290044013}.Debug|x64.ActiveCfg = Debug|iPhone
		{18C0F887-056A-4268-89A1-D30290044013}.Debug|x86.ActiveCfg = Debug|iPhone
		{18C0F887-056A-4268-89A1-D30290044013}.Release|Any CPU.ActiveCfg = Release|iPhone
		{18C0F887-056A-4268-89A1-D30290044013}.Release|ARM.ActiveCfg = Release|iPhone
		{18C0F887-056A-4268-89A1-D30290044013}.Release|iPhone.ActiveCfg = Release|iPhone
		{18C0F887-056A-4268-89A1-D30290044013}.Release|iPhone.Build.0 = Release|iPhone
		{18C0F887-056A-4268-89A1-D30290044013}.Release|iPhoneSimulator.ActiveCfg = Release|iPhoneSimulator
		{18C0F887-056A-4268-89A1-D30290044013}.Release|iPhoneSimulator.Build.0 = Release|iPhoneSimulator
		{18C0F887-056A-4268-89A1-D30290044013}.Release|x64.ActiveCfg = Release|iPhone
		{18C0F887-056A-4268-89A1-D30290044013}.Release|x86.ActiveCfg = Release|iPhone
		{FFED5947-D936-48C5-85B3-C21E27E18314}.Ad-Hoc|Any CPU.ActiveCfg = Release|Any CPU
		{FFED5947-D936-48C5-85B3-C21E27E18314}.Ad-Hoc|Any CPU.Build.0 = Release|Any CPU
		{FFED5947-D936-48C5-85B3-C21E27E18314}.Ad-Hoc|Any CPU.Deploy.0 = Release|Any CPU
		{FFED5947-D936-48C5-85B3-C21E27E18314}.Ad-Hoc|ARM.ActiveCfg = Release|ARM
		{FFED5947-D936-48C5-85B3-C21E27E18314}.Ad-Hoc|ARM.Build.0 = Release|ARM
		{FFED5947-D936-48C5-85B3-C21E27E18314}.Ad-Hoc|ARM.Deploy.0 = Release|ARM
		{FFED5947-D936-48C5-85B3-C21E27E18314}.Ad-Hoc|iPhone.ActiveCfg = Release|Any CPU
		{FFED5947-D936-48C5-85B3-C21E27E18314}.Ad-Hoc|iPhone.Build.0 = Release|Any CPU
		{FFED5947-D936-48C5-85B3-C21E27E18314}.Ad-Hoc|iPhone.Deploy.0 = Release|Any CPU
		{FFED5947-D936-48C5-85B3-C21E27E18314}.Ad-Hoc|iPhoneSimulator.ActiveCfg = Release|Any CPU
		{FFED5947-D936-48C5-85B3-C21E27E18314}.Ad-Hoc|iPhoneSimulator.Build.0 = Release|Any CPU
		{FFED5947-D936-48C5-85B3-C21E27E18314}.Ad-Hoc|iPhoneSimulator.Deploy.0 = Release|Any CPU
		{FFED5947-D936-48C5-85B3-C21E27E18314}.Ad-Hoc|x64.ActiveCfg = Release|Any CPU
		{FFED5947-D936-48C5-85B3-C21E27E18314}.Ad-Hoc|x64.Build.0 = Release|Any CPU
		{FFED5947-D936-48C5-85B3-C21E27E18314}.Ad-Hoc|x64.Deploy.0 = Release|Any CPU
		{FFED5947-D936-48C5-85B3-C21E27E18314}.Ad-Hoc|x86.ActiveCfg = Release|x86
		{FFED5947-D936-48C5-85B3-C21E27E18314}.Ad-Hoc|x86.Build.0 = Release|x86
		{FFED5947-D936-48C5-85B3-C21E27E18314}.Ad-Hoc|x86.Deploy.0 = Release|x86
		{FFED5947-D936-48C5-85B3-C21E27E18314}.AppStore|Any CPU.ActiveCfg = Release|Any CPU
		{FFED5947-D936-48C5-85B3-C21E27E18314}.AppStore|Any CPU.Build.0 = Release|Any CPU
		{FFED5947-D936-48C5-85B3-C21E27E18314}.AppStore|Any CPU.Deploy.0 = Release|Any CPU
		{FFED5947-D936-48C5-85B3-C21E27E18314}.AppStore|ARM.ActiveCfg = Release|ARM
		{FFED5947-D936-48C5-85B3-C21E27E18314}.AppStore|ARM.Build.0 = Release|ARM
		{FFED5947-D936-48C5-85B3-C21E27E18314}.AppStore|ARM.Deploy.0 = Release|ARM
		{FFED5947-D936-48C5-85B3-C21E27E18314}.AppStore|iPhone.ActiveCfg = Release|Any CPU
		{FFED5947-D936-48C5-85B3-C21E27E18314}.AppStore|iPhone.Build.0 = Release|Any CPU
		{FFED5947-D936-48C5-85B3-C21E27E18314}.AppStore|iPhone.Deploy.0 = Release|Any CPU
		{FFED5947-D936-48C5-85B3-C21E27E18314}.AppStore|iPhoneSimulator.ActiveCfg = Release|Any CPU
		{FFED5947-D936-48C5-85B3-C21E27E18314}.AppStore|iPhoneSimulator.Build.0 = Release|Any CPU
		{FFED5947-D936-48C5-85B3-C21E27E18314}.AppStore|iPhoneSimulator.Deploy.0 = Release|Any CPU
		{FFED5947-D936-48C5-85B3-C21E27E18314}.AppStore|x64.ActiveCfg = Release|Any CPU
		{FFED5947-D936-48C5-85B3-C21E27E18314}.AppStore|x64.Build.0 = Release|Any CPU
		{FFED5947-D936-48C5-85B3-C21E27E18314}.AppStore|x64.Deploy.0 = Release|Any CPU
		{FFED5947-D936-48C5-85B3-C21E27E18314}.AppStore|x86.ActiveCfg = Release|x86
		{FFED5947-D936-48C5-85B3-C21E27E18314}.AppStore|x86.Build.0 = Release|x86
		{FFED5947-D936-48C5-85B3-C21E27E18314}.AppStore|x86.Deploy.0 = Release|x86
		{FFED5947-D936-48C5-85B3-C21E27E18314}.Debug|Any CPU.ActiveCfg = Debug|Any CPU
		{FFED5947-D936-48C5-85B3-C21E27E18314}.Debug|Any CPU.Build.0 = Debug|Any CPU
		{FFED5947-D936-48C5-85B3-C21E27E18314}.Debug|Any CPU.Deploy.0 = Debug|Any CPU
		{FFED5947-D936-48C5-85B3-C21E27E18314}.Debug|ARM.ActiveCfg = Debug|ARM
		{FFED5947-D936-48C5-85B3-C21E27E18314}.Debug|ARM.Build.0 = Debug|ARM
		{FFED5947-D936-48C5-85B3-C21E27E18314}.Debug|ARM.Deploy.0 = Debug|ARM
		{FFED5947-D936-48C5-85B3-C21E27E18314}.Debug|iPhone.ActiveCfg = Debug|Any CPU
		{FFED5947-D936-48C5-85B3-C21E27E18314}.Debug|iPhone.Build.0 = Debug|Any CPU
		{FFED5947-D936-48C5-85B3-C21E27E18314}.Debug|iPhone.Deploy.0 = Debug|Any CPU
		{FFED5947-D936-48C5-85B3-C21E27E18314}.Debug|iPhoneSimulator.ActiveCfg = Debug|Any CPU
		{FFED5947-D936-48C5-85B3-C21E27E18314}.Debug|iPhoneSimulator.Build.0 = Debug|Any CPU
		{FFED5947-D936-48C5-85B3-C21E27E18314}.Debug|iPhoneSimulator.Deploy.0 = Debug|Any CPU
		{FFED5947-D936-48C5-85B3-C21E27E18314}.Debug|x64.ActiveCfg = Debug|Any CPU
		{FFED5947-D936-48C5-85B3-C21E27E18314}.Debug|x64.Build.0 = Debug|Any CPU
		{FFED5947-D936-48C5-85B3-C21E27E18314}.Debug|x64.Deploy.0 = Debug|Any CPU
		{FFED5947-D936-48C5-85B3-C21E27E18314}.Debug|x86.ActiveCfg = Debug|x86
		{FFED5947-D936-48C5-85B3-C21E27E18314}.Debug|x86.Build.0 = Debug|x86
		{FFED5947-D936-48C5-85B3-C21E27E18314}.Debug|x86.Deploy.0 = Debug|x86
		{FFED5947-D936-48C5-85B3-C21E27E18314}.Release|Any CPU.ActiveCfg = Release|Any CPU
		{FFED5947-D936-48C5-85B3-C21E27E18314}.Release|Any CPU.Build.0 = Release|Any CPU
		{FFED5947-D936-48C5-85B3-C21E27E18314}.Release|Any CPU.Deploy.0 = Release|Any CPU
		{FFED5947-D936-48C5-85B3-C21E27E18314}.Release|ARM.ActiveCfg = Release|ARM
		{FFED5947-D936-48C5-85B3-C21E27E18314}.Release|ARM.Build.0 = Release|ARM
		{FFED5947-D936-48C5-85B3-C21E27E18314}.Release|ARM.Deploy.0 = Release|ARM
		{FFED5947-D936-48C5-85B3-C21E27E18314}.Release|iPhone.ActiveCfg = Release|Any CPU
		{FFED5947-D936-48C5-85B3-C21E27E18314}.Release|iPhone.Build.0 = Release|Any CPU
		{FFED5947-D936-48C5-85B3-C21E27E18314}.Release|iPhone.Deploy.0 = Release|Any CPU
		{FFED5947-D936-48C5-85B3-C21E27E18314}.Release|iPhoneSimulator.ActiveCfg = Release|Any CPU
		{FFED5947-D936-48C5-85B3-C21E27E18314}.Release|iPhoneSimulator.Build.0 = Release|Any CPU
		{FFED5947-D936-48C5-85B3-C21E27E18314}.Release|iPhoneSimulator.Deploy.0 = Release|Any CPU
		{FFED5947-D936-48C5-85B3-C21E27E18314}.Release|x64.ActiveCfg = Release|Any CPU
		{FFED5947-D936-48C5-85B3-C21E27E18314}.Release|x64.Build.0 = Release|Any CPU
		{FFED5947-D936-48C5-85B3-C21E27E18314}.Release|x64.Deploy.0 = Release|Any CPU
		{FFED5947-D936-48C5-85B3-C21E27E18314}.Release|x86.ActiveCfg = Release|x86
		{FFED5947-D936-48C5-85B3-C21E27E18314}.Release|x86.Build.0 = Release|x86
		{FFED5947-D936-48C5-85B3-C21E27E18314}.Release|x86.Deploy.0 = Release|x86
		{E25BA4BC-FBB0-4561-A63A-9CF9014EE69C}.Ad-Hoc|Any CPU.ActiveCfg = Release|Any CPU
		{E25BA4BC-FBB0-4561-A63A-9CF9014EE69C}.Ad-Hoc|Any CPU.Build.0 = Release|Any CPU
		{E25BA4BC-FBB0-4561-A63A-9CF9014EE69C}.Ad-Hoc|Any CPU.Deploy.0 = Release|Any CPU
		{E25BA4BC-FBB0-4561-A63A-9CF9014EE69C}.Ad-Hoc|ARM.ActiveCfg = Release|ARM
		{E25BA4BC-FBB0-4561-A63A-9CF9014EE69C}.Ad-Hoc|ARM.Build.0 = Release|ARM
		{E25BA4BC-FBB0-4561-A63A-9CF9014EE69C}.Ad-Hoc|ARM.Deploy.0 = Release|ARM
		{E25BA4BC-FBB0-4561-A63A-9CF9014EE69C}.Ad-Hoc|iPhone.ActiveCfg = Release|Any CPU
		{E25BA4BC-FBB0-4561-A63A-9CF9014EE69C}.Ad-Hoc|iPhone.Build.0 = Release|Any CPU
		{E25BA4BC-FBB0-4561-A63A-9CF9014EE69C}.Ad-Hoc|iPhone.Deploy.0 = Release|Any CPU
		{E25BA4BC-FBB0-4561-A63A-9CF9014EE69C}.Ad-Hoc|iPhoneSimulator.ActiveCfg = Release|Any CPU
		{E25BA4BC-FBB0-4561-A63A-9CF9014EE69C}.Ad-Hoc|iPhoneSimulator.Build.0 = Release|Any CPU
		{E25BA4BC-FBB0-4561-A63A-9CF9014EE69C}.Ad-Hoc|iPhoneSimulator.Deploy.0 = Release|Any CPU
		{E25BA4BC-FBB0-4561-A63A-9CF9014EE69C}.Ad-Hoc|x64.ActiveCfg = Release|x64
		{E25BA4BC-FBB0-4561-A63A-9CF9014EE69C}.Ad-Hoc|x64.Build.0 = Release|x64
		{E25BA4BC-FBB0-4561-A63A-9CF9014EE69C}.Ad-Hoc|x64.Deploy.0 = Release|x64
		{E25BA4BC-FBB0-4561-A63A-9CF9014EE69C}.Ad-Hoc|x86.ActiveCfg = Release|x86
		{E25BA4BC-FBB0-4561-A63A-9CF9014EE69C}.Ad-Hoc|x86.Build.0 = Release|x86
		{E25BA4BC-FBB0-4561-A63A-9CF9014EE69C}.Ad-Hoc|x86.Deploy.0 = Release|x86
		{E25BA4BC-FBB0-4561-A63A-9CF9014EE69C}.AppStore|Any CPU.ActiveCfg = Release|Any CPU
		{E25BA4BC-FBB0-4561-A63A-9CF9014EE69C}.AppStore|Any CPU.Build.0 = Release|Any CPU
		{E25BA4BC-FBB0-4561-A63A-9CF9014EE69C}.AppStore|Any CPU.Deploy.0 = Release|Any CPU
		{E25BA4BC-FBB0-4561-A63A-9CF9014EE69C}.AppStore|ARM.ActiveCfg = Release|ARM
		{E25BA4BC-FBB0-4561-A63A-9CF9014EE69C}.AppStore|ARM.Build.0 = Release|ARM
		{E25BA4BC-FBB0-4561-A63A-9CF9014EE69C}.AppStore|ARM.Deploy.0 = Release|ARM
		{E25BA4BC-FBB0-4561-A63A-9CF9014EE69C}.AppStore|iPhone.ActiveCfg = Release|Any CPU
		{E25BA4BC-FBB0-4561-A63A-9CF9014EE69C}.AppStore|iPhone.Build.0 = Release|Any CPU
		{E25BA4BC-FBB0-4561-A63A-9CF9014EE69C}.AppStore|iPhone.Deploy.0 = Release|Any CPU
		{E25BA4BC-FBB0-4561-A63A-9CF9014EE69C}.AppStore|iPhoneSimulator.ActiveCfg = Release|Any CPU
		{E25BA4BC-FBB0-4561-A63A-9CF9014EE69C}.AppStore|iPhoneSimulator.Build.0 = Release|Any CPU
		{E25BA4BC-FBB0-4561-A63A-9CF9014EE69C}.AppStore|iPhoneSimulator.Deploy.0 = Release|Any CPU
		{E25BA4BC-FBB0-4561-A63A-9CF9014EE69C}.AppStore|x64.ActiveCfg = Release|x64
		{E25BA4BC-FBB0-4561-A63A-9CF9014EE69C}.AppStore|x64.Build.0 = Release|x64
		{E25BA4BC-FBB0-4561-A63A-9CF9014EE69C}.AppStore|x64.Deploy.0 = Release|x64
		{E25BA4BC-FBB0-4561-A63A-9CF9014EE69C}.AppStore|x86.ActiveCfg = Release|x86
		{E25BA4BC-FBB0-4561-A63A-9CF9014EE69C}.AppStore|x86.Build.0 = Release|x86
		{E25BA4BC-FBB0-4561-A63A-9CF9014EE69C}.AppStore|x86.Deploy.0 = Release|x86
		{E25BA4BC-FBB0-4561-A63A-9CF9014EE69C}.Debug|Any CPU.ActiveCfg = Debug|Any CPU
		{E25BA4BC-FBB0-4561-A63A-9CF9014EE69C}.Debug|Any CPU.Build.0 = Debug|Any CPU
		{E25BA4BC-FBB0-4561-A63A-9CF9014EE69C}.Debug|Any CPU.Deploy.0 = Debug|Any CPU
		{E25BA4BC-FBB0-4561-A63A-9CF9014EE69C}.Debug|ARM.ActiveCfg = Debug|ARM
		{E25BA4BC-FBB0-4561-A63A-9CF9014EE69C}.Debug|ARM.Build.0 = Debug|ARM
		{E25BA4BC-FBB0-4561-A63A-9CF9014EE69C}.Debug|ARM.Deploy.0 = Debug|ARM
		{E25BA4BC-FBB0-4561-A63A-9CF9014EE69C}.Debug|iPhone.ActiveCfg = Debug|Any CPU
		{E25BA4BC-FBB0-4561-A63A-9CF9014EE69C}.Debug|iPhone.Build.0 = Debug|Any CPU
		{E25BA4BC-FBB0-4561-A63A-9CF9014EE69C}.Debug|iPhone.Deploy.0 = Debug|Any CPU
		{E25BA4BC-FBB0-4561-A63A-9CF9014EE69C}.Debug|iPhoneSimulator.ActiveCfg = Debug|Any CPU
		{E25BA4BC-FBB0-4561-A63A-9CF9014EE69C}.Debug|iPhoneSimulator.Build.0 = Debug|Any CPU
		{E25BA4BC-FBB0-4561-A63A-9CF9014EE69C}.Debug|iPhoneSimulator.Deploy.0 = Debug|Any CPU
		{E25BA4BC-FBB0-4561-A63A-9CF9014EE69C}.Debug|x64.ActiveCfg = Debug|x64
		{E25BA4BC-FBB0-4561-A63A-9CF9014EE69C}.Debug|x64.Build.0 = Debug|x64
		{E25BA4BC-FBB0-4561-A63A-9CF9014EE69C}.Debug|x64.Deploy.0 = Debug|x64
		{E25BA4BC-FBB0-4561-A63A-9CF9014EE69C}.Debug|x86.ActiveCfg = Debug|x86
		{E25BA4BC-FBB0-4561-A63A-9CF9014EE69C}.Debug|x86.Build.0 = Debug|x86
		{E25BA4BC-FBB0-4561-A63A-9CF9014EE69C}.Debug|x86.Deploy.0 = Debug|x86
		{E25BA4BC-FBB0-4561-A63A-9CF9014EE69C}.Release|Any CPU.ActiveCfg = Release|Any CPU
		{E25BA4BC-FBB0-4561-A63A-9CF9014EE69C}.Release|Any CPU.Build.0 = Release|Any CPU
		{E25BA4BC-FBB0-4561-A63A-9CF9014EE69C}.Release|Any CPU.Deploy.0 = Release|Any CPU
		{E25BA4BC-FBB0-4561-A63A-9CF9014EE69C}.Release|ARM.ActiveCfg = Release|ARM
		{E25BA4BC-FBB0-4561-A63A-9CF9014EE69C}.Release|ARM.Build.0 = Release|ARM
		{E25BA4BC-FBB0-4561-A63A-9CF9014EE69C}.Release|ARM.Deploy.0 = Release|ARM
		{E25BA4BC-FBB0-4561-A63A-9CF9014EE69C}.Release|iPhone.ActiveCfg = Release|Any CPU
		{E25BA4BC-FBB0-4561-A63A-9CF9014EE69C}.Release|iPhone.Build.0 = Release|Any CPU
		{E25BA4BC-FBB0-4561-A63A-9CF9014EE69C}.Release|iPhone.Deploy.0 = Release|Any CPU
		{E25BA4BC-FBB0-4561-A63A-9CF9014EE69C}.Release|iPhoneSimulator.ActiveCfg = Release|Any CPU
		{E25BA4BC-FBB0-4561-A63A-9CF9014EE69C}.Release|iPhoneSimulator.Build.0 = Release|Any CPU
		{E25BA4BC-FBB0-4561-A63A-9CF9014EE69C}.Release|iPhoneSimulator.Deploy.0 = Release|Any CPU
		{E25BA4BC-FBB0-4561-A63A-9CF9014EE69C}.Release|x64.ActiveCfg = Release|x64
		{E25BA4BC-FBB0-4561-A63A-9CF9014EE69C}.Release|x64.Build.0 = Release|x64
		{E25BA4BC-FBB0-4561-A63A-9CF9014EE69C}.Release|x64.Deploy.0 = Release|x64
		{E25BA4BC-FBB0-4561-A63A-9CF9014EE69C}.Release|x86.ActiveCfg = Release|x86
		{E25BA4BC-FBB0-4561-A63A-9CF9014EE69C}.Release|x86.Build.0 = Release|x86
		{E25BA4BC-FBB0-4561-A63A-9CF9014EE69C}.Release|x86.Deploy.0 = Release|x86
	EndGlobalSection
	GlobalSection(SolutionProperties) = preSolution
		HideSolutionNode = FALSE
	EndGlobalSection
EndGlobal
