
Microsoft Visual Studio Solution File, Format Version 12.00
# Visual Studio 14
VisualStudioVersion = 14.0.25420.1
MinimumVisualStudioVersion = 10.0.40219.1
Project("{FAE04EC0-301F-11D3-BF4B-00C04F79EFBC}") = "AcikAkademiV2Ders7", "AcikAkademiV2Ders7\AcikAkademiV2Ders7\AcikAkademiV2Ders7.csproj", "{62DDBE8B-7FA9-4B3B-92E1-473F00D5E02B}"
EndProject
Project("{FAE04EC0-301F-11D3-BF4B-00C04F79EFBC}") = "AcikAkademiV2Ders7.Droid", "AcikAkademiV2Ders7\AcikAkademiV2Ders7.Droid\AcikAkademiV2Ders7.Droid.csproj", "{DCBE50FA-C0BC-4905-8F64-2DC455116247}"
EndProject
Project("{FAE04EC0-301F-11D3-BF4B-00C04F79EFBC}") = "AcikAkademiV2Ders7.iOS", "AcikAkademiV2Ders7\AcikAkademiV2Ders7.iOS\AcikAkademiV2Ders7.iOS.csproj", "{1E7E232E-9CDE-4251-B1F5-67C3CF3672DC}"
EndProject
Project("{D954291E-2A0B-460D-934E-DC6B0785DB48}") = "Com.OneSignal", "Com.OneSignal\Com.OneSignal\Com.OneSignal.shproj", "{979CB250-E367-491F-9D33-F96B4D6EA8A2}"
EndProject
Global
	GlobalSection(SharedMSBuildProjectFiles) = preSolution
		Com.OneSignal\Com.OneSignal\Com.OneSignal.projitems*{979cb250-e367-491f-9d33-f96b4d6ea8a2}*SharedItemsImports = 13
		Com.OneSignal\Com.OneSignal\Com.OneSignal.projitems*{dcbe50fa-c0bc-4905-8f64-2dc455116247}*SharedItemsImports = 4
	EndGlobalSection
	GlobalSection(SolutionConfigurationPlatforms) = preSolution
		Ad-Hoc|Any CPU = Ad-Hoc|Any CPU
		Ad-Hoc|ARM = Ad-Hoc|ARM
		Ad-Hoc|iPhone = Ad-Hoc|iPhone
		Ad-Hoc|iPhoneSimulator = Ad-Hoc|iPhoneSimulator
		Ad-Hoc|x64 = Ad-Hoc|x64
		Ad-Hoc|x86 = Ad-Hoc|x86
		AppStore|Any CPU = AppStore|Any CPU
		AppStore|ARM = AppStore|ARM
		AppStore|iPhone = AppStore|iPhone
		AppStore|iPhoneSimulator = AppStore|iPhoneSimulator
		AppStore|x64 = AppStore|x64
		AppStore|x86 = AppStore|x86
		Debug|Any CPU = Debug|Any CPU
		Debug|ARM = Debug|ARM
		Debug|iPhone = Debug|iPhone
		Debug|iPhoneSimulator = Debug|iPhoneSimulator
		Debug|x64 = Debug|x64
		Debug|x86 = Debug|x86
		Release|Any CPU = Release|Any CPU
		Release|ARM = Release|ARM
		Release|iPhone = Release|iPhone
		Release|iPhoneSimulator = Release|iPhoneSimulator
		Release|x64 = Release|x64
		Release|x86 = Release|x86
	EndGlobalSection
	GlobalSection(ProjectConfigurationPlatforms) = postSolution
		{62DDBE8B-7FA9-4B3B-92E1-473F00D5E02B}.Ad-Hoc|Any CPU.ActiveCfg = Release|Any CPU
		{62DDBE8B-7FA9-4B3B-92E1-473F00D5E02B}.Ad-Hoc|Any CPU.Build.0 = Release|Any CPU
		{62DDBE8B-7FA9-4B3B-92E1-473F00D5E02B}.Ad-Hoc|ARM.ActiveCfg = Release|Any CPU
		{62DDBE8B-7FA9-4B3B-92E1-473F00D5E02B}.Ad-Hoc|ARM.Build.0 = Release|Any CPU
		{62DDBE8B-7FA9-4B3B-92E1-473F00D5E02B}.Ad-Hoc|iPhone.ActiveCfg = Release|Any CPU
		{62DDBE8B-7FA9-4B3B-92E1-473F00D5E02B}.Ad-Hoc|iPhone.Build.0 = Release|Any CPU
		{62DDBE8B-7FA9-4B3B-92E1-473F00D5E02B}.Ad-Hoc|iPhoneSimulator.ActiveCfg = Release|Any CPU
		{62DDBE8B-7FA9-4B3B-92E1-473F00D5E02B}.Ad-Hoc|iPhoneSimulator.Build.0 = Release|Any CPU
		{62DDBE8B-7FA9-4B3B-92E1-473F00D5E02B}.Ad-Hoc|x64.ActiveCfg = Release|Any CPU
		{62DDBE8B-7FA9-4B3B-92E1-473F00D5E02B}.Ad-Hoc|x64.Build.0 = Release|Any CPU
		{62DDBE8B-7FA9-4B3B-92E1-473F00D5E02B}.Ad-Hoc|x86.ActiveCfg = Release|Any CPU
		{62DDBE8B-7FA9-4B3B-92E1-473F00D5E02B}.Ad-Hoc|x86.Build.0 = Release|Any CPU
		{62DDBE8B-7FA9-4B3B-92E1-473F00D5E02B}.AppStore|Any CPU.ActiveCfg = Release|Any CPU
		{62DDBE8B-7FA9-4B3B-92E1-473F00D5E02B}.AppStore|Any CPU.Build.0 = Release|Any CPU
		{62DDBE8B-7FA9-4B3B-92E1-473F00D5E02B}.AppStore|ARM.ActiveCfg = Release|Any CPU
		{62DDBE8B-7FA9-4B3B-92E1-473F00D5E02B}.AppStore|ARM.Build.0 = Release|Any CPU
		{62DDBE8B-7FA9-4B3B-92E1-473F00D5E02B}.AppStore|iPhone.ActiveCfg = Release|Any CPU
		{62DDBE8B-7FA9-4B3B-92E1-473F00D5E02B}.AppStore|iPhone.Build.0 = Release|Any CPU
		{62DDBE8B-7FA9-4B3B-92E1-473F00D5E02B}.AppStore|iPhoneSimulator.ActiveCfg = Release|Any CPU
		{62DDBE8B-7FA9-4B3B-92E1-473F00D5E02B}.AppStore|iPhoneSimulator.Build.0 = Release|Any CPU
		{62DDBE8B-7FA9-4B3B-92E1-473F00D5E02B}.AppStore|x64.ActiveCfg = Release|Any CPU
		{62DDBE8B-7FA9-4B3B-92E1-473F00D5E02B}.AppStore|x64.Build.0 = Release|Any CPU
		{62DDBE8B-7FA9-4B3B-92E1-473F00D5E02B}.AppStore|x86.ActiveCfg = Release|Any CPU
		{62DDBE8B-7FA9-4B3B-92E1-473F00D5E02B}.AppStore|x86.Build.0 = Release|Any CPU
		{62DDBE8B-7FA9-4B3B-92E1-473F00D5E02B}.Debug|Any CPU.ActiveCfg = Debug|Any CPU
		{62DDBE8B-7FA9-4B3B-92E1-473F00D5E02B}.Debug|Any CPU.Build.0 = Debug|Any CPU
		{62DDBE8B-7FA9-4B3B-92E1-473F00D5E02B}.Debug|ARM.ActiveCfg = Debug|Any CPU
		{62DDBE8B-7FA9-4B3B-92E1-473F00D5E02B}.Debug|ARM.Build.0 = Debug|Any CPU
		{62DDBE8B-7FA9-4B3B-92E1-473F00D5E02B}.Debug|iPhone.ActiveCfg = Debug|Any CPU
		{62DDBE8B-7FA9-4B3B-92E1-473F00D5E02B}.Debug|iPhone.Build.0 = Debug|Any CPU
		{62DDBE8B-7FA9-4B3B-92E1-473F00D5E02B}.Debug|iPhoneSimulator.ActiveCfg = Debug|Any CPU
		{62DDBE8B-7FA9-4B3B-92E1-473F00D5E02B}.Debug|iPhoneSimulator.Build.0 = Debug|Any CPU
		{62DDBE8B-7FA9-4B3B-92E1-473F00D5E02B}.Debug|x64.ActiveCfg = Debug|Any CPU
		{62DDBE8B-7FA9-4B3B-92E1-473F00D5E02B}.Debug|x64.Build.0 = Debug|Any CPU
		{62DDBE8B-7FA9-4B3B-92E1-473F00D5E02B}.Debug|x86.ActiveCfg = Debug|Any CPU
		{62DDBE8B-7FA9-4B3B-92E1-473F00D5E02B}.Debug|x86.Build.0 = Debug|Any CPU
		{62DDBE8B-7FA9-4B3B-92E1-473F00D5E02B}.Release|Any CPU.ActiveCfg = Release|Any CPU
		{62DDBE8B-7FA9-4B3B-92E1-473F00D5E02B}.Release|Any CPU.Build.0 = Release|Any CPU
		{62DDBE8B-7FA9-4B3B-92E1-473F00D5E02B}.Release|ARM.ActiveCfg = Release|Any CPU
		{62DDBE8B-7FA9-4B3B-92E1-473F00D5E02B}.Release|ARM.Build.0 = Release|Any CPU
		{62DDBE8B-7FA9-4B3B-92E1-473F00D5E02B}.Release|iPhone.ActiveCfg = Release|Any CPU
		{62DDBE8B-7FA9-4B3B-92E1-473F00D5E02B}.Release|iPhone.Build.0 = Release|Any CPU
		{62DDBE8B-7FA9-4B3B-92E1-473F00D5E02B}.Release|iPhoneSimulator.ActiveCfg = Release|Any CPU
		{62DDBE8B-7FA9-4B3B-92E1-473F00D5E02B}.Release|iPhoneSimulator.Build.0 = Release|Any CPU
		{62DDBE8B-7FA9-4B3B-92E1-473F00D5E02B}.Release|x64.ActiveCfg = Release|Any CPU
		{62DDBE8B-7FA9-4B3B-92E1-473F00D5E02B}.Release|x64.Build.0 = Release|Any CPU
		{62DDBE8B-7FA9-4B3B-92E1-473F00D5E02B}.Release|x86.ActiveCfg = Release|Any CPU
		{62DDBE8B-7FA9-4B3B-92E1-473F00D5E02B}.Release|x86.Build.0 = Release|Any CPU
		{DCBE50FA-C0BC-4905-8F64-2DC455116247}.Ad-Hoc|Any CPU.ActiveCfg = Release|Any CPU
		{DCBE50FA-C0BC-4905-8F64-2DC455116247}.Ad-Hoc|Any CPU.Build.0 = Release|Any CPU
		{DCBE50FA-C0BC-4905-8F64-2DC455116247}.Ad-Hoc|Any CPU.Deploy.0 = Release|Any CPU
		{DCBE50FA-C0BC-4905-8F64-2DC455116247}.Ad-Hoc|ARM.ActiveCfg = Release|Any CPU
		{DCBE50FA-C0BC-4905-8F64-2DC455116247}.Ad-Hoc|ARM.Build.0 = Release|Any CPU
		{DCBE50FA-C0BC-4905-8F64-2DC455116247}.Ad-Hoc|ARM.Deploy.0 = Release|Any CPU
		{DCBE50FA-C0BC-4905-8F64-2DC455116247}.Ad-Hoc|iPhone.ActiveCfg = Release|Any CPU
		{DCBE50FA-C0BC-4905-8F64-2DC455116247}.Ad-Hoc|iPhone.Build.0 = Release|Any CPU
		{DCBE50FA-C0BC-4905-8F64-2DC455116247}.Ad-Hoc|iPhone.Deploy.0 = Release|Any CPU
		{DCBE50FA-C0BC-4905-8F64-2DC455116247}.Ad-Hoc|iPhoneSimulator.ActiveCfg = Release|Any CPU
		{DCBE50FA-C0BC-4905-8F64-2DC455116247}.Ad-Hoc|iPhoneSimulator.Build.0 = Release|Any CPU
		{DCBE50FA-C0BC-4905-8F64-2DC455116247}.Ad-Hoc|iPhoneSimulator.Deploy.0 = Release|Any CPU
		{DCBE50FA-C0BC-4905-8F64-2DC455116247}.Ad-Hoc|x64.ActiveCfg = Release|Any CPU
		{DCBE50FA-C0BC-4905-8F64-2DC455116247}.Ad-Hoc|x64.Build.0 = Release|Any CPU
		{DCBE50FA-C0BC-4905-8F64-2DC455116247}.Ad-Hoc|x64.Deploy.0 = Release|Any CPU
		{DCBE50FA-C0BC-4905-8F64-2DC455116247}.Ad-Hoc|x86.ActiveCfg = Release|Any CPU
		{DCBE50FA-C0BC-4905-8F64-2DC455116247}.Ad-Hoc|x86.Build.0 = Release|Any CPU
		{DCBE50FA-C0BC-4905-8F64-2DC455116247}.Ad-Hoc|x86.Deploy.0 = Release|Any CPU
		{DCBE50FA-C0BC-4905-8F64-2DC455116247}.AppStore|Any CPU.ActiveCfg = Release|Any CPU
		{DCBE50FA-C0BC-4905-8F64-2DC455116247}.AppStore|Any CPU.Build.0 = Release|Any CPU
		{DCBE50FA-C0BC-4905-8F64-2DC455116247}.AppStore|Any CPU.Deploy.0 = Release|Any CPU
		{DCBE50FA-C0BC-4905-8F64-2DC455116247}.AppStore|ARM.ActiveCfg = Release|Any CPU
		{DCBE50FA-C0BC-4905-8F64-2DC455116247}.AppStore|ARM.Build.0 = Release|Any CPU
		{DCBE50FA-C0BC-4905-8F64-2DC455116247}.AppStore|ARM.Deploy.0 = Release|Any CPU
		{DCBE50FA-C0BC-4905-8F64-2DC455116247}.AppStore|iPhone.ActiveCfg = Release|Any CPU
		{DCBE50FA-C0BC-4905-8F64-2DC455116247}.AppStore|iPhone.Build.0 = Release|Any CPU
		{DCBE50FA-C0BC-4905-8F64-2DC455116247}.AppStore|iPhone.Deploy.0 = Release|Any CPU
		{DCBE50FA-C0BC-4905-8F64-2DC455116247}.AppStore|iPhoneSimulator.ActiveCfg = Release|Any CPU
		{DCBE50FA-C0BC-4905-8F64-2DC455116247}.AppStore|iPhoneSimulator.Build.0 = Release|Any CPU
		{DCBE50FA-C0BC-4905-8F64-2DC455116247}.AppStore|iPhoneSimulator.Deploy.0 = Release|Any CPU
		{DCBE50FA-C0BC-4905-8F64-2DC455116247}.AppStore|x64.ActiveCfg = Release|Any CPU
		{DCBE50FA-C0BC-4905-8F64-2DC455116247}.AppStore|x64.Build.0 = Release|Any CPU
		{DCBE50FA-C0BC-4905-8F64-2DC455116247}.AppStore|x64.Deploy.0 = Release|Any CPU
		{DCBE50FA-C0BC-4905-8F64-2DC455116247}.AppStore|x86.ActiveCfg = Release|Any CPU
		{DCBE50FA-C0BC-4905-8F64-2DC455116247}.AppStore|x86.Build.0 = Release|Any CPU
		{DCBE50FA-C0BC-4905-8F64-2DC455116247}.AppStore|x86.Deploy.0 = Release|Any CPU
		{DCBE50FA-C0BC-4905-8F64-2DC455116247}.Debug|Any CPU.ActiveCfg = Debug|Any CPU
		{DCBE50FA-C0BC-4905-8F64-2DC455116247}.Debug|Any CPU.Build.0 = Debug|Any CPU
		{DCBE50FA-C0BC-4905-8F64-2DC455116247}.Debug|Any CPU.Deploy.0 = Debug|Any CPU
		{DCBE50FA-C0BC-4905-8F64-2DC455116247}.Debug|ARM.ActiveCfg = Debug|Any CPU
		{DCBE50FA-C0BC-4905-8F64-2DC455116247}.Debug|ARM.Build.0 = Debug|Any CPU
		{DCBE50FA-C0BC-4905-8F64-2DC455116247}.Debug|ARM.Deploy.0 = Debug|Any CPU
		{DCBE50FA-C0BC-4905-8F64-2DC455116247}.Debug|iPhone.ActiveCfg = Debug|Any CPU
		{DCBE50FA-C0BC-4905-8F64-2DC455116247}.Debug|iPhone.Build.0 = Debug|Any CPU
		{DCBE50FA-C0BC-4905-8F64-2DC455116247}.Debug|iPhone.Deploy.0 = Debug|Any CPU
		{DCBE50FA-C0BC-4905-8F64-2DC455116247}.Debug|iPhoneSimulator.ActiveCfg = Debug|Any CPU
		{DCBE50FA-C0BC-4905-8F64-2DC455116247}.Debug|iPhoneSimulator.Build.0 = Debug|Any CPU
		{DCBE50FA-C0BC-4905-8F64-2DC455116247}.Debug|iPhoneSimulator.Deploy.0 = Debug|Any CPU
		{DCBE50FA-C0BC-4905-8F64-2DC455116247}.Debug|x64.ActiveCfg = Debug|Any CPU
		{DCBE50FA-C0BC-4905-8F64-2DC455116247}.Debug|x64.Build.0 = Debug|Any CPU
		{DCBE50FA-C0BC-4905-8F64-2DC455116247}.Debug|x64.Deploy.0 = Debug|Any CPU
		{DCBE50FA-C0BC-4905-8F64-2DC455116247}.Debug|x86.ActiveCfg = Debug|Any CPU
		{DCBE50FA-C0BC-4905-8F64-2DC455116247}.Debug|x86.Build.0 = Debug|Any CPU
		{DCBE50FA-C0BC-4905-8F64-2DC455116247}.Debug|x86.Deploy.0 = Debug|Any CPU
		{DCBE50FA-C0BC-4905-8F64-2DC455116247}.Release|Any CPU.ActiveCfg = Release|Any CPU
		{DCBE50FA-C0BC-4905-8F64-2DC455116247}.Release|Any CPU.Build.0 = Release|Any CPU
		{DCBE50FA-C0BC-4905-8F64-2DC455116247}.Release|Any CPU.Deploy.0 = Release|Any CPU
		{DCBE50FA-C0BC-4905-8F64-2DC455116247}.Release|ARM.ActiveCfg = Release|Any CPU
		{DCBE50FA-C0BC-4905-8F64-2DC455116247}.Release|ARM.Build.0 = Release|Any CPU
		{DCBE50FA-C0BC-4905-8F64-2DC455116247}.Release|ARM.Deploy.0 = Release|Any CPU
		{DCBE50FA-C0BC-4905-8F64-2DC455116247}.Release|iPhone.ActiveCfg = Release|Any CPU
		{DCBE50FA-C0BC-4905-8F64-2DC455116247}.Release|iPhone.Build.0 = Release|Any CPU
		{DCBE50FA-C0BC-4905-8F64-2DC455116247}.Release|iPhone.Deploy.0 = Release|Any CPU
		{DCBE50FA-C0BC-4905-8F64-2DC455116247}.Release|iPhoneSimulator.ActiveCfg = Release|Any CPU
		{DCBE50FA-C0BC-4905-8F64-2DC455116247}.Release|iPhoneSimulator.Build.0 = Release|Any CPU
		{DCBE50FA-C0BC-4905-8F64-2DC455116247}.Release|iPhoneSimulator.Deploy.0 = Release|Any CPU
		{DCBE50FA-C0BC-4905-8F64-2DC455116247}.Release|x64.ActiveCfg = Release|Any CPU
		{DCBE50FA-C0BC-4905-8F64-2DC455116247}.Release|x64.Build.0 = Release|Any CPU
		{DCBE50FA-C0BC-4905-8F64-2DC455116247}.Release|x64.Deploy.0 = Release|Any CPU
		{DCBE50FA-C0BC-4905-8F64-2DC455116247}.Release|x86.ActiveCfg = Release|Any CPU
		{DCBE50FA-C0BC-4905-8F64-2DC455116247}.Release|x86.Build.0 = Release|Any CPU
		{DCBE50FA-C0BC-4905-8F64-2DC455116247}.Release|x86.Deploy.0 = Release|Any CPU
		{1E7E232E-9CDE-4251-B1F5-67C3CF3672DC}.Ad-Hoc|Any CPU.ActiveCfg = Ad-Hoc|iPhone
		{1E7E232E-9CDE-4251-B1F5-67C3CF3672DC}.Ad-Hoc|ARM.ActiveCfg = Ad-Hoc|iPhone
		{1E7E232E-9CDE-4251-B1F5-67C3CF3672DC}.Ad-Hoc|iPhone.ActiveCfg = Ad-Hoc|iPhone
		{1E7E232E-9CDE-4251-B1F5-67C3CF3672DC}.Ad-Hoc|iPhone.Build.0 = Ad-Hoc|iPhone
		{1E7E232E-9CDE-4251-B1F5-67C3CF3672DC}.Ad-Hoc|iPhoneSimulator.ActiveCfg = Ad-Hoc|iPhoneSimulator
		{1E7E232E-9CDE-4251-B1F5-67C3CF3672DC}.Ad-Hoc|iPhoneSimulator.Build.0 = Ad-Hoc|iPhoneSimulator
		{1E7E232E-9CDE-4251-B1F5-67C3CF3672DC}.Ad-Hoc|x64.ActiveCfg = Ad-Hoc|iPhone
		{1E7E232E-9CDE-4251-B1F5-67C3CF3672DC}.Ad-Hoc|x86.ActiveCfg = Ad-Hoc|iPhone
		{1E7E232E-9CDE-4251-B1F5-67C3CF3672DC}.AppStore|Any CPU.ActiveCfg = AppStore|iPhone
		{1E7E232E-9CDE-4251-B1F5-67C3CF3672DC}.AppStore|ARM.ActiveCfg = AppStore|iPhone
		{1E7E232E-9CDE-4251-B1F5-67C3CF3672DC}.AppStore|iPhone.ActiveCfg = AppStore|iPhone
		{1E7E232E-9CDE-4251-B1F5-67C3CF3672DC}.AppStore|iPhone.Build.0 = AppStore|iPhone
		{1E7E232E-9CDE-4251-B1F5-67C3CF3672DC}.AppStore|iPhoneSimulator.ActiveCfg = AppStore|iPhoneSimulator
		{1E7E232E-9CDE-4251-B1F5-67C3CF3672DC}.AppStore|iPhoneSimulator.Build.0 = AppStore|iPhoneSimulator
		{1E7E232E-9CDE-4251-B1F5-67C3CF3672DC}.AppStore|x64.ActiveCfg = AppStore|iPhone
		{1E7E232E-9CDE-4251-B1F5-67C3CF3672DC}.AppStore|x86.ActiveCfg = AppStore|iPhone
		{1E7E232E-9CDE-4251-B1F5-67C3CF3672DC}.Debug|Any CPU.ActiveCfg = Debug|iPhone
		{1E7E232E-9CDE-4251-B1F5-67C3CF3672DC}.Debug|ARM.ActiveCfg = Debug|iPhone
		{1E7E232E-9CDE-4251-B1F5-67C3CF3672DC}.Debug|iPhone.ActiveCfg = Debug|iPhone
		{1E7E232E-9CDE-4251-B1F5-67C3CF3672DC}.Debug|iPhone.Build.0 = Debug|iPhone
		{1E7E232E-9CDE-4251-B1F5-67C3CF3672DC}.Debug|iPhoneSimulator.ActiveCfg = Debug|iPhoneSimulator
		{1E7E232E-9CDE-4251-B1F5-67C3CF3672DC}.Debug|iPhoneSimulator.Build.0 = Debug|iPhoneSimulator
		{1E7E232E-9CDE-4251-B1F5-67C3CF3672DC}.Debug|x64.ActiveCfg = Debug|iPhone
		{1E7E232E-9CDE-4251-B1F5-67C3CF3672DC}.Debug|x86.ActiveCfg = Debug|iPhone
		{1E7E232E-9CDE-4251-B1F5-67C3CF3672DC}.Release|Any CPU.ActiveCfg = Release|iPhone
		{1E7E232E-9CDE-4251-B1F5-67C3CF3672DC}.Release|ARM.ActiveCfg = Release|iPhone
		{1E7E232E-9CDE-4251-B1F5-67C3CF3672DC}.Release|iPhone.ActiveCfg = Release|iPhone
		{1E7E232E-9CDE-4251-B1F5-67C3CF3672DC}.Release|iPhone.Build.0 = Release|iPhone
		{1E7E232E-9CDE-4251-B1F5-67C3CF3672DC}.Release|iPhoneSimulator.ActiveCfg = Release|iPhoneSimulator
		{1E7E232E-9CDE-4251-B1F5-67C3CF3672DC}.Release|iPhoneSimulator.Build.0 = Release|iPhoneSimulator
		{1E7E232E-9CDE-4251-B1F5-67C3CF3672DC}.Release|x64.ActiveCfg = Release|iPhone
		{1E7E232E-9CDE-4251-B1F5-67C3CF3672DC}.Release|x86.ActiveCfg = Release|iPhone
	EndGlobalSection
	GlobalSection(SolutionProperties) = preSolution
		HideSolutionNode = FALSE
	EndGlobalSection
EndGlobal
