
Microsoft Visual Studio Solution File, Format Version 12.00
# Visual Studio 14
VisualStudioVersion = 14.0.25420.1
MinimumVisualStudioVersion = 10.0.40219.1
Project("{FAE04EC0-301F-11D3-BF4B-00C04F79EFBC}") = "AcikAkademiV2Ders1", "AcikAkademiV2Ders1\AcikAkademiV2Ders1\AcikAkademiV2Ders1.csproj", "{8D3D854D-01D4-4299-9C5A-0B497905BE9A}"
EndProject
Project("{FAE04EC0-301F-11D3-BF4B-00C04F79EFBC}") = "AcikAkademiV2Ders1.Droid", "AcikAkademiV2Ders1\AcikAkademiV2Ders1.Droid\AcikAkademiV2Ders1.Droid.csproj", "{40D36E02-267E-4FFD-A157-97866CC84ED4}"
EndProject
Project("{FAE04EC0-301F-11D3-BF4B-00C04F79EFBC}") = "AcikAkademiV2Ders1.iOS", "AcikAkademiV2Ders1\AcikAkademiV2Ders1.iOS\AcikAkademiV2Ders1.iOS.csproj", "{6D316268-95AB-4FB5-9FA2-832D2A46742A}"
EndProject
Project("{FAE04EC0-301F-11D3-BF4B-00C04F79EFBC}") = "AcikAkademiV2Ders1.WinPhone", "AcikAkademiV2Ders1\AcikAkademiV2Ders1.WinPhone\AcikAkademiV2Ders1.WinPhone.csproj", "{35744CAE-6058-49EE-9CDF-C3351E8733D8}"
EndProject
Project("{FAE04EC0-301F-11D3-BF4B-00C04F79EFBC}") = "AcikAkademiV2Ders1.Windows", "AcikAkademiV2Ders1\AcikAkademiV2Ders1.Windows\AcikAkademiV2Ders1.Windows.csproj", "{5E65B1E1-38F2-4AE5-819E-E1DB89C36CE1}"
EndProject
Global
	GlobalSection(SolutionConfigurationPlatforms) = preSolution
		Ad-Hoc|Any CPU = Ad-Hoc|Any CPU
		Ad-Hoc|ARM = Ad-Hoc|ARM
		Ad-Hoc|iPhone = Ad-Hoc|iPhone
		Ad-Hoc|iPhoneSimulator = Ad-Hoc|iPhoneSimulator
		Ad-Hoc|x64 = Ad-Hoc|x64
		Ad-Hoc|x86 = Ad-Hoc|x86
		AppStore|Any CPU = AppStore|Any CPU
		AppStore|ARM = AppStore|ARM
		AppStore|iPhone = AppStore|iPhone
		AppStore|iPhoneSimulator = AppStore|iPhoneSimulator
		AppStore|x64 = AppStore|x64
		AppStore|x86 = AppStore|x86
		Debug|Any CPU = Debug|Any CPU
		Debug|ARM = Debug|ARM
		Debug|iPhone = Debug|iPhone
		Debug|iPhoneSimulator = Debug|iPhoneSimulator
		Debug|x64 = Debug|x64
		Debug|x86 = Debug|x86
		Release|Any CPU = Release|Any CPU
		Release|ARM = Release|ARM
		Release|iPhone = Release|iPhone
		Release|iPhoneSimulator = Release|iPhoneSimulator
		Release|x64 = Release|x64
		Release|x86 = Release|x86
	EndGlobalSection
	GlobalSection(ProjectConfigurationPlatforms) = postSolution
		{8D3D854D-01D4-4299-9C5A-0B497905BE9A}.Ad-Hoc|Any CPU.ActiveCfg = Release|Any CPU
		{8D3D854D-01D4-4299-9C5A-0B497905BE9A}.Ad-Hoc|Any CPU.Build.0 = Release|Any CPU
		{8D3D854D-01D4-4299-9C5A-0B497905BE9A}.Ad-Hoc|ARM.ActiveCfg = Release|Any CPU
		{8D3D854D-01D4-4299-9C5A-0B497905BE9A}.Ad-Hoc|ARM.Build.0 = Release|Any CPU
		{8D3D854D-01D4-4299-9C5A-0B497905BE9A}.Ad-Hoc|iPhone.ActiveCfg = Release|Any CPU
		{8D3D854D-01D4-4299-9C5A-0B497905BE9A}.Ad-Hoc|iPhone.Build.0 = Release|Any CPU
		{8D3D854D-01D4-4299-9C5A-0B497905BE9A}.Ad-Hoc|iPhoneSimulator.ActiveCfg = Release|Any CPU
		{8D3D854D-01D4-4299-9C5A-0B497905BE9A}.Ad-Hoc|iPhoneSimulator.Build.0 = Release|Any CPU
		{8D3D854D-01D4-4299-9C5A-0B497905BE9A}.Ad-Hoc|x64.ActiveCfg = Release|Any CPU
		{8D3D854D-01D4-4299-9C5A-0B497905BE9A}.Ad-Hoc|x64.Build.0 = Release|Any CPU
		{8D3D854D-01D4-4299-9C5A-0B497905BE9A}.Ad-Hoc|x86.ActiveCfg = Release|Any CPU
		{8D3D854D-01D4-4299-9C5A-0B497905BE9A}.Ad-Hoc|x86.Build.0 = Release|Any CPU
		{8D3D854D-01D4-4299-9C5A-0B497905BE9A}.AppStore|Any CPU.ActiveCfg = Release|Any CPU
		{8D3D854D-01D4-4299-9C5A-0B497905BE9A}.AppStore|Any CPU.Build.0 = Release|Any CPU
		{8D3D854D-01D4-4299-9C5A-0B497905BE9A}.AppStore|ARM.ActiveCfg = Release|Any CPU
		{8D3D854D-01D4-4299-9C5A-0B497905BE9A}.AppStore|ARM.Build.0 = Release|Any CPU
		{8D3D854D-01D4-4299-9C5A-0B497905BE9A}.AppStore|iPhone.ActiveCfg = Release|Any CPU
		{8D3D854D-01D4-4299-9C5A-0B497905BE9A}.AppStore|iPhone.Build.0 = Release|Any CPU
		{8D3D854D-01D4-4299-9C5A-0B497905BE9A}.AppStore|iPhoneSimulator.ActiveCfg = Release|Any CPU
		{8D3D854D-01D4-4299-9C5A-0B497905BE9A}.AppStore|iPhoneSimulator.Build.0 = Release|Any CPU
		{8D3D854D-01D4-4299-9C5A-0B497905BE9A}.AppStore|x64.ActiveCfg = Release|Any CPU
		{8D3D854D-01D4-4299-9C5A-0B497905BE9A}.AppStore|x64.Build.0 = Release|Any CPU
		{8D3D854D-01D4-4299-9C5A-0B497905BE9A}.AppStore|x86.ActiveCfg = Release|Any CPU
		{8D3D854D-01D4-4299-9C5A-0B497905BE9A}.AppStore|x86.Build.0 = Release|Any CPU
		{8D3D854D-01D4-4299-9C5A-0B497905BE9A}.Debug|Any CPU.ActiveCfg = Debug|Any CPU
		{8D3D854D-01D4-4299-9C5A-0B497905BE9A}.Debug|Any CPU.Build.0 = Debug|Any CPU
		{8D3D854D-01D4-4299-9C5A-0B497905BE9A}.Debug|ARM.ActiveCfg = Debug|Any CPU
		{8D3D854D-01D4-4299-9C5A-0B497905BE9A}.Debug|ARM.Build.0 = Debug|Any CPU
		{8D3D854D-01D4-4299-9C5A-0B497905BE9A}.Debug|iPhone.ActiveCfg = Debug|Any CPU
		{8D3D854D-01D4-4299-9C5A-0B497905BE9A}.Debug|iPhone.Build.0 = Debug|Any CPU
		{8D3D854D-01D4-4299-9C5A-0B497905BE9A}.Debug|iPhoneSimulator.ActiveCfg = Debug|Any CPU
		{8D3D854D-01D4-4299-9C5A-0B497905BE9A}.Debug|iPhoneSimulator.Build.0 = Debug|Any CPU
		{8D3D854D-01D4-4299-9C5A-0B497905BE9A}.Debug|x64.ActiveCfg = Debug|Any CPU
		{8D3D854D-01D4-4299-9C5A-0B497905BE9A}.Debug|x64.Build.0 = Debug|Any CPU
		{8D3D854D-01D4-4299-9C5A-0B497905BE9A}.Debug|x86.ActiveCfg = Debug|Any CPU
		{8D3D854D-01D4-4299-9C5A-0B497905BE9A}.Debug|x86.Build.0 = Debug|Any CPU
		{8D3D854D-01D4-4299-9C5A-0B497905BE9A}.Release|Any CPU.ActiveCfg = Release|Any CPU
		{8D3D854D-01D4-4299-9C5A-0B497905BE9A}.Release|Any CPU.Build.0 = Release|Any CPU
		{8D3D854D-01D4-4299-9C5A-0B497905BE9A}.Release|ARM.ActiveCfg = Release|Any CPU
		{8D3D854D-01D4-4299-9C5A-0B497905BE9A}.Release|ARM.Build.0 = Release|Any CPU
		{8D3D854D-01D4-4299-9C5A-0B497905BE9A}.Release|iPhone.ActiveCfg = Release|Any CPU
		{8D3D854D-01D4-4299-9C5A-0B497905BE9A}.Release|iPhone.Build.0 = Release|Any CPU
		{8D3D854D-01D4-4299-9C5A-0B497905BE9A}.Release|iPhoneSimulator.ActiveCfg = Release|Any CPU
		{8D3D854D-01D4-4299-9C5A-0B497905BE9A}.Release|iPhoneSimulator.Build.0 = Release|Any CPU
		{8D3D854D-01D4-4299-9C5A-0B497905BE9A}.Release|x64.ActiveCfg = Release|Any CPU
		{8D3D854D-01D4-4299-9C5A-0B497905BE9A}.Release|x64.Build.0 = Release|Any CPU
		{8D3D854D-01D4-4299-9C5A-0B497905BE9A}.Release|x86.ActiveCfg = Release|Any CPU
		{8D3D854D-01D4-4299-9C5A-0B497905BE9A}.Release|x86.Build.0 = Release|Any CPU
		{40D36E02-267E-4FFD-A157-97866CC84ED4}.Ad-Hoc|Any CPU.ActiveCfg = Release|Any CPU
		{40D36E02-267E-4FFD-A157-97866CC84ED4}.Ad-Hoc|Any CPU.Build.0 = Release|Any CPU
		{40D36E02-267E-4FFD-A157-97866CC84ED4}.Ad-Hoc|Any CPU.Deploy.0 = Release|Any CPU
		{40D36E02-267E-4FFD-A157-97866CC84ED4}.Ad-Hoc|ARM.ActiveCfg = Release|Any CPU
		{40D36E02-267E-4FFD-A157-97866CC84ED4}.Ad-Hoc|ARM.Build.0 = Release|Any CPU
		{40D36E02-267E-4FFD-A157-97866CC84ED4}.Ad-Hoc|ARM.Deploy.0 = Release|Any CPU
		{40D36E02-267E-4FFD-A157-97866CC84ED4}.Ad-Hoc|iPhone.ActiveCfg = Release|Any CPU
		{40D36E02-267E-4FFD-A157-97866CC84ED4}.Ad-Hoc|iPhone.Build.0 = Release|Any CPU
		{40D36E02-267E-4FFD-A157-97866CC84ED4}.Ad-Hoc|iPhone.Deploy.0 = Release|Any CPU
		{40D36E02-267E-4FFD-A157-97866CC84ED4}.Ad-Hoc|iPhoneSimulator.ActiveCfg = Release|Any CPU
		{40D36E02-267E-4FFD-A157-97866CC84ED4}.Ad-Hoc|iPhoneSimulator.Build.0 = Release|Any CPU
		{40D36E02-267E-4FFD-A157-97866CC84ED4}.Ad-Hoc|iPhoneSimulator.Deploy.0 = Release|Any CPU
		{40D36E02-267E-4FFD-A157-97866CC84ED4}.Ad-Hoc|x64.ActiveCfg = Release|Any CPU
		{40D36E02-267E-4FFD-A157-97866CC84ED4}.Ad-Hoc|x64.Build.0 = Release|Any CPU
		{40D36E02-267E-4FFD-A157-97866CC84ED4}.Ad-Hoc|x64.Deploy.0 = Release|Any CPU
		{40D36E02-267E-4FFD-A157-97866CC84ED4}.Ad-Hoc|x86.ActiveCfg = Release|Any CPU
		{40D36E02-267E-4FFD-A157-97866CC84ED4}.Ad-Hoc|x86.Build.0 = Release|Any CPU
		{40D36E02-267E-4FFD-A157-97866CC84ED4}.Ad-Hoc|x86.Deploy.0 = Release|Any CPU
		{40D36E02-267E-4FFD-A157-97866CC84ED4}.AppStore|Any CPU.ActiveCfg = Release|Any CPU
		{40D36E02-267E-4FFD-A157-97866CC84ED4}.AppStore|Any CPU.Build.0 = Release|Any CPU
		{40D36E02-267E-4FFD-A157-97866CC84ED4}.AppStore|Any CPU.Deploy.0 = Release|Any CPU
		{40D36E02-267E-4FFD-A157-97866CC84ED4}.AppStore|ARM.ActiveCfg = Release|Any CPU
		{40D36E02-267E-4FFD-A157-97866CC84ED4}.AppStore|ARM.Build.0 = Release|Any CPU
		{40D36E02-267E-4FFD-A157-97866CC84ED4}.AppStore|ARM.Deploy.0 = Release|Any CPU
		{40D36E02-267E-4FFD-A157-97866CC84ED4}.AppStore|iPhone.ActiveCfg = Release|Any CPU
		{40D36E02-267E-4FFD-A157-97866CC84ED4}.AppStore|iPhone.Build.0 = Release|Any CPU
		{40D36E02-267E-4FFD-A157-97866CC84ED4}.AppStore|iPhone.Deploy.0 = Release|Any CPU
		{40D36E02-267E-4FFD-A157-97866CC84ED4}.AppStore|iPhoneSimulator.ActiveCfg = Release|Any CPU
		{40D36E02-267E-4FFD-A157-97866CC84ED4}.AppStore|iPhoneSimulator.Build.0 = Release|Any CPU
		{40D36E02-267E-4FFD-A157-97866CC84ED4}.AppStore|iPhoneSimulator.Deploy.0 = Release|Any CPU
		{40D36E02-267E-4FFD-A157-97866CC84ED4}.AppStore|x64.ActiveCfg = Release|Any CPU
		{40D36E02-267E-4FFD-A157-97866CC84ED4}.AppStore|x64.Build.0 = Release|Any CPU
		{40D36E02-267E-4FFD-A157-97866CC84ED4}.AppStore|x64.Deploy.0 = Release|Any CPU
		{40D36E02-267E-4FFD-A157-97866CC84ED4}.AppStore|x86.ActiveCfg = Release|Any CPU
		{40D36E02-267E-4FFD-A157-97866CC84ED4}.AppStore|x86.Build.0 = Release|Any CPU
		{40D36E02-267E-4FFD-A157-97866CC84ED4}.AppStore|x86.Deploy.0 = Release|Any CPU
		{40D36E02-267E-4FFD-A157-97866CC84ED4}.Debug|Any CPU.ActiveCfg = Debug|Any CPU
		{40D36E02-267E-4FFD-A157-97866CC84ED4}.Debug|Any CPU.Build.0 = Debug|Any CPU
		{40D36E02-267E-4FFD-A157-97866CC84ED4}.Debug|Any CPU.Deploy.0 = Debug|Any CPU
		{40D36E02-267E-4FFD-A157-97866CC84ED4}.Debug|ARM.ActiveCfg = Debug|Any CPU
		{40D36E02-267E-4FFD-A157-97866CC84ED4}.Debug|ARM.Build.0 = Debug|Any CPU
		{40D36E02-267E-4FFD-A157-97866CC84ED4}.Debug|ARM.Deploy.0 = Debug|Any CPU
		{40D36E02-267E-4FFD-A157-97866CC84ED4}.Debug|iPhone.ActiveCfg = Debug|Any CPU
		{40D36E02-267E-4FFD-A157-97866CC84ED4}.Debug|iPhone.Build.0 = Debug|Any CPU
		{40D36E02-267E-4FFD-A157-97866CC84ED4}.Debug|iPhone.Deploy.0 = Debug|Any CPU
		{40D36E02-267E-4FFD-A157-97866CC84ED4}.Debug|iPhoneSimulator.ActiveCfg = Debug|Any CPU
		{40D36E02-267E-4FFD-A157-97866CC84ED4}.Debug|iPhoneSimulator.Build.0 = Debug|Any CPU
		{40D36E02-267E-4FFD-A157-97866CC84ED4}.Debug|iPhoneSimulator.Deploy.0 = Debug|Any CPU
		{40D36E02-267E-4FFD-A157-97866CC84ED4}.Debug|x64.ActiveCfg = Debug|Any CPU
		{40D36E02-267E-4FFD-A157-97866CC84ED4}.Debug|x64.Build.0 = Debug|Any CPU
		{40D36E02-267E-4FFD-A157-97866CC84ED4}.Debug|x64.Deploy.0 = Debug|Any CPU
		{40D36E02-267E-4FFD-A157-97866CC84ED4}.Debug|x86.ActiveCfg = Debug|Any CPU
		{40D36E02-267E-4FFD-A157-97866CC84ED4}.Debug|x86.Build.0 = Debug|Any CPU
		{40D36E02-267E-4FFD-A157-97866CC84ED4}.Debug|x86.Deploy.0 = Debug|Any CPU
		{40D36E02-267E-4FFD-A157-97866CC84ED4}.Release|Any CPU.ActiveCfg = Release|Any CPU
		{40D36E02-267E-4FFD-A157-97866CC84ED4}.Release|Any CPU.Build.0 = Release|Any CPU
		{40D36E02-267E-4FFD-A157-97866CC84ED4}.Release|Any CPU.Deploy.0 = Release|Any CPU
		{40D36E02-267E-4FFD-A157-97866CC84ED4}.Release|ARM.ActiveCfg = Release|Any CPU
		{40D36E02-267E-4FFD-A157-97866CC84ED4}.Release|ARM.Build.0 = Release|Any CPU
		{40D36E02-267E-4FFD-A157-97866CC84ED4}.Release|ARM.Deploy.0 = Release|Any CPU
		{40D36E02-267E-4FFD-A157-97866CC84ED4}.Release|iPhone.ActiveCfg = Release|Any CPU
		{40D36E02-267E-4FFD-A157-97866CC84ED4}.Release|iPhone.Build.0 = Release|Any CPU
		{40D36E02-267E-4FFD-A157-97866CC84ED4}.Release|iPhone.Deploy.0 = Release|Any CPU
		{40D36E02-267E-4FFD-A157-97866CC84ED4}.Release|iPhoneSimulator.ActiveCfg = Release|Any CPU
		{40D36E02-267E-4FFD-A157-97866CC84ED4}.Release|iPhoneSimulator.Build.0 = Release|Any CPU
		{40D36E02-267E-4FFD-A157-97866CC84ED4}.Release|iPhoneSimulator.Deploy.0 = Release|Any CPU
		{40D36E02-267E-4FFD-A157-97866CC84ED4}.Release|x64.ActiveCfg = Release|Any CPU
		{40D36E02-267E-4FFD-A157-97866CC84ED4}.Release|x64.Build.0 = Release|Any CPU
		{40D36E02-267E-4FFD-A157-97866CC84ED4}.Release|x64.Deploy.0 = Release|Any CPU
		{40D36E02-267E-4FFD-A157-97866CC84ED4}.Release|x86.ActiveCfg = Release|Any CPU
		{40D36E02-267E-4FFD-A157-97866CC84ED4}.Release|x86.Build.0 = Release|Any CPU
		{40D36E02-267E-4FFD-A157-97866CC84ED4}.Release|x86.Deploy.0 = Release|Any CPU
		{6D316268-95AB-4FB5-9FA2-832D2A46742A}.Ad-Hoc|Any CPU.ActiveCfg = Ad-Hoc|iPhone
		{6D316268-95AB-4FB5-9FA2-832D2A46742A}.Ad-Hoc|ARM.ActiveCfg = Ad-Hoc|iPhone
		{6D316268-95AB-4FB5-9FA2-832D2A46742A}.Ad-Hoc|iPhone.ActiveCfg = Ad-Hoc|iPhone
		{6D316268-95AB-4FB5-9FA2-832D2A46742A}.Ad-Hoc|iPhone.Build.0 = Ad-Hoc|iPhone
		{6D316268-95AB-4FB5-9FA2-832D2A46742A}.Ad-Hoc|iPhoneSimulator.ActiveCfg = Ad-Hoc|iPhoneSimulator
		{6D316268-95AB-4FB5-9FA2-832D2A46742A}.Ad-Hoc|iPhoneSimulator.Build.0 = Ad-Hoc|iPhoneSimulator
		{6D316268-95AB-4FB5-9FA2-832D2A46742A}.Ad-Hoc|x64.ActiveCfg = Ad-Hoc|iPhone
		{6D316268-95AB-4FB5-9FA2-832D2A46742A}.Ad-Hoc|x86.ActiveCfg = Ad-Hoc|iPhone
		{6D316268-95AB-4FB5-9FA2-832D2A46742A}.AppStore|Any CPU.ActiveCfg = AppStore|iPhone
		{6D316268-95AB-4FB5-9FA2-832D2A46742A}.AppStore|ARM.ActiveCfg = AppStore|iPhone
		{6D316268-95AB-4FB5-9FA2-832D2A46742A}.AppStore|iPhone.ActiveCfg = AppStore|iPhone
		{6D316268-95AB-4FB5-9FA2-832D2A46742A}.AppStore|iPhone.Build.0 = AppStore|iPhone
		{6D316268-95AB-4FB5-9FA2-832D2A46742A}.AppStore|iPhoneSimulator.ActiveCfg = AppStore|iPhoneSimulator
		{6D316268-95AB-4FB5-9FA2-832D2A46742A}.AppStore|iPhoneSimulator.Build.0 = AppStore|iPhoneSimulator
		{6D316268-95AB-4FB5-9FA2-832D2A46742A}.AppStore|x64.ActiveCfg = AppStore|iPhone
		{6D316268-95AB-4FB5-9FA2-832D2A46742A}.AppStore|x86.ActiveCfg = AppStore|iPhone
		{6D316268-95AB-4FB5-9FA2-832D2A46742A}.Debug|Any CPU.ActiveCfg = Debug|iPhone
		{6D316268-95AB-4FB5-9FA2-832D2A46742A}.Debug|ARM.ActiveCfg = Debug|iPhone
		{6D316268-95AB-4FB5-9FA2-832D2A46742A}.Debug|iPhone.ActiveCfg = Debug|iPhone
		{6D316268-95AB-4FB5-9FA2-832D2A46742A}.Debug|iPhone.Build.0 = Debug|iPhone
		{6D316268-95AB-4FB5-9FA2-832D2A46742A}.Debug|iPhoneSimulator.ActiveCfg = Debug|iPhoneSimulator
		{6D316268-95AB-4FB5-9FA2-832D2A46742A}.Debug|iPhoneSimulator.Build.0 = Debug|iPhoneSimulator
		{6D316268-95AB-4FB5-9FA2-832D2A46742A}.Debug|x64.ActiveCfg = Debug|iPhone
		{6D316268-95AB-4FB5-9FA2-832D2A46742A}.Debug|x86.ActiveCfg = Debug|iPhone
		{6D316268-95AB-4FB5-9FA2-832D2A46742A}.Release|Any CPU.ActiveCfg = Release|iPhone
		{6D316268-95AB-4FB5-9FA2-832D2A46742A}.Release|ARM.ActiveCfg = Release|iPhone
		{6D316268-95AB-4FB5-9FA2-832D2A46742A}.Release|iPhone.ActiveCfg = Release|iPhone
		{6D316268-95AB-4FB5-9FA2-832D2A46742A}.Release|iPhone.Build.0 = Release|iPhone
		{6D316268-95AB-4FB5-9FA2-832D2A46742A}.Release|iPhoneSimulator.ActiveCfg = Release|iPhoneSimulator
		{6D316268-95AB-4FB5-9FA2-832D2A46742A}.Release|iPhoneSimulator.Build.0 = Release|iPhoneSimulator
		{6D316268-95AB-4FB5-9FA2-832D2A46742A}.Release|x64.ActiveCfg = Release|iPhone
		{6D316268-95AB-4FB5-9FA2-832D2A46742A}.Release|x86.ActiveCfg = Release|iPhone
		{35744CAE-6058-49EE-9CDF-C3351E8733D8}.Ad-Hoc|Any CPU.ActiveCfg = Release|Any CPU
		{35744CAE-6058-49EE-9CDF-C3351E8733D8}.Ad-Hoc|Any CPU.Build.0 = Release|Any CPU
		{35744CAE-6058-49EE-9CDF-C3351E8733D8}.Ad-Hoc|Any CPU.Deploy.0 = Release|Any CPU
		{35744CAE-6058-49EE-9CDF-C3351E8733D8}.Ad-Hoc|ARM.ActiveCfg = Release|ARM
		{35744CAE-6058-49EE-9CDF-C3351E8733D8}.Ad-Hoc|ARM.Build.0 = Release|ARM
		{35744CAE-6058-49EE-9CDF-C3351E8733D8}.Ad-Hoc|ARM.Deploy.0 = Release|ARM
		{35744CAE-6058-49EE-9CDF-C3351E8733D8}.Ad-Hoc|iPhone.ActiveCfg = Release|Any CPU
		{35744CAE-6058-49EE-9CDF-C3351E8733D8}.Ad-Hoc|iPhone.Build.0 = Release|Any CPU
		{35744CAE-6058-49EE-9CDF-C3351E8733D8}.Ad-Hoc|iPhone.Deploy.0 = Release|Any CPU
		{35744CAE-6058-49EE-9CDF-C3351E8733D8}.Ad-Hoc|iPhoneSimulator.ActiveCfg = Release|Any CPU
		{35744CAE-6058-49EE-9CDF-C3351E8733D8}.Ad-Hoc|iPhoneSimulator.Build.0 = Release|Any CPU
		{35744CAE-6058-49EE-9CDF-C3351E8733D8}.Ad-Hoc|iPhoneSimulator.Deploy.0 = Release|Any CPU
		{35744CAE-6058-49EE-9CDF-C3351E8733D8}.Ad-Hoc|x64.ActiveCfg = Release|Any CPU
		{35744CAE-6058-49EE-9CDF-C3351E8733D8}.Ad-Hoc|x64.Build.0 = Release|Any CPU
		{35744CAE-6058-49EE-9CDF-C3351E8733D8}.Ad-Hoc|x64.Deploy.0 = Release|Any CPU
		{35744CAE-6058-49EE-9CDF-C3351E8733D8}.Ad-Hoc|x86.ActiveCfg = Release|x86
		{35744CAE-6058-49EE-9CDF-C3351E8733D8}.Ad-Hoc|x86.Build.0 = Release|x86
		{35744CAE-6058-49EE-9CDF-C3351E8733D8}.Ad-Hoc|x86.Deploy.0 = Release|x86
		{35744CAE-6058-49EE-9CDF-C3351E8733D8}.AppStore|Any CPU.ActiveCfg = Release|Any CPU
		{35744CAE-6058-49EE-9CDF-C3351E8733D8}.AppStore|Any CPU.Build.0 = Release|Any CPU
		{35744CAE-6058-49EE-9CDF-C3351E8733D8}.AppStore|Any CPU.Deploy.0 = Release|Any CPU
		{35744CAE-6058-49EE-9CDF-C3351E8733D8}.AppStore|ARM.ActiveCfg = Release|ARM
		{35744CAE-6058-49EE-9CDF-C3351E8733D8}.AppStore|ARM.Build.0 = Release|ARM
		{35744CAE-6058-49EE-9CDF-C3351E8733D8}.AppStore|ARM.Deploy.0 = Release|ARM
		{35744CAE-6058-49EE-9CDF-C3351E8733D8}.AppStore|iPhone.ActiveCfg = Release|Any CPU
		{35744CAE-6058-49EE-9CDF-C3351E8733D8}.AppStore|iPhone.Build.0 = Release|Any CPU
		{35744CAE-6058-49EE-9CDF-C3351E8733D8}.AppStore|iPhone.Deploy.0 = Release|Any CPU
		{35744CAE-6058-49EE-9CDF-C3351E8733D8}.AppStore|iPhoneSimulator.ActiveCfg = Release|Any CPU
		{35744CAE-6058-49EE-9CDF-C3351E8733D8}.AppStore|iPhoneSimulator.Build.0 = Release|Any CPU
		{35744CAE-6058-49EE-9CDF-C3351E8733D8}.AppStore|iPhoneSimulator.Deploy.0 = Release|Any CPU
		{35744CAE-6058-49EE-9CDF-C3351E8733D8}.AppStore|x64.ActiveCfg = Release|Any CPU
		{35744CAE-6058-49EE-9CDF-C3351E8733D8}.AppStore|x64.Build.0 = Release|Any CPU
		{35744CAE-6058-49EE-9CDF-C3351E8733D8}.AppStore|x64.Deploy.0 = Release|Any CPU
		{35744CAE-6058-49EE-9CDF-C3351E8733D8}.AppStore|x86.ActiveCfg = Release|x86
		{35744CAE-6058-49EE-9CDF-C3351E8733D8}.AppStore|x86.Build.0 = Release|x86
		{35744CAE-6058-49EE-9CDF-C3351E8733D8}.AppStore|x86.Deploy.0 = Release|x86
		{35744CAE-6058-49EE-9CDF-C3351E8733D8}.Debug|Any CPU.ActiveCfg = Debug|Any CPU
		{35744CAE-6058-49EE-9CDF-C3351E8733D8}.Debug|Any CPU.Build.0 = Debug|Any CPU
		{35744CAE-6058-49EE-9CDF-C3351E8733D8}.Debug|Any CPU.Deploy.0 = Debug|Any CPU
		{35744CAE-6058-49EE-9CDF-C3351E8733D8}.Debug|ARM.ActiveCfg = Debug|ARM
		{35744CAE-6058-49EE-9CDF-C3351E8733D8}.Debug|ARM.Build.0 = Debug|ARM
		{35744CAE-6058-49EE-9CDF-C3351E8733D8}.Debug|ARM.Deploy.0 = Debug|ARM
		{35744CAE-6058-49EE-9CDF-C3351E8733D8}.Debug|iPhone.ActiveCfg = Debug|Any CPU
		{35744CAE-6058-49EE-9CDF-C3351E8733D8}.Debug|iPhone.Build.0 = Debug|Any CPU
		{35744CAE-6058-49EE-9CDF-C3351E8733D8}.Debug|iPhone.Deploy.0 = Debug|Any CPU
		{35744CAE-6058-49EE-9CDF-C3351E8733D8}.Debug|iPhoneSimulator.ActiveCfg = Debug|Any CPU
		{35744CAE-6058-49EE-9CDF-C3351E8733D8}.Debug|iPhoneSimulator.Build.0 = Debug|Any CPU
		{35744CAE-6058-49EE-9CDF-C3351E8733D8}.Debug|iPhoneSimulator.Deploy.0 = Debug|Any CPU
		{35744CAE-6058-49EE-9CDF-C3351E8733D8}.Debug|x64.ActiveCfg = Debug|Any CPU
		{35744CAE-6058-49EE-9CDF-C3351E8733D8}.Debug|x64.Build.0 = Debug|Any CPU
		{35744CAE-6058-49EE-9CDF-C3351E8733D8}.Debug|x64.Deploy.0 = Debug|Any CPU
		{35744CAE-6058-49EE-9CDF-C3351E8733D8}.Debug|x86.ActiveCfg = Debug|x86
		{35744CAE-6058-49EE-9CDF-C3351E8733D8}.Debug|x86.Build.0 = Debug|x86
		{35744CAE-6058-49EE-9CDF-C3351E8733D8}.Debug|x86.Deploy.0 = Debug|x86
		{35744CAE-6058-49EE-9CDF-C3351E8733D8}.Release|Any CPU.ActiveCfg = Release|Any CPU
		{35744CAE-6058-49EE-9CDF-C3351E8733D8}.Release|Any CPU.Build.0 = Release|Any CPU
		{35744CAE-6058-49EE-9CDF-C3351E8733D8}.Release|Any CPU.Deploy.0 = Release|Any CPU
		{35744CAE-6058-49EE-9CDF-C3351E8733D8}.Release|ARM.ActiveCfg = Release|ARM
		{35744CAE-6058-49EE-9CDF-C3351E8733D8}.Release|ARM.Build.0 = Release|ARM
		{35744CAE-6058-49EE-9CDF-C3351E8733D8}.Release|ARM.Deploy.0 = Release|ARM
		{35744CAE-6058-49EE-9CDF-C3351E8733D8}.Release|iPhone.ActiveCfg = Release|Any CPU
		{35744CAE-6058-49EE-9CDF-C3351E8733D8}.Release|iPhone.Build.0 = Release|Any CPU
		{35744CAE-6058-49EE-9CDF-C3351E8733D8}.Release|iPhone.Deploy.0 = Release|Any CPU
		{35744CAE-6058-49EE-9CDF-C3351E8733D8}.Release|iPhoneSimulator.ActiveCfg = Release|Any CPU
		{35744CAE-6058-49EE-9CDF-C3351E8733D8}.Release|iPhoneSimulator.Build.0 = Release|Any CPU
		{35744CAE-6058-49EE-9CDF-C3351E8733D8}.Release|iPhoneSimulator.Deploy.0 = Release|Any CPU
		{35744CAE-6058-49EE-9CDF-C3351E8733D8}.Release|x64.ActiveCfg = Release|Any CPU
		{35744CAE-6058-49EE-9CDF-C3351E8733D8}.Release|x64.Build.0 = Release|Any CPU
		{35744CAE-6058-49EE-9CDF-C3351E8733D8}.Release|x64.Deploy.0 = Release|Any CPU
		{35744CAE-6058-49EE-9CDF-C3351E8733D8}.Release|x86.ActiveCfg = Release|x86
		{35744CAE-6058-49EE-9CDF-C3351E8733D8}.Release|x86.Build.0 = Release|x86
		{35744CAE-6058-49EE-9CDF-C3351E8733D8}.Release|x86.Deploy.0 = Release|x86
		{5E65B1E1-38F2-4AE5-819E-E1DB89C36CE1}.Ad-Hoc|Any CPU.ActiveCfg = Release|Any CPU
		{5E65B1E1-38F2-4AE5-819E-E1DB89C36CE1}.Ad-Hoc|Any CPU.Build.0 = Release|Any CPU
		{5E65B1E1-38F2-4AE5-819E-E1DB89C36CE1}.Ad-Hoc|Any CPU.Deploy.0 = Release|Any CPU
		{5E65B1E1-38F2-4AE5-819E-E1DB89C36CE1}.Ad-Hoc|ARM.ActiveCfg = Release|ARM
		{5E65B1E1-38F2-4AE5-819E-E1DB89C36CE1}.Ad-Hoc|ARM.Build.0 = Release|ARM
		{5E65B1E1-38F2-4AE5-819E-E1DB89C36CE1}.Ad-Hoc|ARM.Deploy.0 = Release|ARM
		{5E65B1E1-38F2-4AE5-819E-E1DB89C36CE1}.Ad-Hoc|iPhone.ActiveCfg = Release|Any CPU
		{5E65B1E1-38F2-4AE5-819E-E1DB89C36CE1}.Ad-Hoc|iPhone.Build.0 = Release|Any CPU
		{5E65B1E1-38F2-4AE5-819E-E1DB89C36CE1}.Ad-Hoc|iPhone.Deploy.0 = Release|Any CPU
		{5E65B1E1-38F2-4AE5-819E-E1DB89C36CE1}.Ad-Hoc|iPhoneSimulator.ActiveCfg = Release|Any CPU
		{5E65B1E1-38F2-4AE5-819E-E1DB89C36CE1}.Ad-Hoc|iPhoneSimulator.Build.0 = Release|Any CPU
		{5E65B1E1-38F2-4AE5-819E-E1DB89C36CE1}.Ad-Hoc|iPhoneSimulator.Deploy.0 = Release|Any CPU
		{5E65B1E1-38F2-4AE5-819E-E1DB89C36CE1}.Ad-Hoc|x64.ActiveCfg = Release|x64
		{5E65B1E1-38F2-4AE5-819E-E1DB89C36CE1}.Ad-Hoc|x64.Build.0 = Release|x64
		{5E65B1E1-38F2-4AE5-819E-E1DB89C36CE1}.Ad-Hoc|x64.Deploy.0 = Release|x64
		{5E65B1E1-38F2-4AE5-819E-E1DB89C36CE1}.Ad-Hoc|x86.ActiveCfg = Release|x86
		{5E65B1E1-38F2-4AE5-819E-E1DB89C36CE1}.Ad-Hoc|x86.Build.0 = Release|x86
		{5E65B1E1-38F2-4AE5-819E-E1DB89C36CE1}.Ad-Hoc|x86.Deploy.0 = Release|x86
		{5E65B1E1-38F2-4AE5-819E-E1DB89C36CE1}.AppStore|Any CPU.ActiveCfg = Release|Any CPU
		{5E65B1E1-38F2-4AE5-819E-E1DB89C36CE1}.AppStore|Any CPU.Build.0 = Release|Any CPU
		{5E65B1E1-38F2-4AE5-819E-E1DB89C36CE1}.AppStore|Any CPU.Deploy.0 = Release|Any CPU
		{5E65B1E1-38F2-4AE5-819E-E1DB89C36CE1}.AppStore|ARM.ActiveCfg = Release|ARM
		{5E65B1E1-38F2-4AE5-819E-E1DB89C36CE1}.AppStore|ARM.Build.0 = Release|ARM
		{5E65B1E1-38F2-4AE5-819E-E1DB89C36CE1}.AppStore|ARM.Deploy.0 = Release|ARM
		{5E65B1E1-38F2-4AE5-819E-E1DB89C36CE1}.AppStore|iPhone.ActiveCfg = Release|Any CPU
		{5E65B1E1-38F2-4AE5-819E-E1DB89C36CE1}.AppStore|iPhone.Build.0 = Release|Any CPU
		{5E65B1E1-38F2-4AE5-819E-E1DB89C36CE1}.AppStore|iPhone.Deploy.0 = Release|Any CPU
		{5E65B1E1-38F2-4AE5-819E-E1DB89C36CE1}.AppStore|iPhoneSimulator.ActiveCfg = Release|Any CPU
		{5E65B1E1-38F2-4AE5-819E-E1DB89C36CE1}.AppStore|iPhoneSimulator.Build.0 = Release|Any CPU
		{5E65B1E1-38F2-4AE5-819E-E1DB89C36CE1}.AppStore|iPhoneSimulator.Deploy.0 = Release|Any CPU
		{5E65B1E1-38F2-4AE5-819E-E1DB89C36CE1}.AppStore|x64.ActiveCfg = Release|x64
		{5E65B1E1-38F2-4AE5-819E-E1DB89C36CE1}.AppStore|x64.Build.0 = Release|x64
		{5E65B1E1-38F2-4AE5-819E-E1DB89C36CE1}.AppStore|x64.Deploy.0 = Release|x64
		{5E65B1E1-38F2-4AE5-819E-E1DB89C36CE1}.AppStore|x86.ActiveCfg = Release|x86
		{5E65B1E1-38F2-4AE5-819E-E1DB89C36CE1}.AppStore|x86.Build.0 = Release|x86
		{5E65B1E1-38F2-4AE5-819E-E1DB89C36CE1}.AppStore|x86.Deploy.0 = Release|x86
		{5E65B1E1-38F2-4AE5-819E-E1DB89C36CE1}.Debug|Any CPU.ActiveCfg = Debug|Any CPU
		{5E65B1E1-38F2-4AE5-819E-E1DB89C36CE1}.Debug|Any CPU.Build.0 = Debug|Any CPU
		{5E65B1E1-38F2-4AE5-819E-E1DB89C36CE1}.Debug|Any CPU.Deploy.0 = Debug|Any CPU
		{5E65B1E1-38F2-4AE5-819E-E1DB89C36CE1}.Debug|ARM.ActiveCfg = Debug|ARM
		{5E65B1E1-38F2-4AE5-819E-E1DB89C36CE1}.Debug|ARM.Build.0 = Debug|ARM
		{5E65B1E1-38F2-4AE5-819E-E1DB89C36CE1}.Debug|ARM.Deploy.0 = Debug|ARM
		{5E65B1E1-38F2-4AE5-819E-E1DB89C36CE1}.Debug|iPhone.ActiveCfg = Debug|Any CPU
		{5E65B1E1-38F2-4AE5-819E-E1DB89C36CE1}.Debug|iPhone.Build.0 = Debug|Any CPU
		{5E65B1E1-38F2-4AE5-819E-E1DB89C36CE1}.Debug|iPhone.Deploy.0 = Debug|Any CPU
		{5E65B1E1-38F2-4AE5-819E-E1DB89C36CE1}.Debug|iPhoneSimulator.ActiveCfg = Debug|Any CPU
		{5E65B1E1-38F2-4AE5-819E-E1DB89C36CE1}.Debug|iPhoneSimulator.Build.0 = Debug|Any CPU
		{5E65B1E1-38F2-4AE5-819E-E1DB89C36CE1}.Debug|iPhoneSimulator.Deploy.0 = Debug|Any CPU
		{5E65B1E1-38F2-4AE5-819E-E1DB89C36CE1}.Debug|x64.ActiveCfg = Debug|x64
		{5E65B1E1-38F2-4AE5-819E-E1DB89C36CE1}.Debug|x64.Build.0 = Debug|x64
		{5E65B1E1-38F2-4AE5-819E-E1DB89C36CE1}.Debug|x64.Deploy.0 = Debug|x64
		{5E65B1E1-38F2-4AE5-819E-E1DB89C36CE1}.Debug|x86.ActiveCfg = Debug|x86
		{5E65B1E1-38F2-4AE5-819E-E1DB89C36CE1}.Debug|x86.Build.0 = Debug|x86
		{5E65B1E1-38F2-4AE5-819E-E1DB89C36CE1}.Debug|x86.Deploy.0 = Debug|x86
		{5E65B1E1-38F2-4AE5-819E-E1DB89C36CE1}.Release|Any CPU.ActiveCfg = Release|Any CPU
		{5E65B1E1-38F2-4AE5-819E-E1DB89C36CE1}.Release|Any CPU.Build.0 = Release|Any CPU
		{5E65B1E1-38F2-4AE5-819E-E1DB89C36CE1}.Release|Any CPU.Deploy.0 = Release|Any CPU
		{5E65B1E1-38F2-4AE5-819E-E1DB89C36CE1}.Release|ARM.ActiveCfg = Release|ARM
		{5E65B1E1-38F2-4AE5-819E-E1DB89C36CE1}.Release|ARM.Build.0 = Release|ARM
		{5E65B1E1-38F2-4AE5-819E-E1DB89C36CE1}.Release|ARM.Deploy.0 = Release|ARM
		{5E65B1E1-38F2-4AE5-819E-E1DB89C36CE1}.Release|iPhone.ActiveCfg = Release|Any CPU
		{5E65B1E1-38F2-4AE5-819E-E1DB89C36CE1}.Release|iPhone.Build.0 = Release|Any CPU
		{5E65B1E1-38F2-4AE5-819E-E1DB89C36CE1}.Release|iPhone.Deploy.0 = Release|Any CPU
		{5E65B1E1-38F2-4AE5-819E-E1DB89C36CE1}.Release|iPhoneSimulator.ActiveCfg = Release|Any CPU
		{5E65B1E1-38F2-4AE5-819E-E1DB89C36CE1}.Release|iPhoneSimulator.Build.0 = Release|Any CPU
		{5E65B1E1-38F2-4AE5-819E-E1DB89C36CE1}.Release|iPhoneSimulator.Deploy.0 = Release|Any CPU
		{5E65B1E1-38F2-4AE5-819E-E1DB89C36CE1}.Release|x64.ActiveCfg = Release|x64
		{5E65B1E1-38F2-4AE5-819E-E1DB89C36CE1}.Release|x64.Build.0 = Release|x64
		{5E65B1E1-38F2-4AE5-819E-E1DB89C36CE1}.Release|x64.Deploy.0 = Release|x64
		{5E65B1E1-38F2-4AE5-819E-E1DB89C36CE1}.Release|x86.ActiveCfg = Release|x86
		{5E65B1E1-38F2-4AE5-819E-E1DB89C36CE1}.Release|x86.Build.0 = Release|x86
		{5E65B1E1-38F2-4AE5-819E-E1DB89C36CE1}.Release|x86.Deploy.0 = Release|x86
	EndGlobalSection
	GlobalSection(SolutionProperties) = preSolution
		HideSolutionNode = FALSE
	EndGlobalSection
EndGlobal
