
Microsoft Visual Studio Solution File, Format Version 12.00
# Visual Studio 14
VisualStudioVersion = 14.0.25420.1
MinimumVisualStudioVersion = 10.0.40219.1
Project("{FAE04EC0-301F-11D3-BF4B-00C04F79EFBC}") = "AcikAkademiV2Ders4", "AcikAkademiV2Ders4\AcikAkademiV2Ders4\AcikAkademiV2Ders4.csproj", "{3CE9B543-FEEF-4A04-9FD8-4F4887808DAF}"
EndProject
Project("{FAE04EC0-301F-11D3-BF4B-00C04F79EFBC}") = "AcikAkademiV2Ders4.Droid", "AcikAkademiV2Ders4\AcikAkademiV2Ders4.Droid\AcikAkademiV2Ders4.Droid.csproj", "{5A6397C8-A880-4419-958C-584B2610AAC3}"
EndProject
Project("{FAE04EC0-301F-11D3-BF4B-00C04F79EFBC}") = "AcikAkademiV2Ders4.iOS", "AcikAkademiV2Ders4\AcikAkademiV2Ders4.iOS\AcikAkademiV2Ders4.iOS.csproj", "{A5C8D565-1424-46C2-8459-307E96EEA34A}"
EndProject
Project("{FAE04EC0-301F-11D3-BF4B-00C04F79EFBC}") = "AcikAkademiV2Ders4.WinPhone", "AcikAkademiV2Ders4\AcikAkademiV2Ders4.WinPhone\AcikAkademiV2Ders4.WinPhone.csproj", "{13C54948-F627-4491-9DBD-FBEEDAB11F32}"
EndProject
Project("{FAE04EC0-301F-11D3-BF4B-00C04F79EFBC}") = "AcikAkademiV2Ders4.Windows", "AcikAkademiV2Ders4\AcikAkademiV2Ders4.Windows\AcikAkademiV2Ders4.Windows.csproj", "{8BA7AA35-356E-43D7-A3EF-F42678D61838}"
EndProject
Global
	GlobalSection(SolutionConfigurationPlatforms) = preSolution
		Ad-Hoc|Any CPU = Ad-Hoc|Any CPU
		Ad-Hoc|ARM = Ad-Hoc|ARM
		Ad-Hoc|iPhone = Ad-Hoc|iPhone
		Ad-Hoc|iPhoneSimulator = Ad-Hoc|iPhoneSimulator
		Ad-Hoc|x64 = Ad-Hoc|x64
		Ad-Hoc|x86 = Ad-Hoc|x86
		AppStore|Any CPU = AppStore|Any CPU
		AppStore|ARM = AppStore|ARM
		AppStore|iPhone = AppStore|iPhone
		AppStore|iPhoneSimulator = AppStore|iPhoneSimulator
		AppStore|x64 = AppStore|x64
		AppStore|x86 = AppStore|x86
		Debug|Any CPU = Debug|Any CPU
		Debug|ARM = Debug|ARM
		Debug|iPhone = Debug|iPhone
		Debug|iPhoneSimulator = Debug|iPhoneSimulator
		Debug|x64 = Debug|x64
		Debug|x86 = Debug|x86
		Release|Any CPU = Release|Any CPU
		Release|ARM = Release|ARM
		Release|iPhone = Release|iPhone
		Release|iPhoneSimulator = Release|iPhoneSimulator
		Release|x64 = Release|x64
		Release|x86 = Release|x86
	EndGlobalSection
	GlobalSection(ProjectConfigurationPlatforms) = postSolution
		{3CE9B543-FEEF-4A04-9FD8-4F4887808DAF}.Ad-Hoc|Any CPU.ActiveCfg = Release|Any CPU
		{3CE9B543-FEEF-4A04-9FD8-4F4887808DAF}.Ad-Hoc|Any CPU.Build.0 = Release|Any CPU
		{3CE9B543-FEEF-4A04-9FD8-4F4887808DAF}.Ad-Hoc|ARM.ActiveCfg = Release|Any CPU
		{3CE9B543-FEEF-4A04-9FD8-4F4887808DAF}.Ad-Hoc|ARM.Build.0 = Release|Any CPU
		{3CE9B543-FEEF-4A04-9FD8-4F4887808DAF}.Ad-Hoc|iPhone.ActiveCfg = Release|Any CPU
		{3CE9B543-FEEF-4A04-9FD8-4F4887808DAF}.Ad-Hoc|iPhone.Build.0 = Release|Any CPU
		{3CE9B543-FEEF-4A04-9FD8-4F4887808DAF}.Ad-Hoc|iPhoneSimulator.ActiveCfg = Release|Any CPU
		{3CE9B543-FEEF-4A04-9FD8-4F4887808DAF}.Ad-Hoc|iPhoneSimulator.Build.0 = Release|Any CPU
		{3CE9B543-FEEF-4A04-9FD8-4F4887808DAF}.Ad-Hoc|x64.ActiveCfg = Release|Any CPU
		{3CE9B543-FEEF-4A04-9FD8-4F4887808DAF}.Ad-Hoc|x64.Build.0 = Release|Any CPU
		{3CE9B543-FEEF-4A04-9FD8-4F4887808DAF}.Ad-Hoc|x86.ActiveCfg = Release|Any CPU
		{3CE9B543-FEEF-4A04-9FD8-4F4887808DAF}.Ad-Hoc|x86.Build.0 = Release|Any CPU
		{3CE9B543-FEEF-4A04-9FD8-4F4887808DAF}.AppStore|Any CPU.ActiveCfg = Release|Any CPU
		{3CE9B543-FEEF-4A04-9FD8-4F4887808DAF}.AppStore|Any CPU.Build.0 = Release|Any CPU
		{3CE9B543-FEEF-4A04-9FD8-4F4887808DAF}.AppStore|ARM.ActiveCfg = Release|Any CPU
		{3CE9B543-FEEF-4A04-9FD8-4F4887808DAF}.AppStore|ARM.Build.0 = Release|Any CPU
		{3CE9B543-FEEF-4A04-9FD8-4F4887808DAF}.AppStore|iPhone.ActiveCfg = Release|Any CPU
		{3CE9B543-FEEF-4A04-9FD8-4F4887808DAF}.AppStore|iPhone.Build.0 = Release|Any CPU
		{3CE9B543-FEEF-4A04-9FD8-4F4887808DAF}.AppStore|iPhoneSimulator.ActiveCfg = Release|Any CPU
		{3CE9B543-FEEF-4A04-9FD8-4F4887808DAF}.AppStore|iPhoneSimulator.Build.0 = Release|Any CPU
		{3CE9B543-FEEF-4A04-9FD8-4F4887808DAF}.AppStore|x64.ActiveCfg = Release|Any CPU
		{3CE9B543-FEEF-4A04-9FD8-4F4887808DAF}.AppStore|x64.Build.0 = Release|Any CPU
		{3CE9B543-FEEF-4A04-9FD8-4F4887808DAF}.AppStore|x86.ActiveCfg = Release|Any CPU
		{3CE9B543-FEEF-4A04-9FD8-4F4887808DAF}.AppStore|x86.Build.0 = Release|Any CPU
		{3CE9B543-FEEF-4A04-9FD8-4F4887808DAF}.Debug|Any CPU.ActiveCfg = Debug|Any CPU
		{3CE9B543-FEEF-4A04-9FD8-4F4887808DAF}.Debug|Any CPU.Build.0 = Debug|Any CPU
		{3CE9B543-FEEF-4A04-9FD8-4F4887808DAF}.Debug|ARM.ActiveCfg = Debug|Any CPU
		{3CE9B543-FEEF-4A04-9FD8-4F4887808DAF}.Debug|ARM.Build.0 = Debug|Any CPU
		{3CE9B543-FEEF-4A04-9FD8-4F4887808DAF}.Debug|iPhone.ActiveCfg = Debug|Any CPU
		{3CE9B543-FEEF-4A04-9FD8-4F4887808DAF}.Debug|iPhone.Build.0 = Debug|Any CPU
		{3CE9B543-FEEF-4A04-9FD8-4F4887808DAF}.Debug|iPhoneSimulator.ActiveCfg = Debug|Any CPU
		{3CE9B543-FEEF-4A04-9FD8-4F4887808DAF}.Debug|iPhoneSimulator.Build.0 = Debug|Any CPU
		{3CE9B543-FEEF-4A04-9FD8-4F4887808DAF}.Debug|x64.ActiveCfg = Debug|Any CPU
		{3CE9B543-FEEF-4A04-9FD8-4F4887808DAF}.Debug|x64.Build.0 = Debug|Any CPU
		{3CE9B543-FEEF-4A04-9FD8-4F4887808DAF}.Debug|x86.ActiveCfg = Debug|Any CPU
		{3CE9B543-FEEF-4A04-9FD8-4F4887808DAF}.Debug|x86.Build.0 = Debug|Any CPU
		{3CE9B543-FEEF-4A04-9FD8-4F4887808DAF}.Release|Any CPU.ActiveCfg = Release|Any CPU
		{3CE9B543-FEEF-4A04-9FD8-4F4887808DAF}.Release|Any CPU.Build.0 = Release|Any CPU
		{3CE9B543-FEEF-4A04-9FD8-4F4887808DAF}.Release|ARM.ActiveCfg = Release|Any CPU
		{3CE9B543-FEEF-4A04-9FD8-4F4887808DAF}.Release|ARM.Build.0 = Release|Any CPU
		{3CE9B543-FEEF-4A04-9FD8-4F4887808DAF}.Release|iPhone.ActiveCfg = Release|Any CPU
		{3CE9B543-FEEF-4A04-9FD8-4F4887808DAF}.Release|iPhone.Build.0 = Release|Any CPU
		{3CE9B543-FEEF-4A04-9FD8-4F4887808DAF}.Release|iPhoneSimulator.ActiveCfg = Release|Any CPU
		{3CE9B543-FEEF-4A04-9FD8-4F4887808DAF}.Release|iPhoneSimulator.Build.0 = Release|Any CPU
		{3CE9B543-FEEF-4A04-9FD8-4F4887808DAF}.Release|x64.ActiveCfg = Release|Any CPU
		{3CE9B543-FEEF-4A04-9FD8-4F4887808DAF}.Release|x64.Build.0 = Release|Any CPU
		{3CE9B543-FEEF-4A04-9FD8-4F4887808DAF}.Release|x86.ActiveCfg = Release|Any CPU
		{3CE9B543-FEEF-4A04-9FD8-4F4887808DAF}.Release|x86.Build.0 = Release|Any CPU
		{5A6397C8-A880-4419-958C-584B2610AAC3}.Ad-Hoc|Any CPU.ActiveCfg = Release|Any CPU
		{5A6397C8-A880-4419-958C-584B2610AAC3}.Ad-Hoc|Any CPU.Build.0 = Release|Any CPU
		{5A6397C8-A880-4419-958C-584B2610AAC3}.Ad-Hoc|Any CPU.Deploy.0 = Release|Any CPU
		{5A6397C8-A880-4419-958C-584B2610AAC3}.Ad-Hoc|ARM.ActiveCfg = Release|Any CPU
		{5A6397C8-A880-4419-958C-584B2610AAC3}.Ad-Hoc|ARM.Build.0 = Release|Any CPU
		{5A6397C8-A880-4419-958C-584B2610AAC3}.Ad-Hoc|ARM.Deploy.0 = Release|Any CPU
		{5A6397C8-A880-4419-958C-584B2610AAC3}.Ad-Hoc|iPhone.ActiveCfg = Release|Any CPU
		{5A6397C8-A880-4419-958C-584B2610AAC3}.Ad-Hoc|iPhone.Build.0 = Release|Any CPU
		{5A6397C8-A880-4419-958C-584B2610AAC3}.Ad-Hoc|iPhone.Deploy.0 = Release|Any CPU
		{5A6397C8-A880-4419-958C-584B2610AAC3}.Ad-Hoc|iPhoneSimulator.ActiveCfg = Release|Any CPU
		{5A6397C8-A880-4419-958C-584B2610AAC3}.Ad-Hoc|iPhoneSimulator.Build.0 = Release|Any CPU
		{5A6397C8-A880-4419-958C-584B2610AAC3}.Ad-Hoc|iPhoneSimulator.Deploy.0 = Release|Any CPU
		{5A6397C8-A880-4419-958C-584B2610AAC3}.Ad-Hoc|x64.ActiveCfg = Release|Any CPU
		{5A6397C8-A880-4419-958C-584B2610AAC3}.Ad-Hoc|x64.Build.0 = Release|Any CPU
		{5A6397C8-A880-4419-958C-584B2610AAC3}.Ad-Hoc|x64.Deploy.0 = Release|Any CPU
		{5A6397C8-A880-4419-958C-584B2610AAC3}.Ad-Hoc|x86.ActiveCfg = Release|Any CPU
		{5A6397C8-A880-4419-958C-584B2610AAC3}.Ad-Hoc|x86.Build.0 = Release|Any CPU
		{5A6397C8-A880-4419-958C-584B2610AAC3}.Ad-Hoc|x86.Deploy.0 = Release|Any CPU
		{5A6397C8-A880-4419-958C-584B2610AAC3}.AppStore|Any CPU.ActiveCfg = Release|Any CPU
		{5A6397C8-A880-4419-958C-584B2610AAC3}.AppStore|Any CPU.Build.0 = Release|Any CPU
		{5A6397C8-A880-4419-958C-584B2610AAC3}.AppStore|Any CPU.Deploy.0 = Release|Any CPU
		{5A6397C8-A880-4419-958C-584B2610AAC3}.AppStore|ARM.ActiveCfg = Release|Any CPU
		{5A6397C8-A880-4419-958C-584B2610AAC3}.AppStore|ARM.Build.0 = Release|Any CPU
		{5A6397C8-A880-4419-958C-584B2610AAC3}.AppStore|ARM.Deploy.0 = Release|Any CPU
		{5A6397C8-A880-4419-958C-584B2610AAC3}.AppStore|iPhone.ActiveCfg = Release|Any CPU
		{5A6397C8-A880-4419-958C-584B2610AAC3}.AppStore|iPhone.Build.0 = Release|Any CPU
		{5A6397C8-A880-4419-958C-584B2610AAC3}.AppStore|iPhone.Deploy.0 = Release|Any CPU
		{5A6397C8-A880-4419-958C-584B2610AAC3}.AppStore|iPhoneSimulator.ActiveCfg = Release|Any CPU
		{5A6397C8-A880-4419-958C-584B2610AAC3}.AppStore|iPhoneSimulator.Build.0 = Release|Any CPU
		{5A6397C8-A880-4419-958C-584B2610AAC3}.AppStore|iPhoneSimulator.Deploy.0 = Release|Any CPU
		{5A6397C8-A880-4419-958C-584B2610AAC3}.AppStore|x64.ActiveCfg = Release|Any CPU
		{5A6397C8-A880-4419-958C-584B2610AAC3}.AppStore|x64.Build.0 = Release|Any CPU
		{5A6397C8-A880-4419-958C-584B2610AAC3}.AppStore|x64.Deploy.0 = Release|Any CPU
		{5A6397C8-A880-4419-958C-584B2610AAC3}.AppStore|x86.ActiveCfg = Release|Any CPU
		{5A6397C8-A880-4419-958C-584B2610AAC3}.AppStore|x86.Build.0 = Release|Any CPU
		{5A6397C8-A880-4419-958C-584B2610AAC3}.AppStore|x86.Deploy.0 = Release|Any CPU
		{5A6397C8-A880-4419-958C-584B2610AAC3}.Debug|Any CPU.ActiveCfg = Debug|Any CPU
		{5A6397C8-A880-4419-958C-584B2610AAC3}.Debug|Any CPU.Build.0 = Debug|Any CPU
		{5A6397C8-A880-4419-958C-584B2610AAC3}.Debug|Any CPU.Deploy.0 = Debug|Any CPU
		{5A6397C8-A880-4419-958C-584B2610AAC3}.Debug|ARM.ActiveCfg = Debug|Any CPU
		{5A6397C8-A880-4419-958C-584B2610AAC3}.Debug|ARM.Build.0 = Debug|Any CPU
		{5A6397C8-A880-4419-958C-584B2610AAC3}.Debug|ARM.Deploy.0 = Debug|Any CPU
		{5A6397C8-A880-4419-958C-584B2610AAC3}.Debug|iPhone.ActiveCfg = Debug|Any CPU
		{5A6397C8-A880-4419-958C-584B2610AAC3}.Debug|iPhone.Build.0 = Debug|Any CPU
		{5A6397C8-A880-4419-958C-584B2610AAC3}.Debug|iPhone.Deploy.0 = Debug|Any CPU
		{5A6397C8-A880-4419-958C-584B2610AAC3}.Debug|iPhoneSimulator.ActiveCfg = Debug|Any CPU
		{5A6397C8-A880-4419-958C-584B2610AAC3}.Debug|iPhoneSimulator.Build.0 = Debug|Any CPU
		{5A6397C8-A880-4419-958C-584B2610AAC3}.Debug|iPhoneSimulator.Deploy.0 = Debug|Any CPU
		{5A6397C8-A880-4419-958C-584B2610AAC3}.Debug|x64.ActiveCfg = Debug|Any CPU
		{5A6397C8-A880-4419-958C-584B2610AAC3}.Debug|x64.Build.0 = Debug|Any CPU
		{5A6397C8-A880-4419-958C-584B2610AAC3}.Debug|x64.Deploy.0 = Debug|Any CPU
		{5A6397C8-A880-4419-958C-584B2610AAC3}.Debug|x86.ActiveCfg = Debug|Any CPU
		{5A6397C8-A880-4419-958C-584B2610AAC3}.Debug|x86.Build.0 = Debug|Any CPU
		{5A6397C8-A880-4419-958C-584B2610AAC3}.Debug|x86.Deploy.0 = Debug|Any CPU
		{5A6397C8-A880-4419-958C-584B2610AAC3}.Release|Any CPU.ActiveCfg = Release|Any CPU
		{5A6397C8-A880-4419-958C-584B2610AAC3}.Release|Any CPU.Build.0 = Release|Any CPU
		{5A6397C8-A880-4419-958C-584B2610AAC3}.Release|Any CPU.Deploy.0 = Release|Any CPU
		{5A6397C8-A880-4419-958C-584B2610AAC3}.Release|ARM.ActiveCfg = Release|Any CPU
		{5A6397C8-A880-4419-958C-584B2610AAC3}.Release|ARM.Build.0 = Release|Any CPU
		{5A6397C8-A880-4419-958C-584B2610AAC3}.Release|ARM.Deploy.0 = Release|Any CPU
		{5A6397C8-A880-4419-958C-584B2610AAC3}.Release|iPhone.ActiveCfg = Release|Any CPU
		{5A6397C8-A880-4419-958C-584B2610AAC3}.Release|iPhone.Build.0 = Release|Any CPU
		{5A6397C8-A880-4419-958C-584B2610AAC3}.Release|iPhone.Deploy.0 = Release|Any CPU
		{5A6397C8-A880-4419-958C-584B2610AAC3}.Release|iPhoneSimulator.ActiveCfg = Release|Any CPU
		{5A6397C8-A880-4419-958C-584B2610AAC3}.Release|iPhoneSimulator.Build.0 = Release|Any CPU
		{5A6397C8-A880-4419-958C-584B2610AAC3}.Release|iPhoneSimulator.Deploy.0 = Release|Any CPU
		{5A6397C8-A880-4419-958C-584B2610AAC3}.Release|x64.ActiveCfg = Release|Any CPU
		{5A6397C8-A880-4419-958C-584B2610AAC3}.Release|x64.Build.0 = Release|Any CPU
		{5A6397C8-A880-4419-958C-584B2610AAC3}.Release|x64.Deploy.0 = Release|Any CPU
		{5A6397C8-A880-4419-958C-584B2610AAC3}.Release|x86.ActiveCfg = Release|Any CPU
		{5A6397C8-A880-4419-958C-584B2610AAC3}.Release|x86.Build.0 = Release|Any CPU
		{5A6397C8-A880-4419-958C-584B2610AAC3}.Release|x86.Deploy.0 = Release|Any CPU
		{A5C8D565-1424-46C2-8459-307E96EEA34A}.Ad-Hoc|Any CPU.ActiveCfg = Ad-Hoc|iPhone
		{A5C8D565-1424-46C2-8459-307E96EEA34A}.Ad-Hoc|ARM.ActiveCfg = Ad-Hoc|iPhone
		{A5C8D565-1424-46C2-8459-307E96EEA34A}.Ad-Hoc|iPhone.ActiveCfg = Ad-Hoc|iPhone
		{A5C8D565-1424-46C2-8459-307E96EEA34A}.Ad-Hoc|iPhone.Build.0 = Ad-Hoc|iPhone
		{A5C8D565-1424-46C2-8459-307E96EEA34A}.Ad-Hoc|iPhoneSimulator.ActiveCfg = Ad-Hoc|iPhoneSimulator
		{A5C8D565-1424-46C2-8459-307E96EEA34A}.Ad-Hoc|iPhoneSimulator.Build.0 = Ad-Hoc|iPhoneSimulator
		{A5C8D565-1424-46C2-8459-307E96EEA34A}.Ad-Hoc|x64.ActiveCfg = Ad-Hoc|iPhone
		{A5C8D565-1424-46C2-8459-307E96EEA34A}.Ad-Hoc|x86.ActiveCfg = Ad-Hoc|iPhone
		{A5C8D565-1424-46C2-8459-307E96EEA34A}.AppStore|Any CPU.ActiveCfg = AppStore|iPhone
		{A5C8D565-1424-46C2-8459-307E96EEA34A}.AppStore|ARM.ActiveCfg = AppStore|iPhone
		{A5C8D565-1424-46C2-8459-307E96EEA34A}.AppStore|iPhone.ActiveCfg = AppStore|iPhone
		{A5C8D565-1424-46C2-8459-307E96EEA34A}.AppStore|iPhone.Build.0 = AppStore|iPhone
		{A5C8D565-1424-46C2-8459-307E96EEA34A}.AppStore|iPhoneSimulator.ActiveCfg = AppStore|iPhoneSimulator
		{A5C8D565-1424-46C2-8459-307E96EEA34A}.AppStore|iPhoneSimulator.Build.0 = AppStore|iPhoneSimulator
		{A5C8D565-1424-46C2-8459-307E96EEA34A}.AppStore|x64.ActiveCfg = AppStore|iPhone
		{A5C8D565-1424-46C2-8459-307E96EEA34A}.AppStore|x86.ActiveCfg = AppStore|iPhone
		{A5C8D565-1424-46C2-8459-307E96EEA34A}.Debug|Any CPU.ActiveCfg = Debug|iPhone
		{A5C8D565-1424-46C2-8459-307E96EEA34A}.Debug|ARM.ActiveCfg = Debug|iPhone
		{A5C8D565-1424-46C2-8459-307E96EEA34A}.Debug|iPhone.ActiveCfg = Debug|iPhone
		{A5C8D565-1424-46C2-8459-307E96EEA34A}.Debug|iPhone.Build.0 = Debug|iPhone
		{A5C8D565-1424-46C2-8459-307E96EEA34A}.Debug|iPhoneSimulator.ActiveCfg = Debug|iPhoneSimulator
		{A5C8D565-1424-46C2-8459-307E96EEA34A}.Debug|iPhoneSimulator.Build.0 = Debug|iPhoneSimulator
		{A5C8D565-1424-46C2-8459-307E96EEA34A}.Debug|x64.ActiveCfg = Debug|iPhone
		{A5C8D565-1424-46C2-8459-307E96EEA34A}.Debug|x86.ActiveCfg = Debug|iPhone
		{A5C8D565-1424-46C2-8459-307E96EEA34A}.Release|Any CPU.ActiveCfg = Release|iPhone
		{A5C8D565-1424-46C2-8459-307E96EEA34A}.Release|ARM.ActiveCfg = Release|iPhone
		{A5C8D565-1424-46C2-8459-307E96EEA34A}.Release|iPhone.ActiveCfg = Release|iPhone
		{A5C8D565-1424-46C2-8459-307E96EEA34A}.Release|iPhone.Build.0 = Release|iPhone
		{A5C8D565-1424-46C2-8459-307E96EEA34A}.Release|iPhoneSimulator.ActiveCfg = Release|iPhoneSimulator
		{A5C8D565-1424-46C2-8459-307E96EEA34A}.Release|iPhoneSimulator.Build.0 = Release|iPhoneSimulator
		{A5C8D565-1424-46C2-8459-307E96EEA34A}.Release|x64.ActiveCfg = Release|iPhone
		{A5C8D565-1424-46C2-8459-307E96EEA34A}.Release|x86.ActiveCfg = Release|iPhone
		{13C54948-F627-4491-9DBD-FBEEDAB11F32}.Ad-Hoc|Any CPU.ActiveCfg = Release|Any CPU
		{13C54948-F627-4491-9DBD-FBEEDAB11F32}.Ad-Hoc|Any CPU.Build.0 = Release|Any CPU
		{13C54948-F627-4491-9DBD-FBEEDAB11F32}.Ad-Hoc|Any CPU.Deploy.0 = Release|Any CPU
		{13C54948-F627-4491-9DBD-FBEEDAB11F32}.Ad-Hoc|ARM.ActiveCfg = Release|ARM
		{13C54948-F627-4491-9DBD-FBEEDAB11F32}.Ad-Hoc|ARM.Build.0 = Release|ARM
		{13C54948-F627-4491-9DBD-FBEEDAB11F32}.Ad-Hoc|ARM.Deploy.0 = Release|ARM
		{13C54948-F627-4491-9DBD-FBEEDAB11F32}.Ad-Hoc|iPhone.ActiveCfg = Release|Any CPU
		{13C54948-F627-4491-9DBD-FBEEDAB11F32}.Ad-Hoc|iPhone.Build.0 = Release|Any CPU
		{13C54948-F627-4491-9DBD-FBEEDAB11F32}.Ad-Hoc|iPhone.Deploy.0 = Release|Any CPU
		{13C54948-F627-4491-9DBD-FBEEDAB11F32}.Ad-Hoc|iPhoneSimulator.ActiveCfg = Release|Any CPU
		{13C54948-F627-4491-9DBD-FBEEDAB11F32}.Ad-Hoc|iPhoneSimulator.Build.0 = Release|Any CPU
		{13C54948-F627-4491-9DBD-FBEEDAB11F32}.Ad-Hoc|iPhoneSimulator.Deploy.0 = Release|Any CPU
		{13C54948-F627-4491-9DBD-FBEEDAB11F32}.Ad-Hoc|x64.ActiveCfg = Release|Any CPU
		{13C54948-F627-4491-9DBD-FBEEDAB11F32}.Ad-Hoc|x64.Build.0 = Release|Any CPU
		{13C54948-F627-4491-9DBD-FBEEDAB11F32}.Ad-Hoc|x64.Deploy.0 = Release|Any CPU
		{13C54948-F627-4491-9DBD-FBEEDAB11F32}.Ad-Hoc|x86.ActiveCfg = Release|x86
		{13C54948-F627-4491-9DBD-FBEEDAB11F32}.Ad-Hoc|x86.Build.0 = Release|x86
		{13C54948-F627-4491-9DBD-FBEEDAB11F32}.Ad-Hoc|x86.Deploy.0 = Release|x86
		{13C54948-F627-4491-9DBD-FBEEDAB11F32}.AppStore|Any CPU.ActiveCfg = Release|Any CPU
		{13C54948-F627-4491-9DBD-FBEEDAB11F32}.AppStore|Any CPU.Build.0 = Release|Any CPU
		{13C54948-F627-4491-9DBD-FBEEDAB11F32}.AppStore|Any CPU.Deploy.0 = Release|Any CPU
		{13C54948-F627-4491-9DBD-FBEEDAB11F32}.AppStore|ARM.ActiveCfg = Release|ARM
		{13C54948-F627-4491-9DBD-FBEEDAB11F32}.AppStore|ARM.Build.0 = Release|ARM
		{13C54948-F627-4491-9DBD-FBEEDAB11F32}.AppStore|ARM.Deploy.0 = Release|ARM
		{13C54948-F627-4491-9DBD-FBEEDAB11F32}.AppStore|iPhone.ActiveCfg = Release|Any CPU
		{13C54948-F627-4491-9DBD-FBEEDAB11F32}.AppStore|iPhone.Build.0 = Release|Any CPU
		{13C54948-F627-4491-9DBD-FBEEDAB11F32}.AppStore|iPhone.Deploy.0 = Release|Any CPU
		{13C54948-F627-4491-9DBD-FBEEDAB11F32}.AppStore|iPhoneSimulator.ActiveCfg = Release|Any CPU
		{13C54948-F627-4491-9DBD-FBEEDAB11F32}.AppStore|iPhoneSimulator.Build.0 = Release|Any CPU
		{13C54948-F627-4491-9DBD-FBEEDAB11F32}.AppStore|iPhoneSimulator.Deploy.0 = Release|Any CPU
		{13C54948-F627-4491-9DBD-FBEEDAB11F32}.AppStore|x64.ActiveCfg = Release|Any CPU
		{13C54948-F627-4491-9DBD-FBEEDAB11F32}.AppStore|x64.Build.0 = Release|Any CPU
		{13C54948-F627-4491-9DBD-FBEEDAB11F32}.AppStore|x64.Deploy.0 = Release|Any CPU
		{13C54948-F627-4491-9DBD-FBEEDAB11F32}.AppStore|x86.ActiveCfg = Release|x86
		{13C54948-F627-4491-9DBD-FBEEDAB11F32}.AppStore|x86.Build.0 = Release|x86
		{13C54948-F627-4491-9DBD-FBEEDAB11F32}.AppStore|x86.Deploy.0 = Release|x86
		{13C54948-F627-4491-9DBD-FBEEDAB11F32}.Debug|Any CPU.ActiveCfg = Debug|Any CPU
		{13C54948-F627-4491-9DBD-FBEEDAB11F32}.Debug|Any CPU.Build.0 = Debug|Any CPU
		{13C54948-F627-4491-9DBD-FBEEDAB11F32}.Debug|Any CPU.Deploy.0 = Debug|Any CPU
		{13C54948-F627-4491-9DBD-FBEEDAB11F32}.Debug|ARM.ActiveCfg = Debug|ARM
		{13C54948-F627-4491-9DBD-FBEEDAB11F32}.Debug|ARM.Build.0 = Debug|ARM
		{13C54948-F627-4491-9DBD-FBEEDAB11F32}.Debug|ARM.Deploy.0 = Debug|ARM
		{13C54948-F627-4491-9DBD-FBEEDAB11F32}.Debug|iPhone.ActiveCfg = Debug|Any CPU
		{13C54948-F627-4491-9DBD-FBEEDAB11F32}.Debug|iPhone.Build.0 = Debug|Any CPU
		{13C54948-F627-4491-9DBD-FBEEDAB11F32}.Debug|iPhone.Deploy.0 = Debug|Any CPU
		{13C54948-F627-4491-9DBD-FBEEDAB11F32}.Debug|iPhoneSimulator.ActiveCfg = Debug|Any CPU
		{13C54948-F627-4491-9DBD-FBEEDAB11F32}.Debug|iPhoneSimulator.Build.0 = Debug|Any CPU
		{13C54948-F627-4491-9DBD-FBEEDAB11F32}.Debug|iPhoneSimulator.Deploy.0 = Debug|Any CPU
		{13C54948-F627-4491-9DBD-FBEEDAB11F32}.Debug|x64.ActiveCfg = Debug|Any CPU
		{13C54948-F627-4491-9DBD-FBEEDAB11F32}.Debug|x64.Build.0 = Debug|Any CPU
		{13C54948-F627-4491-9DBD-FBEEDAB11F32}.Debug|x64.Deploy.0 = Debug|Any CPU
		{13C54948-F627-4491-9DBD-FBEEDAB11F32}.Debug|x86.ActiveCfg = Debug|x86
		{13C54948-F627-4491-9DBD-FBEEDAB11F32}.Debug|x86.Build.0 = Debug|x86
		{13C54948-F627-4491-9DBD-FBEEDAB11F32}.Debug|x86.Deploy.0 = Debug|x86
		{13C54948-F627-4491-9DBD-FBEEDAB11F32}.Release|Any CPU.ActiveCfg = Release|Any CPU
		{13C54948-F627-4491-9DBD-FBEEDAB11F32}.Release|Any CPU.Build.0 = Release|Any CPU
		{13C54948-F627-4491-9DBD-FBEEDAB11F32}.Release|Any CPU.Deploy.0 = Release|Any CPU
		{13C54948-F627-4491-9DBD-FBEEDAB11F32}.Release|ARM.ActiveCfg = Release|ARM
		{13C54948-F627-4491-9DBD-FBEEDAB11F32}.Release|ARM.Build.0 = Release|ARM
		{13C54948-F627-4491-9DBD-FBEEDAB11F32}.Release|ARM.Deploy.0 = Release|ARM
		{13C54948-F627-4491-9DBD-FBEEDAB11F32}.Release|iPhone.ActiveCfg = Release|Any CPU
		{13C54948-F627-4491-9DBD-FBEEDAB11F32}.Release|iPhone.Build.0 = Release|Any CPU
		{13C54948-F627-4491-9DBD-FBEEDAB11F32}.Release|iPhone.Deploy.0 = Release|Any CPU
		{13C54948-F627-4491-9DBD-FBEEDAB11F32}.Release|iPhoneSimulator.ActiveCfg = Release|Any CPU
		{13C54948-F627-4491-9DBD-FBEEDAB11F32}.Release|iPhoneSimulator.Build.0 = Release|Any CPU
		{13C54948-F627-4491-9DBD-FBEEDAB11F32}.Release|iPhoneSimulator.Deploy.0 = Release|Any CPU
		{13C54948-F627-4491-9DBD-FBEEDAB11F32}.Release|x64.ActiveCfg = Release|Any CPU
		{13C54948-F627-4491-9DBD-FBEEDAB11F32}.Release|x64.Build.0 = Release|Any CPU
		{13C54948-F627-4491-9DBD-FBEEDAB11F32}.Release|x64.Deploy.0 = Release|Any CPU
		{13C54948-F627-4491-9DBD-FBEEDAB11F32}.Release|x86.ActiveCfg = Release|x86
		{13C54948-F627-4491-9DBD-FBEEDAB11F32}.Release|x86.Build.0 = Release|x86
		{13C54948-F627-4491-9DBD-FBEEDAB11F32}.Release|x86.Deploy.0 = Release|x86
		{8BA7AA35-356E-43D7-A3EF-F42678D61838}.Ad-Hoc|Any CPU.ActiveCfg = Release|Any CPU
		{8BA7AA35-356E-43D7-A3EF-F42678D61838}.Ad-Hoc|Any CPU.Build.0 = Release|Any CPU
		{8BA7AA35-356E-43D7-A3EF-F42678D61838}.Ad-Hoc|Any CPU.Deploy.0 = Release|Any CPU
		{8BA7AA35-356E-43D7-A3EF-F42678D61838}.Ad-Hoc|ARM.ActiveCfg = Release|ARM
		{8BA7AA35-356E-43D7-A3EF-F42678D61838}.Ad-Hoc|ARM.Build.0 = Release|ARM
		{8BA7AA35-356E-43D7-A3EF-F42678D61838}.Ad-Hoc|ARM.Deploy.0 = Release|ARM
		{8BA7AA35-356E-43D7-A3EF-F42678D61838}.Ad-Hoc|iPhone.ActiveCfg = Release|Any CPU
		{8BA7AA35-356E-43D7-A3EF-F42678D61838}.Ad-Hoc|iPhone.Build.0 = Release|Any CPU
		{8BA7AA35-356E-43D7-A3EF-F42678D61838}.Ad-Hoc|iPhone.Deploy.0 = Release|Any CPU
		{8BA7AA35-356E-43D7-A3EF-F42678D61838}.Ad-Hoc|iPhoneSimulator.ActiveCfg = Release|Any CPU
		{8BA7AA35-356E-43D7-A3EF-F42678D61838}.Ad-Hoc|iPhoneSimulator.Build.0 = Release|Any CPU
		{8BA7AA35-356E-43D7-A3EF-F42678D61838}.Ad-Hoc|iPhoneSimulator.Deploy.0 = Release|Any CPU
		{8BA7AA35-356E-43D7-A3EF-F42678D61838}.Ad-Hoc|x64.ActiveCfg = Release|x64
		{8BA7AA35-356E-43D7-A3EF-F42678D61838}.Ad-Hoc|x64.Build.0 = Release|x64
		{8BA7AA35-356E-43D7-A3EF-F42678D61838}.Ad-Hoc|x64.Deploy.0 = Release|x64
		{8BA7AA35-356E-43D7-A3EF-F42678D61838}.Ad-Hoc|x86.ActiveCfg = Release|x86
		{8BA7AA35-356E-43D7-A3EF-F42678D61838}.Ad-Hoc|x86.Build.0 = Release|x86
		{8BA7AA35-356E-43D7-A3EF-F42678D61838}.Ad-Hoc|x86.Deploy.0 = Release|x86
		{8BA7AA35-356E-43D7-A3EF-F42678D61838}.AppStore|Any CPU.ActiveCfg = Release|Any CPU
		{8BA7AA35-356E-43D7-A3EF-F42678D61838}.AppStore|Any CPU.Build.0 = Release|Any CPU
		{8BA7AA35-356E-43D7-A3EF-F42678D61838}.AppStore|Any CPU.Deploy.0 = Release|Any CPU
		{8BA7AA35-356E-43D7-A3EF-F42678D61838}.AppStore|ARM.ActiveCfg = Release|ARM
		{8BA7AA35-356E-43D7-A3EF-F42678D61838}.AppStore|ARM.Build.0 = Release|ARM
		{8BA7AA35-356E-43D7-A3EF-F42678D61838}.AppStore|ARM.Deploy.0 = Release|ARM
		{8BA7AA35-356E-43D7-A3EF-F42678D61838}.AppStore|iPhone.ActiveCfg = Release|Any CPU
		{8BA7AA35-356E-43D7-A3EF-F42678D61838}.AppStore|iPhone.Build.0 = Release|Any CPU
		{8BA7AA35-356E-43D7-A3EF-F42678D61838}.AppStore|iPhone.Deploy.0 = Release|Any CPU
		{8BA7AA35-356E-43D7-A3EF-F42678D61838}.AppStore|iPhoneSimulator.ActiveCfg = Release|Any CPU
		{8BA7AA35-356E-43D7-A3EF-F42678D61838}.AppStore|iPhoneSimulator.Build.0 = Release|Any CPU
		{8BA7AA35-356E-43D7-A3EF-F42678D61838}.AppStore|iPhoneSimulator.Deploy.0 = Release|Any CPU
		{8BA7AA35-356E-43D7-A3EF-F42678D61838}.AppStore|x64.ActiveCfg = Release|x64
		{8BA7AA35-356E-43D7-A3EF-F42678D61838}.AppStore|x64.Build.0 = Release|x64
		{8BA7AA35-356E-43D7-A3EF-F42678D61838}.AppStore|x64.Deploy.0 = Release|x64
		{8BA7AA35-356E-43D7-A3EF-F42678D61838}.AppStore|x86.ActiveCfg = Release|x86
		{8BA7AA35-356E-43D7-A3EF-F42678D61838}.AppStore|x86.Build.0 = Release|x86
		{8BA7AA35-356E-43D7-A3EF-F42678D61838}.AppStore|x86.Deploy.0 = Release|x86
		{8BA7AA35-356E-43D7-A3EF-F42678D61838}.Debug|Any CPU.ActiveCfg = Debug|Any CPU
		{8BA7AA35-356E-43D7-A3EF-F42678D61838}.Debug|Any CPU.Build.0 = Debug|Any CPU
		{8BA7AA35-356E-43D7-A3EF-F42678D61838}.Debug|Any CPU.Deploy.0 = Debug|Any CPU
		{8BA7AA35-356E-43D7-A3EF-F42678D61838}.Debug|ARM.ActiveCfg = Debug|ARM
		{8BA7AA35-356E-43D7-A3EF-F42678D61838}.Debug|ARM.Build.0 = Debug|ARM
		{8BA7AA35-356E-43D7-A3EF-F42678D61838}.Debug|ARM.Deploy.0 = Debug|ARM
		{8BA7AA35-356E-43D7-A3EF-F42678D61838}.Debug|iPhone.ActiveCfg = Debug|Any CPU
		{8BA7AA35-356E-43D7-A3EF-F42678D61838}.Debug|iPhone.Build.0 = Debug|Any CPU
		{8BA7AA35-356E-43D7-A3EF-F42678D61838}.Debug|iPhone.Deploy.0 = Debug|Any CPU
		{8BA7AA35-356E-43D7-A3EF-F42678D61838}.Debug|iPhoneSimulator.ActiveCfg = Debug|Any CPU
		{8BA7AA35-356E-43D7-A3EF-F42678D61838}.Debug|iPhoneSimulator.Build.0 = Debug|Any CPU
		{8BA7AA35-356E-43D7-A3EF-F42678D61838}.Debug|iPhoneSimulator.Deploy.0 = Debug|Any CPU
		{8BA7AA35-356E-43D7-A3EF-F42678D61838}.Debug|x64.ActiveCfg = Debug|x64
		{8BA7AA35-356E-43D7-A3EF-F42678D61838}.Debug|x64.Build.0 = Debug|x64
		{8BA7AA35-356E-43D7-A3EF-F42678D61838}.Debug|x64.Deploy.0 = Debug|x64
		{8BA7AA35-356E-43D7-A3EF-F42678D61838}.Debug|x86.ActiveCfg = Debug|x86
		{8BA7AA35-356E-43D7-A3EF-F42678D61838}.Debug|x86.Build.0 = Debug|x86
		{8BA7AA35-356E-43D7-A3EF-F42678D61838}.Debug|x86.Deploy.0 = Debug|x86
		{8BA7AA35-356E-43D7-A3EF-F42678D61838}.Release|Any CPU.ActiveCfg = Release|Any CPU
		{8BA7AA35-356E-43D7-A3EF-F42678D61838}.Release|Any CPU.Build.0 = Release|Any CPU
		{8BA7AA35-356E-43D7-A3EF-F42678D61838}.Release|Any CPU.Deploy.0 = Release|Any CPU
		{8BA7AA35-356E-43D7-A3EF-F42678D61838}.Release|ARM.ActiveCfg = Release|ARM
		{8BA7AA35-356E-43D7-A3EF-F42678D61838}.Release|ARM.Build.0 = Release|ARM
		{8BA7AA35-356E-43D7-A3EF-F42678D61838}.Release|ARM.Deploy.0 = Release|ARM
		{8BA7AA35-356E-43D7-A3EF-F42678D61838}.Release|iPhone.ActiveCfg = Release|Any CPU
		{8BA7AA35-356E-43D7-A3EF-F42678D61838}.Release|iPhone.Build.0 = Release|Any CPU
		{8BA7AA35-356E-43D7-A3EF-F42678D61838}.Release|iPhone.Deploy.0 = Release|Any CPU
		{8BA7AA35-356E-43D7-A3EF-F42678D61838}.Release|iPhoneSimulator.ActiveCfg = Release|Any CPU
		{8BA7AA35-356E-43D7-A3EF-F42678D61838}.Release|iPhoneSimulator.Build.0 = Release|Any CPU
		{8BA7AA35-356E-43D7-A3EF-F42678D61838}.Release|iPhoneSimulator.Deploy.0 = Release|Any CPU
		{8BA7AA35-356E-43D7-A3EF-F42678D61838}.Release|x64.ActiveCfg = Release|x64
		{8BA7AA35-356E-43D7-A3EF-F42678D61838}.Release|x64.Build.0 = Release|x64
		{8BA7AA35-356E-43D7-A3EF-F42678D61838}.Release|x64.Deploy.0 = Release|x64
		{8BA7AA35-356E-43D7-A3EF-F42678D61838}.Release|x86.ActiveCfg = Release|x86
		{8BA7AA35-356E-43D7-A3EF-F42678D61838}.Release|x86.Build.0 = Release|x86
		{8BA7AA35-356E-43D7-A3EF-F42678D61838}.Release|x86.Deploy.0 = Release|x86
	EndGlobalSection
	GlobalSection(SolutionProperties) = preSolution
		HideSolutionNode = FALSE
	EndGlobalSection
EndGlobal
