
Microsoft Visual Studio Solution File, Format Version 12.00
# Visual Studio 14
VisualStudioVersion = 14.0.25420.1
MinimumVisualStudioVersion = 10.0.40219.1
Project("{FAE04EC0-301F-11D3-BF4B-00C04F79EFBC}") = "AcikAkademiV2Ders5", "AcikAkademiV2Ders5\AcikAkademiV2Ders5\AcikAkademiV2Ders5.csproj", "{5D2F669E-11DA-4006-A083-42A5FBAFC63D}"
EndProject
Project("{FAE04EC0-301F-11D3-BF4B-00C04F79EFBC}") = "AcikAkademiV2Ders5.Droid", "AcikAkademiV2Ders5\AcikAkademiV2Ders5.Droid\AcikAkademiV2Ders5.Droid.csproj", "{C0C13B32-1FAB-4A87-B498-1B189F119A68}"
EndProject
Project("{FAE04EC0-301F-11D3-BF4B-00C04F79EFBC}") = "AcikAkademiV2Ders5.iOS", "AcikAkademiV2Ders5\AcikAkademiV2Ders5.iOS\AcikAkademiV2Ders5.iOS.csproj", "{F56E61F3-7D37-4BC6-937C-F5C1C2E9CBF5}"
EndProject
Project("{FAE04EC0-301F-11D3-BF4B-00C04F79EFBC}") = "AcikAkademiV2Ders5.WinPhone", "AcikAkademiV2Ders5\AcikAkademiV2Ders5.WinPhone\AcikAkademiV2Ders5.WinPhone.csproj", "{0B58A1AA-996B-49B6-B3AA-0039A383337C}"
EndProject
Project("{FAE04EC0-301F-11D3-BF4B-00C04F79EFBC}") = "AcikAkademiV2Ders5.Windows", "AcikAkademiV2Ders5\AcikAkademiV2Ders5.Windows\AcikAkademiV2Ders5.Windows.csproj", "{D70E0A41-14F2-4002-B6C7-9B4CE7002C01}"
EndProject
Global
	GlobalSection(SolutionConfigurationPlatforms) = preSolution
		Ad-Hoc|Any CPU = Ad-Hoc|Any CPU
		Ad-Hoc|ARM = Ad-Hoc|ARM
		Ad-Hoc|iPhone = Ad-Hoc|iPhone
		Ad-Hoc|iPhoneSimulator = Ad-Hoc|iPhoneSimulator
		Ad-Hoc|x64 = Ad-Hoc|x64
		Ad-Hoc|x86 = Ad-Hoc|x86
		AppStore|Any CPU = AppStore|Any CPU
		AppStore|ARM = AppStore|ARM
		AppStore|iPhone = AppStore|iPhone
		AppStore|iPhoneSimulator = AppStore|iPhoneSimulator
		AppStore|x64 = AppStore|x64
		AppStore|x86 = AppStore|x86
		Debug|Any CPU = Debug|Any CPU
		Debug|ARM = Debug|ARM
		Debug|iPhone = Debug|iPhone
		Debug|iPhoneSimulator = Debug|iPhoneSimulator
		Debug|x64 = Debug|x64
		Debug|x86 = Debug|x86
		Release|Any CPU = Release|Any CPU
		Release|ARM = Release|ARM
		Release|iPhone = Release|iPhone
		Release|iPhoneSimulator = Release|iPhoneSimulator
		Release|x64 = Release|x64
		Release|x86 = Release|x86
	EndGlobalSection
	GlobalSection(ProjectConfigurationPlatforms) = postSolution
		{5D2F669E-11DA-4006-A083-42A5FBAFC63D}.Ad-Hoc|Any CPU.ActiveCfg = Release|Any CPU
		{5D2F669E-11DA-4006-A083-42A5FBAFC63D}.Ad-Hoc|Any CPU.Build.0 = Release|Any CPU
		{5D2F669E-11DA-4006-A083-42A5FBAFC63D}.Ad-Hoc|ARM.ActiveCfg = Release|Any CPU
		{5D2F669E-11DA-4006-A083-42A5FBAFC63D}.Ad-Hoc|ARM.Build.0 = Release|Any CPU
		{5D2F669E-11DA-4006-A083-42A5FBAFC63D}.Ad-Hoc|iPhone.ActiveCfg = Release|Any CPU
		{5D2F669E-11DA-4006-A083-42A5FBAFC63D}.Ad-Hoc|iPhone.Build.0 = Release|Any CPU
		{5D2F669E-11DA-4006-A083-42A5FBAFC63D}.Ad-Hoc|iPhoneSimulator.ActiveCfg = Release|Any CPU
		{5D2F669E-11DA-4006-A083-42A5FBAFC63D}.Ad-Hoc|iPhoneSimulator.Build.0 = Release|Any CPU
		{5D2F669E-11DA-4006-A083-42A5FBAFC63D}.Ad-Hoc|x64.ActiveCfg = Release|Any CPU
		{5D2F669E-11DA-4006-A083-42A5FBAFC63D}.Ad-Hoc|x64.Build.0 = Release|Any CPU
		{5D2F669E-11DA-4006-A083-42A5FBAFC63D}.Ad-Hoc|x86.ActiveCfg = Release|Any CPU
		{5D2F669E-11DA-4006-A083-42A5FBAFC63D}.Ad-Hoc|x86.Build.0 = Release|Any CPU
		{5D2F669E-11DA-4006-A083-42A5FBAFC63D}.AppStore|Any CPU.ActiveCfg = Release|Any CPU
		{5D2F669E-11DA-4006-A083-42A5FBAFC63D}.AppStore|Any CPU.Build.0 = Release|Any CPU
		{5D2F669E-11DA-4006-A083-42A5FBAFC63D}.AppStore|ARM.ActiveCfg = Release|Any CPU
		{5D2F669E-11DA-4006-A083-42A5FBAFC63D}.AppStore|ARM.Build.0 = Release|Any CPU
		{5D2F669E-11DA-4006-A083-42A5FBAFC63D}.AppStore|iPhone.ActiveCfg = Release|Any CPU
		{5D2F669E-11DA-4006-A083-42A5FBAFC63D}.AppStore|iPhone.Build.0 = Release|Any CPU
		{5D2F669E-11DA-4006-A083-42A5FBAFC63D}.AppStore|iPhoneSimulator.ActiveCfg = Release|Any CPU
		{5D2F669E-11DA-4006-A083-42A5FBAFC63D}.AppStore|iPhoneSimulator.Build.0 = Release|Any CPU
		{5D2F669E-11DA-4006-A083-42A5FBAFC63D}.AppStore|x64.ActiveCfg = Release|Any CPU
		{5D2F669E-11DA-4006-A083-42A5FBAFC63D}.AppStore|x64.Build.0 = Release|Any CPU
		{5D2F669E-11DA-4006-A083-42A5FBAFC63D}.AppStore|x86.ActiveCfg = Release|Any CPU
		{5D2F669E-11DA-4006-A083-42A5FBAFC63D}.AppStore|x86.Build.0 = Release|Any CPU
		{5D2F669E-11DA-4006-A083-42A5FBAFC63D}.Debug|Any CPU.ActiveCfg = Debug|Any CPU
		{5D2F669E-11DA-4006-A083-42A5FBAFC63D}.Debug|Any CPU.Build.0 = Debug|Any CPU
		{5D2F669E-11DA-4006-A083-42A5FBAFC63D}.Debug|ARM.ActiveCfg = Debug|Any CPU
		{5D2F669E-11DA-4006-A083-42A5FBAFC63D}.Debug|ARM.Build.0 = Debug|Any CPU
		{5D2F669E-11DA-4006-A083-42A5FBAFC63D}.Debug|iPhone.ActiveCfg = Debug|Any CPU
		{5D2F669E-11DA-4006-A083-42A5FBAFC63D}.Debug|iPhone.Build.0 = Debug|Any CPU
		{5D2F669E-11DA-4006-A083-42A5FBAFC63D}.Debug|iPhoneSimulator.ActiveCfg = Debug|Any CPU
		{5D2F669E-11DA-4006-A083-42A5FBAFC63D}.Debug|iPhoneSimulator.Build.0 = Debug|Any CPU
		{5D2F669E-11DA-4006-A083-42A5FBAFC63D}.Debug|x64.ActiveCfg = Debug|Any CPU
		{5D2F669E-11DA-4006-A083-42A5FBAFC63D}.Debug|x64.Build.0 = Debug|Any CPU
		{5D2F669E-11DA-4006-A083-42A5FBAFC63D}.Debug|x86.ActiveCfg = Debug|Any CPU
		{5D2F669E-11DA-4006-A083-42A5FBAFC63D}.Debug|x86.Build.0 = Debug|Any CPU
		{5D2F669E-11DA-4006-A083-42A5FBAFC63D}.Release|Any CPU.ActiveCfg = Release|Any CPU
		{5D2F669E-11DA-4006-A083-42A5FBAFC63D}.Release|Any CPU.Build.0 = Release|Any CPU
		{5D2F669E-11DA-4006-A083-42A5FBAFC63D}.Release|ARM.ActiveCfg = Release|Any CPU
		{5D2F669E-11DA-4006-A083-42A5FBAFC63D}.Release|ARM.Build.0 = Release|Any CPU
		{5D2F669E-11DA-4006-A083-42A5FBAFC63D}.Release|iPhone.ActiveCfg = Release|Any CPU
		{5D2F669E-11DA-4006-A083-42A5FBAFC63D}.Release|iPhone.Build.0 = Release|Any CPU
		{5D2F669E-11DA-4006-A083-42A5FBAFC63D}.Release|iPhoneSimulator.ActiveCfg = Release|Any CPU
		{5D2F669E-11DA-4006-A083-42A5FBAFC63D}.Release|iPhoneSimulator.Build.0 = Release|Any CPU
		{5D2F669E-11DA-4006-A083-42A5FBAFC63D}.Release|x64.ActiveCfg = Release|Any CPU
		{5D2F669E-11DA-4006-A083-42A5FBAFC63D}.Release|x64.Build.0 = Release|Any CPU
		{5D2F669E-11DA-4006-A083-42A5FBAFC63D}.Release|x86.ActiveCfg = Release|Any CPU
		{5D2F669E-11DA-4006-A083-42A5FBAFC63D}.Release|x86.Build.0 = Release|Any CPU
		{C0C13B32-1FAB-4A87-B498-1B189F119A68}.Ad-Hoc|Any CPU.ActiveCfg = Release|Any CPU
		{C0C13B32-1FAB-4A87-B498-1B189F119A68}.Ad-Hoc|Any CPU.Build.0 = Release|Any CPU
		{C0C13B32-1FAB-4A87-B498-1B189F119A68}.Ad-Hoc|Any CPU.Deploy.0 = Release|Any CPU
		{C0C13B32-1FAB-4A87-B498-1B189F119A68}.Ad-Hoc|ARM.ActiveCfg = Release|Any CPU
		{C0C13B32-1FAB-4A87-B498-1B189F119A68}.Ad-Hoc|ARM.Build.0 = Release|Any CPU
		{C0C13B32-1FAB-4A87-B498-1B189F119A68}.Ad-Hoc|ARM.Deploy.0 = Release|Any CPU
		{C0C13B32-1FAB-4A87-B498-1B189F119A68}.Ad-Hoc|iPhone.ActiveCfg = Release|Any CPU
		{C0C13B32-1FAB-4A87-B498-1B189F119A68}.Ad-Hoc|iPhone.Build.0 = Release|Any CPU
		{C0C13B32-1FAB-4A87-B498-1B189F119A68}.Ad-Hoc|iPhone.Deploy.0 = Release|Any CPU
		{C0C13B32-1FAB-4A87-B498-1B189F119A68}.Ad-Hoc|iPhoneSimulator.ActiveCfg = Release|Any CPU
		{C0C13B32-1FAB-4A87-B498-1B189F119A68}.Ad-Hoc|iPhoneSimulator.Build.0 = Release|Any CPU
		{C0C13B32-1FAB-4A87-B498-1B189F119A68}.Ad-Hoc|iPhoneSimulator.Deploy.0 = Release|Any CPU
		{C0C13B32-1FAB-4A87-B498-1B189F119A68}.Ad-Hoc|x64.ActiveCfg = Release|Any CPU
		{C0C13B32-1FAB-4A87-B498-1B189F119A68}.Ad-Hoc|x64.Build.0 = Release|Any CPU
		{C0C13B32-1FAB-4A87-B498-1B189F119A68}.Ad-Hoc|x64.Deploy.0 = Release|Any CPU
		{C0C13B32-1FAB-4A87-B498-1B189F119A68}.Ad-Hoc|x86.ActiveCfg = Release|Any CPU
		{C0C13B32-1FAB-4A87-B498-1B189F119A68}.Ad-Hoc|x86.Build.0 = Release|Any CPU
		{C0C13B32-1FAB-4A87-B498-1B189F119A68}.Ad-Hoc|x86.Deploy.0 = Release|Any CPU
		{C0C13B32-1FAB-4A87-B498-1B189F119A68}.AppStore|Any CPU.ActiveCfg = Release|Any CPU
		{C0C13B32-1FAB-4A87-B498-1B189F119A68}.AppStore|Any CPU.Build.0 = Release|Any CPU
		{C0C13B32-1FAB-4A87-B498-1B189F119A68}.AppStore|Any CPU.Deploy.0 = Release|Any CPU
		{C0C13B32-1FAB-4A87-B498-1B189F119A68}.AppStore|ARM.ActiveCfg = Release|Any CPU
		{C0C13B32-1FAB-4A87-B498-1B189F119A68}.AppStore|ARM.Build.0 = Release|Any CPU
		{C0C13B32-1FAB-4A87-B498-1B189F119A68}.AppStore|ARM.Deploy.0 = Release|Any CPU
		{C0C13B32-1FAB-4A87-B498-1B189F119A68}.AppStore|iPhone.ActiveCfg = Release|Any CPU
		{C0C13B32-1FAB-4A87-B498-1B189F119A68}.AppStore|iPhone.Build.0 = Release|Any CPU
		{C0C13B32-1FAB-4A87-B498-1B189F119A68}.AppStore|iPhone.Deploy.0 = Release|Any CPU
		{C0C13B32-1FAB-4A87-B498-1B189F119A68}.AppStore|iPhoneSimulator.ActiveCfg = Release|Any CPU
		{C0C13B32-1FAB-4A87-B498-1B189F119A68}.AppStore|iPhoneSimulator.Build.0 = Release|Any CPU
		{C0C13B32-1FAB-4A87-B498-1B189F119A68}.AppStore|iPhoneSimulator.Deploy.0 = Release|Any CPU
		{C0C13B32-1FAB-4A87-B498-1B189F119A68}.AppStore|x64.ActiveCfg = Release|Any CPU
		{C0C13B32-1FAB-4A87-B498-1B189F119A68}.AppStore|x64.Build.0 = Release|Any CPU
		{C0C13B32-1FAB-4A87-B498-1B189F119A68}.AppStore|x64.Deploy.0 = Release|Any CPU
		{C0C13B32-1FAB-4A87-B498-1B189F119A68}.AppStore|x86.ActiveCfg = Release|Any CPU
		{C0C13B32-1FAB-4A87-B498-1B189F119A68}.AppStore|x86.Build.0 = Release|Any CPU
		{C0C13B32-1FAB-4A87-B498-1B189F119A68}.AppStore|x86.Deploy.0 = Release|Any CPU
		{C0C13B32-1FAB-4A87-B498-1B189F119A68}.Debug|Any CPU.ActiveCfg = Debug|Any CPU
		{C0C13B32-1FAB-4A87-B498-1B189F119A68}.Debug|Any CPU.Build.0 = Debug|Any CPU
		{C0C13B32-1FAB-4A87-B498-1B189F119A68}.Debug|Any CPU.Deploy.0 = Debug|Any CPU
		{C0C13B32-1FAB-4A87-B498-1B189F119A68}.Debug|ARM.ActiveCfg = Debug|Any CPU
		{C0C13B32-1FAB-4A87-B498-1B189F119A68}.Debug|ARM.Build.0 = Debug|Any CPU
		{C0C13B32-1FAB-4A87-B498-1B189F119A68}.Debug|ARM.Deploy.0 = Debug|Any CPU
		{C0C13B32-1FAB-4A87-B498-1B189F119A68}.Debug|iPhone.ActiveCfg = Debug|Any CPU
		{C0C13B32-1FAB-4A87-B498-1B189F119A68}.Debug|iPhone.Build.0 = Debug|Any CPU
		{C0C13B32-1FAB-4A87-B498-1B189F119A68}.Debug|iPhone.Deploy.0 = Debug|Any CPU
		{C0C13B32-1FAB-4A87-B498-1B189F119A68}.Debug|iPhoneSimulator.ActiveCfg = Debug|Any CPU
		{C0C13B32-1FAB-4A87-B498-1B189F119A68}.Debug|iPhoneSimulator.Build.0 = Debug|Any CPU
		{C0C13B32-1FAB-4A87-B498-1B189F119A68}.Debug|iPhoneSimulator.Deploy.0 = Debug|Any CPU
		{C0C13B32-1FAB-4A87-B498-1B189F119A68}.Debug|x64.ActiveCfg = Debug|Any CPU
		{C0C13B32-1FAB-4A87-B498-1B189F119A68}.Debug|x64.Build.0 = Debug|Any CPU
		{C0C13B32-1FAB-4A87-B498-1B189F119A68}.Debug|x64.Deploy.0 = Debug|Any CPU
		{C0C13B32-1FAB-4A87-B498-1B189F119A68}.Debug|x86.ActiveCfg = Debug|Any CPU
		{C0C13B32-1FAB-4A87-B498-1B189F119A68}.Debug|x86.Build.0 = Debug|Any CPU
		{C0C13B32-1FAB-4A87-B498-1B189F119A68}.Debug|x86.Deploy.0 = Debug|Any CPU
		{C0C13B32-1FAB-4A87-B498-1B189F119A68}.Release|Any CPU.ActiveCfg = Release|Any CPU
		{C0C13B32-1FAB-4A87-B498-1B189F119A68}.Release|Any CPU.Build.0 = Release|Any CPU
		{C0C13B32-1FAB-4A87-B498-1B189F119A68}.Release|Any CPU.Deploy.0 = Release|Any CPU
		{C0C13B32-1FAB-4A87-B498-1B189F119A68}.Release|ARM.ActiveCfg = Release|Any CPU
		{C0C13B32-1FAB-4A87-B498-1B189F119A68}.Release|ARM.Build.0 = Release|Any CPU
		{C0C13B32-1FAB-4A87-B498-1B189F119A68}.Release|ARM.Deploy.0 = Release|Any CPU
		{C0C13B32-1FAB-4A87-B498-1B189F119A68}.Release|iPhone.ActiveCfg = Release|Any CPU
		{C0C13B32-1FAB-4A87-B498-1B189F119A68}.Release|iPhone.Build.0 = Release|Any CPU
		{C0C13B32-1FAB-4A87-B498-1B189F119A68}.Release|iPhone.Deploy.0 = Release|Any CPU
		{C0C13B32-1FAB-4A87-B498-1B189F119A68}.Release|iPhoneSimulator.ActiveCfg = Release|Any CPU
		{C0C13B32-1FAB-4A87-B498-1B189F119A68}.Release|iPhoneSimulator.Build.0 = Release|Any CPU
		{C0C13B32-1FAB-4A87-B498-1B189F119A68}.Release|iPhoneSimulator.Deploy.0 = Release|Any CPU
		{C0C13B32-1FAB-4A87-B498-1B189F119A68}.Release|x64.ActiveCfg = Release|Any CPU
		{C0C13B32-1FAB-4A87-B498-1B189F119A68}.Release|x64.Build.0 = Release|Any CPU
		{C0C13B32-1FAB-4A87-B498-1B189F119A68}.Release|x64.Deploy.0 = Release|Any CPU
		{C0C13B32-1FAB-4A87-B498-1B189F119A68}.Release|x86.ActiveCfg = Release|Any CPU
		{C0C13B32-1FAB-4A87-B498-1B189F119A68}.Release|x86.Build.0 = Release|Any CPU
		{C0C13B32-1FAB-4A87-B498-1B189F119A68}.Release|x86.Deploy.0 = Release|Any CPU
		{F56E61F3-7D37-4BC6-937C-F5C1C2E9CBF5}.Ad-Hoc|Any CPU.ActiveCfg = Ad-Hoc|iPhone
		{F56E61F3-7D37-4BC6-937C-F5C1C2E9CBF5}.Ad-Hoc|ARM.ActiveCfg = Ad-Hoc|iPhone
		{F56E61F3-7D37-4BC6-937C-F5C1C2E9CBF5}.Ad-Hoc|iPhone.ActiveCfg = Ad-Hoc|iPhone
		{F56E61F3-7D37-4BC6-937C-F5C1C2E9CBF5}.Ad-Hoc|iPhone.Build.0 = Ad-Hoc|iPhone
		{F56E61F3-7D37-4BC6-937C-F5C1C2E9CBF5}.Ad-Hoc|iPhoneSimulator.ActiveCfg = Ad-Hoc|iPhoneSimulator
		{F56E61F3-7D37-4BC6-937C-F5C1C2E9CBF5}.Ad-Hoc|iPhoneSimulator.Build.0 = Ad-Hoc|iPhoneSimulator
		{F56E61F3-7D37-4BC6-937C-F5C1C2E9CBF5}.Ad-Hoc|x64.ActiveCfg = Ad-Hoc|iPhone
		{F56E61F3-7D37-4BC6-937C-F5C1C2E9CBF5}.Ad-Hoc|x86.ActiveCfg = Ad-Hoc|iPhone
		{F56E61F3-7D37-4BC6-937C-F5C1C2E9CBF5}.AppStore|Any CPU.ActiveCfg = AppStore|iPhone
		{F56E61F3-7D37-4BC6-937C-F5C1C2E9CBF5}.AppStore|ARM.ActiveCfg = AppStore|iPhone
		{F56E61F3-7D37-4BC6-937C-F5C1C2E9CBF5}.AppStore|iPhone.ActiveCfg = AppStore|iPhone
		{F56E61F3-7D37-4BC6-937C-F5C1C2E9CBF5}.AppStore|iPhone.Build.0 = AppStore|iPhone
		{F56E61F3-7D37-4BC6-937C-F5C1C2E9CBF5}.AppStore|iPhoneSimulator.ActiveCfg = AppStore|iPhoneSimulator
		{F56E61F3-7D37-4BC6-937C-F5C1C2E9CBF5}.AppStore|iPhoneSimulator.Build.0 = AppStore|iPhoneSimulator
		{F56E61F3-7D37-4BC6-937C-F5C1C2E9CBF5}.AppStore|x64.ActiveCfg = AppStore|iPhone
		{F56E61F3-7D37-4BC6-937C-F5C1C2E9CBF5}.AppStore|x86.ActiveCfg = AppStore|iPhone
		{F56E61F3-7D37-4BC6-937C-F5C1C2E9CBF5}.Debug|Any CPU.ActiveCfg = Debug|iPhone
		{F56E61F3-7D37-4BC6-937C-F5C1C2E9CBF5}.Debug|ARM.ActiveCfg = Debug|iPhone
		{F56E61F3-7D37-4BC6-937C-F5C1C2E9CBF5}.Debug|iPhone.ActiveCfg = Debug|iPhone
		{F56E61F3-7D37-4BC6-937C-F5C1C2E9CBF5}.Debug|iPhone.Build.0 = Debug|iPhone
		{F56E61F3-7D37-4BC6-937C-F5C1C2E9CBF5}.Debug|iPhoneSimulator.ActiveCfg = Debug|iPhoneSimulator
		{F56E61F3-7D37-4BC6-937C-F5C1C2E9CBF5}.Debug|iPhoneSimulator.Build.0 = Debug|iPhoneSimulator
		{F56E61F3-7D37-4BC6-937C-F5C1C2E9CBF5}.Debug|x64.ActiveCfg = Debug|iPhone
		{F56E61F3-7D37-4BC6-937C-F5C1C2E9CBF5}.Debug|x86.ActiveCfg = Debug|iPhone
		{F56E61F3-7D37-4BC6-937C-F5C1C2E9CBF5}.Release|Any CPU.ActiveCfg = Release|iPhone
		{F56E61F3-7D37-4BC6-937C-F5C1C2E9CBF5}.Release|ARM.ActiveCfg = Release|iPhone
		{F56E61F3-7D37-4BC6-937C-F5C1C2E9CBF5}.Release|iPhone.ActiveCfg = Release|iPhone
		{F56E61F3-7D37-4BC6-937C-F5C1C2E9CBF5}.Release|iPhone.Build.0 = Release|iPhone
		{F56E61F3-7D37-4BC6-937C-F5C1C2E9CBF5}.Release|iPhoneSimulator.ActiveCfg = Release|iPhoneSimulator
		{F56E61F3-7D37-4BC6-937C-F5C1C2E9CBF5}.Release|iPhoneSimulator.Build.0 = Release|iPhoneSimulator
		{F56E61F3-7D37-4BC6-937C-F5C1C2E9CBF5}.Release|x64.ActiveCfg = Release|iPhone
		{F56E61F3-7D37-4BC6-937C-F5C1C2E9CBF5}.Release|x86.ActiveCfg = Release|iPhone
		{0B58A1AA-996B-49B6-B3AA-0039A383337C}.Ad-Hoc|Any CPU.ActiveCfg = Release|Any CPU
		{0B58A1AA-996B-49B6-B3AA-0039A383337C}.Ad-Hoc|Any CPU.Build.0 = Release|Any CPU
		{0B58A1AA-996B-49B6-B3AA-0039A383337C}.Ad-Hoc|Any CPU.Deploy.0 = Release|Any CPU
		{0B58A1AA-996B-49B6-B3AA-0039A383337C}.Ad-Hoc|ARM.ActiveCfg = Release|ARM
		{0B58A1AA-996B-49B6-B3AA-0039A383337C}.Ad-Hoc|ARM.Build.0 = Release|ARM
		{0B58A1AA-996B-49B6-B3AA-0039A383337C}.Ad-Hoc|ARM.Deploy.0 = Release|ARM
		{0B58A1AA-996B-49B6-B3AA-0039A383337C}.Ad-Hoc|iPhone.ActiveCfg = Release|Any CPU
		{0B58A1AA-996B-49B6-B3AA-0039A383337C}.Ad-Hoc|iPhone.Build.0 = Release|Any CPU
		{0B58A1AA-996B-49B6-B3AA-0039A383337C}.Ad-Hoc|iPhone.Deploy.0 = Release|Any CPU
		{0B58A1AA-996B-49B6-B3AA-0039A383337C}.Ad-Hoc|iPhoneSimulator.ActiveCfg = Release|Any CPU
		{0B58A1AA-996B-49B6-B3AA-0039A383337C}.Ad-Hoc|iPhoneSimulator.Build.0 = Release|Any CPU
		{0B58A1AA-996B-49B6-B3AA-0039A383337C}.Ad-Hoc|iPhoneSimulator.Deploy.0 = Release|Any CPU
		{0B58A1AA-996B-49B6-B3AA-0039A383337C}.Ad-Hoc|x64.ActiveCfg = Release|Any CPU
		{0B58A1AA-996B-49B6-B3AA-0039A383337C}.Ad-Hoc|x64.Build.0 = Release|Any CPU
		{0B58A1AA-996B-49B6-B3AA-0039A383337C}.Ad-Hoc|x64.Deploy.0 = Release|Any CPU
		{0B58A1AA-996B-49B6-B3AA-0039A383337C}.Ad-Hoc|x86.ActiveCfg = Release|x86
		{0B58A1AA-996B-49B6-B3AA-0039A383337C}.Ad-Hoc|x86.Build.0 = Release|x86
		{0B58A1AA-996B-49B6-B3AA-0039A383337C}.Ad-Hoc|x86.Deploy.0 = Release|x86
		{0B58A1AA-996B-49B6-B3AA-0039A383337C}.AppStore|Any CPU.ActiveCfg = Release|Any CPU
		{0B58A1AA-996B-49B6-B3AA-0039A383337C}.AppStore|Any CPU.Build.0 = Release|Any CPU
		{0B58A1AA-996B-49B6-B3AA-0039A383337C}.AppStore|Any CPU.Deploy.0 = Release|Any CPU
		{0B58A1AA-996B-49B6-B3AA-0039A383337C}.AppStore|ARM.ActiveCfg = Release|ARM
		{0B58A1AA-996B-49B6-B3AA-0039A383337C}.AppStore|ARM.Build.0 = Release|ARM
		{0B58A1AA-996B-49B6-B3AA-0039A383337C}.AppStore|ARM.Deploy.0 = Release|ARM
		{0B58A1AA-996B-49B6-B3AA-0039A383337C}.AppStore|iPhone.ActiveCfg = Release|Any CPU
		{0B58A1AA-996B-49B6-B3AA-0039A383337C}.AppStore|iPhone.Build.0 = Release|Any CPU
		{0B58A1AA-996B-49B6-B3AA-0039A383337C}.AppStore|iPhone.Deploy.0 = Release|Any CPU
		{0B58A1AA-996B-49B6-B3AA-0039A383337C}.AppStore|iPhoneSimulator.ActiveCfg = Release|Any CPU
		{0B58A1AA-996B-49B6-B3AA-0039A383337C}.AppStore|iPhoneSimulator.Build.0 = Release|Any CPU
		{0B58A1AA-996B-49B6-B3AA-0039A383337C}.AppStore|iPhoneSimulator.Deploy.0 = Release|Any CPU
		{0B58A1AA-996B-49B6-B3AA-0039A383337C}.AppStore|x64.ActiveCfg = Release|Any CPU
		{0B58A1AA-996B-49B6-B3AA-0039A383337C}.AppStore|x64.Build.0 = Release|Any CPU
		{0B58A1AA-996B-49B6-B3AA-0039A383337C}.AppStore|x64.Deploy.0 = Release|Any CPU
		{0B58A1AA-996B-49B6-B3AA-0039A383337C}.AppStore|x86.ActiveCfg = Release|x86
		{0B58A1AA-996B-49B6-B3AA-0039A383337C}.AppStore|x86.Build.0 = Release|x86
		{0B58A1AA-996B-49B6-B3AA-0039A383337C}.AppStore|x86.Deploy.0 = Release|x86
		{0B58A1AA-996B-49B6-B3AA-0039A383337C}.Debug|Any CPU.ActiveCfg = Debug|Any CPU
		{0B58A1AA-996B-49B6-B3AA-0039A383337C}.Debug|Any CPU.Build.0 = Debug|Any CPU
		{0B58A1AA-996B-49B6-B3AA-0039A383337C}.Debug|Any CPU.Deploy.0 = Debug|Any CPU
		{0B58A1AA-996B-49B6-B3AA-0039A383337C}.Debug|ARM.ActiveCfg = Debug|ARM
		{0B58A1AA-996B-49B6-B3AA-0039A383337C}.Debug|ARM.Build.0 = Debug|ARM
		{0B58A1AA-996B-49B6-B3AA-0039A383337C}.Debug|ARM.Deploy.0 = Debug|ARM
		{0B58A1AA-996B-49B6-B3AA-0039A383337C}.Debug|iPhone.ActiveCfg = Debug|Any CPU
		{0B58A1AA-996B-49B6-B3AA-0039A383337C}.Debug|iPhone.Build.0 = Debug|Any CPU
		{0B58A1AA-996B-49B6-B3AA-0039A383337C}.Debug|iPhone.Deploy.0 = Debug|Any CPU
		{0B58A1AA-996B-49B6-B3AA-0039A383337C}.Debug|iPhoneSimulator.ActiveCfg = Debug|Any CPU
		{0B58A1AA-996B-49B6-B3AA-0039A383337C}.Debug|iPhoneSimulator.Build.0 = Debug|Any CPU
		{0B58A1AA-996B-49B6-B3AA-0039A383337C}.Debug|iPhoneSimulator.Deploy.0 = Debug|Any CPU
		{0B58A1AA-996B-49B6-B3AA-0039A383337C}.Debug|x64.ActiveCfg = Debug|Any CPU
		{0B58A1AA-996B-49B6-B3AA-0039A383337C}.Debug|x64.Build.0 = Debug|Any CPU
		{0B58A1AA-996B-49B6-B3AA-0039A383337C}.Debug|x64.Deploy.0 = Debug|Any CPU
		{0B58A1AA-996B-49B6-B3AA-0039A383337C}.Debug|x86.ActiveCfg = Debug|x86
		{0B58A1AA-996B-49B6-B3AA-0039A383337C}.Debug|x86.Build.0 = Debug|x86
		{0B58A1AA-996B-49B6-B3AA-0039A383337C}.Debug|x86.Deploy.0 = Debug|x86
		{0B58A1AA-996B-49B6-B3AA-0039A383337C}.Release|Any CPU.ActiveCfg = Release|Any CPU
		{0B58A1AA-996B-49B6-B3AA-0039A383337C}.Release|Any CPU.Build.0 = Release|Any CPU
		{0B58A1AA-996B-49B6-B3AA-0039A383337C}.Release|Any CPU.Deploy.0 = Release|Any CPU
		{0B58A1AA-996B-49B6-B3AA-0039A383337C}.Release|ARM.ActiveCfg = Release|ARM
		{0B58A1AA-996B-49B6-B3AA-0039A383337C}.Release|ARM.Build.0 = Release|ARM
		{0B58A1AA-996B-49B6-B3AA-0039A383337C}.Release|ARM.Deploy.0 = Release|ARM
		{0B58A1AA-996B-49B6-B3AA-0039A383337C}.Release|iPhone.ActiveCfg = Release|Any CPU
		{0B58A1AA-996B-49B6-B3AA-0039A383337C}.Release|iPhone.Build.0 = Release|Any CPU
		{0B58A1AA-996B-49B6-B3AA-0039A383337C}.Release|iPhone.Deploy.0 = Release|Any CPU
		{0B58A1AA-996B-49B6-B3AA-0039A383337C}.Release|iPhoneSimulator.ActiveCfg = Release|Any CPU
		{0B58A1AA-996B-49B6-B3AA-0039A383337C}.Release|iPhoneSimulator.Build.0 = Release|Any CPU
		{0B58A1AA-996B-49B6-B3AA-0039A383337C}.Release|iPhoneSimulator.Deploy.0 = Release|Any CPU
		{0B58A1AA-996B-49B6-B3AA-0039A383337C}.Release|x64.ActiveCfg = Release|Any CPU
		{0B58A1AA-996B-49B6-B3AA-0039A383337C}.Release|x64.Build.0 = Release|Any CPU
		{0B58A1AA-996B-49B6-B3AA-0039A383337C}.Release|x64.Deploy.0 = Release|Any CPU
		{0B58A1AA-996B-49B6-B3AA-0039A383337C}.Release|x86.ActiveCfg = Release|x86
		{0B58A1AA-996B-49B6-B3AA-0039A383337C}.Release|x86.Build.0 = Release|x86
		{0B58A1AA-996B-49B6-B3AA-0039A383337C}.Release|x86.Deploy.0 = Release|x86
		{D70E0A41-14F2-4002-B6C7-9B4CE7002C01}.Ad-Hoc|Any CPU.ActiveCfg = Release|Any CPU
		{D70E0A41-14F2-4002-B6C7-9B4CE7002C01}.Ad-Hoc|Any CPU.Build.0 = Release|Any CPU
		{D70E0A41-14F2-4002-B6C7-9B4CE7002C01}.Ad-Hoc|Any CPU.Deploy.0 = Release|Any CPU
		{D70E0A41-14F2-4002-B6C7-9B4CE7002C01}.Ad-Hoc|ARM.ActiveCfg = Release|ARM
		{D70E0A41-14F2-4002-B6C7-9B4CE7002C01}.Ad-Hoc|ARM.Build.0 = Release|ARM
		{D70E0A41-14F2-4002-B6C7-9B4CE7002C01}.Ad-Hoc|ARM.Deploy.0 = Release|ARM
		{D70E0A41-14F2-4002-B6C7-9B4CE7002C01}.Ad-Hoc|iPhone.ActiveCfg = Release|Any CPU
		{D70E0A41-14F2-4002-B6C7-9B4CE7002C01}.Ad-Hoc|iPhone.Build.0 = Release|Any CPU
		{D70E0A41-14F2-4002-B6C7-9B4CE7002C01}.Ad-Hoc|iPhone.Deploy.0 = Release|Any CPU
		{D70E0A41-14F2-4002-B6C7-9B4CE7002C01}.Ad-Hoc|iPhoneSimulator.ActiveCfg = Release|Any CPU
		{D70E0A41-14F2-4002-B6C7-9B4CE7002C01}.Ad-Hoc|iPhoneSimulator.Build.0 = Release|Any CPU
		{D70E0A41-14F2-4002-B6C7-9B4CE7002C01}.Ad-Hoc|iPhoneSimulator.Deploy.0 = Release|Any CPU
		{D70E0A41-14F2-4002-B6C7-9B4CE7002C01}.Ad-Hoc|x64.ActiveCfg = Release|x64
		{D70E0A41-14F2-4002-B6C7-9B4CE7002C01}.Ad-Hoc|x64.Build.0 = Release|x64
		{D70E0A41-14F2-4002-B6C7-9B4CE7002C01}.Ad-Hoc|x64.Deploy.0 = Release|x64
		{D70E0A41-14F2-4002-B6C7-9B4CE7002C01}.Ad-Hoc|x86.ActiveCfg = Release|x86
		{D70E0A41-14F2-4002-B6C7-9B4CE7002C01}.Ad-Hoc|x86.Build.0 = Release|x86
		{D70E0A41-14F2-4002-B6C7-9B4CE7002C01}.Ad-Hoc|x86.Deploy.0 = Release|x86
		{D70E0A41-14F2-4002-B6C7-9B4CE7002C01}.AppStore|Any CPU.ActiveCfg = Release|Any CPU
		{D70E0A41-14F2-4002-B6C7-9B4CE7002C01}.AppStore|Any CPU.Build.0 = Release|Any CPU
		{D70E0A41-14F2-4002-B6C7-9B4CE7002C01}.AppStore|Any CPU.Deploy.0 = Release|Any CPU
		{D70E0A41-14F2-4002-B6C7-9B4CE7002C01}.AppStore|ARM.ActiveCfg = Release|ARM
		{D70E0A41-14F2-4002-B6C7-9B4CE7002C01}.AppStore|ARM.Build.0 = Release|ARM
		{D70E0A41-14F2-4002-B6C7-9B4CE7002C01}.AppStore|ARM.Deploy.0 = Release|ARM
		{D70E0A41-14F2-4002-B6C7-9B4CE7002C01}.AppStore|iPhone.ActiveCfg = Release|Any CPU
		{D70E0A41-14F2-4002-B6C7-9B4CE7002C01}.AppStore|iPhone.Build.0 = Release|Any CPU
		{D70E0A41-14F2-4002-B6C7-9B4CE7002C01}.AppStore|iPhone.Deploy.0 = Release|Any CPU
		{D70E0A41-14F2-4002-B6C7-9B4CE7002C01}.AppStore|iPhoneSimulator.ActiveCfg = Release|Any CPU
		{D70E0A41-14F2-4002-B6C7-9B4CE7002C01}.AppStore|iPhoneSimulator.Build.0 = Release|Any CPU
		{D70E0A41-14F2-4002-B6C7-9B4CE7002C01}.AppStore|iPhoneSimulator.Deploy.0 = Release|Any CPU
		{D70E0A41-14F2-4002-B6C7-9B4CE7002C01}.AppStore|x64.ActiveCfg = Release|x64
		{D70E0A41-14F2-4002-B6C7-9B4CE7002C01}.AppStore|x64.Build.0 = Release|x64
		{D70E0A41-14F2-4002-B6C7-9B4CE7002C01}.AppStore|x64.Deploy.0 = Release|x64
		{D70E0A41-14F2-4002-B6C7-9B4CE7002C01}.AppStore|x86.ActiveCfg = Release|x86
		{D70E0A41-14F2-4002-B6C7-9B4CE7002C01}.AppStore|x86.Build.0 = Release|x86
		{D70E0A41-14F2-4002-B6C7-9B4CE7002C01}.AppStore|x86.Deploy.0 = Release|x86
		{D70E0A41-14F2-4002-B6C7-9B4CE7002C01}.Debug|Any CPU.ActiveCfg = Debug|Any CPU
		{D70E0A41-14F2-4002-B6C7-9B4CE7002C01}.Debug|Any CPU.Build.0 = Debug|Any CPU
		{D70E0A41-14F2-4002-B6C7-9B4CE7002C01}.Debug|Any CPU.Deploy.0 = Debug|Any CPU
		{D70E0A41-14F2-4002-B6C7-9B4CE7002C01}.Debug|ARM.ActiveCfg = Debug|ARM
		{D70E0A41-14F2-4002-B6C7-9B4CE7002C01}.Debug|ARM.Build.0 = Debug|ARM
		{D70E0A41-14F2-4002-B6C7-9B4CE7002C01}.Debug|ARM.Deploy.0 = Debug|ARM
		{D70E0A41-14F2-4002-B6C7-9B4CE7002C01}.Debug|iPhone.ActiveCfg = Debug|Any CPU
		{D70E0A41-14F2-4002-B6C7-9B4CE7002C01}.Debug|iPhone.Build.0 = Debug|Any CPU
		{D70E0A41-14F2-4002-B6C7-9B4CE7002C01}.Debug|iPhone.Deploy.0 = Debug|Any CPU
		{D70E0A41-14F2-4002-B6C7-9B4CE7002C01}.Debug|iPhoneSimulator.ActiveCfg = Debug|Any CPU
		{D70E0A41-14F2-4002-B6C7-9B4CE7002C01}.Debug|iPhoneSimulator.Build.0 = Debug|Any CPU
		{D70E0A41-14F2-4002-B6C7-9B4CE7002C01}.Debug|iPhoneSimulator.Deploy.0 = Debug|Any CPU
		{D70E0A41-14F2-4002-B6C7-9B4CE7002C01}.Debug|x64.ActiveCfg = Debug|x64
		{D70E0A41-14F2-4002-B6C7-9B4CE7002C01}.Debug|x64.Build.0 = Debug|x64
		{D70E0A41-14F2-4002-B6C7-9B4CE7002C01}.Debug|x64.Deploy.0 = Debug|x64
		{D70E0A41-14F2-4002-B6C7-9B4CE7002C01}.Debug|x86.ActiveCfg = Debug|x86
		{D70E0A41-14F2-4002-B6C7-9B4CE7002C01}.Debug|x86.Build.0 = Debug|x86
		{D70E0A41-14F2-4002-B6C7-9B4CE7002C01}.Debug|x86.Deploy.0 = Debug|x86
		{D70E0A41-14F2-4002-B6C7-9B4CE7002C01}.Release|Any CPU.ActiveCfg = Release|Any CPU
		{D70E0A41-14F2-4002-B6C7-9B4CE7002C01}.Release|Any CPU.Build.0 = Release|Any CPU
		{D70E0A41-14F2-4002-B6C7-9B4CE7002C01}.Release|Any CPU.Deploy.0 = Release|Any CPU
		{D70E0A41-14F2-4002-B6C7-9B4CE7002C01}.Release|ARM.ActiveCfg = Release|ARM
		{D70E0A41-14F2-4002-B6C7-9B4CE7002C01}.Release|ARM.Build.0 = Release|ARM
		{D70E0A41-14F2-4002-B6C7-9B4CE7002C01}.Release|ARM.Deploy.0 = Release|ARM
		{D70E0A41-14F2-4002-B6C7-9B4CE7002C01}.Release|iPhone.ActiveCfg = Release|Any CPU
		{D70E0A41-14F2-4002-B6C7-9B4CE7002C01}.Release|iPhone.Build.0 = Release|Any CPU
		{D70E0A41-14F2-4002-B6C7-9B4CE7002C01}.Release|iPhone.Deploy.0 = Release|Any CPU
		{D70E0A41-14F2-4002-B6C7-9B4CE7002C01}.Release|iPhoneSimulator.ActiveCfg = Release|Any CPU
		{D70E0A41-14F2-4002-B6C7-9B4CE7002C01}.Release|iPhoneSimulator.Build.0 = Release|Any CPU
		{D70E0A41-14F2-4002-B6C7-9B4CE7002C01}.Release|iPhoneSimulator.Deploy.0 = Release|Any CPU
		{D70E0A41-14F2-4002-B6C7-9B4CE7002C01}.Release|x64.ActiveCfg = Release|x64
		{D70E0A41-14F2-4002-B6C7-9B4CE7002C01}.Release|x64.Build.0 = Release|x64
		{D70E0A41-14F2-4002-B6C7-9B4CE7002C01}.Release|x64.Deploy.0 = Release|x64
		{D70E0A41-14F2-4002-B6C7-9B4CE7002C01}.Release|x86.ActiveCfg = Release|x86
		{D70E0A41-14F2-4002-B6C7-9B4CE7002C01}.Release|x86.Build.0 = Release|x86
		{D70E0A41-14F2-4002-B6C7-9B4CE7002C01}.Release|x86.Deploy.0 = Release|x86
	EndGlobalSection
	GlobalSection(SolutionProperties) = preSolution
		HideSolutionNode = FALSE
	EndGlobalSection
EndGlobal
